{
  "pins" : [
    {
      "identity" : "pactswiftmockserverxcframework",
      "kind" : "remoteSourceControl",
      "location" : "https://github.com/surpher/PactSwiftMockServerXCFramework.git",
      "state" : {
        "revision" : "669e8918d89ff9af4346b41366479c574802a748",
        "version" : "1.0.3"
      }
    }
  ],
  "version" : 2
}
