// !$*UTF8*$!
{
	archiveVersion = 1;
	classes = {
	};
	objectVersion = 50;
	objects = {

/* Begin PBXBuildFile section */
		AD1035B02445710B002C97CA /* MockServer+Extension.swift in Sources */ = {isa = PBXBuildFile; fileRef = AD1035AF2445710B002C97CA /* MockServer+Extension.swift */; };
		AD1035B224458239002C97CA /* MockServerError.swift in Sources */ = {isa = PBXBuildFile; fileRef = AD1035B124458239002C97CA /* MockServerError.swift */; };
		AD1035B424458909002C97CA /* VerificationError.swift in Sources */ = {isa = PBXBuildFile; fileRef = AD1035B324458909002C97CA /* VerificationError.swift */; };
		AD22CEDB24440C5F0089C951 /* pact_mock_server.h in Headers */ = {isa = PBXBuildFile; fileRef = AD22CEDA24440C5F0089C951 /* pact_mock_server.h */; settings = {ATTRIBUTES = (Public, ); }; };
		AD2377BF24442DB6003C4C4E /* libpact_mock_server.a in Frameworks */ = {isa = PBXBuildFile; fileRef = AD2377BE24442DB6003C4C4E /* libpact_mock_server.a */; };
		ADAC3D16244282980078CCC7 /* PactSwiftServices.framework in Frameworks */ = {isa = PBXBuildFile; fileRef = ADAC3D0C244282980078CCC7 /* PactSwiftServices.framework */; };
		ADAC3D1B244282980078CCC7 /* MockServerTests.swift in Sources */ = {isa = PBXBuildFile; fileRef = ADAC3D1A244282980078CCC7 /* MockServerTests.swift */; };
		ADAC3D3A244286D30078CCC7 /* MockServer.swift in Sources */ = {isa = PBXBuildFile; fileRef = ADAC3D39244286D30078CCC7 /* MockServer.swift */; };
		ADD735192446D90A00B23B21 /* pact_swift_services-bridging_header.h in Headers */ = {isa = PBXBuildFile; fileRef = AD2377B724441808003C4C4E /* pact_swift_services-bridging_header.h */; settings = {ATTRIBUTES = (Public, ); }; };
		ADDE4709244D82FA00E4F7EE /* ValidationErrorHandler.swift in Sources */ = {isa = PBXBuildFile; fileRef = ADDE4708244D82FA00E4F7EE /* ValidationErrorHandler.swift */; };
/* End PBXBuildFile section */

/* Begin PBXContainerItemProxy section */
		ADAC3D17244282980078CCC7 /* PBXContainerItemProxy */ = {
			isa = PBXContainerItemProxy;
			containerPortal = ADAC3D03244282980078CCC7 /* Project object */;
			proxyType = 1;
			remoteGlobalIDString = ADAC3D0B244282980078CCC7;
			remoteInfo = PactServices;
		};
/* End PBXContainerItemProxy section */

/* Begin PBXFileReference section */
		AD1035AF2445710B002C97CA /* MockServer+Extension.swift */ = {isa = PBXFileReference; lastKnownFileType = sourcecode.swift; path = "MockServer+Extension.swift"; sourceTree = "<group>"; };
		AD1035B124458239002C97CA /* MockServerError.swift */ = {isa = PBXFileReference; lastKnownFileType = sourcecode.swift; path = MockServerError.swift; sourceTree = "<group>"; };
		AD1035B324458909002C97CA /* VerificationError.swift */ = {isa = PBXFileReference; lastKnownFileType = sourcecode.swift; path = VerificationError.swift; sourceTree = "<group>"; };
		AD22CEDA24440C5F0089C951 /* pact_mock_server.h */ = {isa = PBXFileReference; fileEncoding = 4; lastKnownFileType = sourcecode.c.h; path = pact_mock_server.h; sourceTree = "<group>"; };
		AD2377B724441808003C4C4E /* pact_swift_services-bridging_header.h */ = {isa = PBXFileReference; lastKnownFileType = sourcecode.c.h; path = "pact_swift_services-bridging_header.h"; sourceTree = "<group>"; };
		AD2377BE24442DB6003C4C4E /* libpact_mock_server.a */ = {isa = PBXFileReference; lastKnownFileType = archive.ar; path = libpact_mock_server.a; sourceTree = "<group>"; };
		ADAC3D0C244282980078CCC7 /* PactSwiftServices.framework */ = {isa = PBXFileReference; explicitFileType = wrapper.framework; includeInIndex = 0; path = PactSwiftServices.framework; sourceTree = BUILT_PRODUCTS_DIR; };
		ADAC3D10244282980078CCC7 /* Info.plist */ = {isa = PBXFileReference; lastKnownFileType = text.plist.xml; path = Info.plist; sourceTree = "<group>"; };
		ADAC3D15244282980078CCC7 /* PactSwiftServicesTests.xctest */ = {isa = PBXFileReference; explicitFileType = wrapper.cfbundle; includeInIndex = 0; path = PactSwiftServicesTests.xctest; sourceTree = BUILT_PRODUCTS_DIR; };
		ADAC3D1A244282980078CCC7 /* MockServerTests.swift */ = {isa = PBXFileReference; lastKnownFileType = sourcecode.swift; path = MockServerTests.swift; sourceTree = "<group>"; };
		ADAC3D322442854E0078CCC7 /* TestsInfo.plist */ = {isa = PBXFileReference; lastKnownFileType = text.plist.xml; path = TestsInfo.plist; sourceTree = "<group>"; };
		ADAC3D39244286D30078CCC7 /* MockServer.swift */ = {isa = PBXFileReference; lastKnownFileType = sourcecode.swift; path = MockServer.swift; sourceTree = "<group>"; };
		ADAC3D4724428DBF0078CCC7 /* Target-Services-Release.xcconfig */ = {isa = PBXFileReference; lastKnownFileType = text.xcconfig; path = "Target-Services-Release.xcconfig"; sourceTree = "<group>"; };
		ADAC3D4824428DBF0078CCC7 /* Project-Debug.xcconfig */ = {isa = PBXFileReference; lastKnownFileType = text.xcconfig; path = "Project-Debug.xcconfig"; sourceTree = "<group>"; };
		ADAC3D4924428DBF0078CCC7 /* Target-Services-Debug.xcconfig */ = {isa = PBXFileReference; lastKnownFileType = text.xcconfig; path = "Target-Services-Debug.xcconfig"; sourceTree = "<group>"; };
		ADAC3D4A24428DBF0078CCC7 /* Target-Services-Shared.xcconfig */ = {isa = PBXFileReference; lastKnownFileType = text.xcconfig; path = "Target-Services-Shared.xcconfig"; sourceTree = "<group>"; };
		ADAC3D4B24428DBF0078CCC7 /* Project-Shared.xcconfig */ = {isa = PBXFileReference; lastKnownFileType = text.xcconfig; path = "Project-Shared.xcconfig"; sourceTree = "<group>"; };
		ADAC3D4C24428DBF0078CCC7 /* Project-Release.xcconfig */ = {isa = PBXFileReference; lastKnownFileType = text.xcconfig; path = "Project-Release.xcconfig"; sourceTree = "<group>"; };
		ADAC3D4D2442903D0078CCC7 /* Target-Tests-Shared.xcconfig */ = {isa = PBXFileReference; lastKnownFileType = text.xcconfig; path = "Target-Tests-Shared.xcconfig"; sourceTree = "<group>"; };
		ADAC3D4E244290470078CCC7 /* Target-Tests-Debug.xcconfig */ = {isa = PBXFileReference; lastKnownFileType = text.xcconfig; path = "Target-Tests-Debug.xcconfig"; sourceTree = "<group>"; };
		ADAC3D4F244290500078CCC7 /* Target-Tests-Release.xcconfig */ = {isa = PBXFileReference; lastKnownFileType = text.xcconfig; path = "Target-Tests-Release.xcconfig"; sourceTree = "<group>"; };
		ADB1FE54244AB531009BECF7 /* Nimble.framework */ = {isa = PBXFileReference; lastKnownFileType = wrapper.framework; name = Nimble.framework; path = Carthage/Build/iOS/Nimble.framework; sourceTree = "<group>"; };
		ADDE4708244D82FA00E4F7EE /* ValidationErrorHandler.swift */ = {isa = PBXFileReference; lastKnownFileType = sourcecode.swift; path = ValidationErrorHandler.swift; sourceTree = "<group>"; };
/* End PBXFileReference section */

/* Begin PBXFrameworksBuildPhase section */
		ADAC3D09244282980078CCC7 /* Frameworks */ = {
			isa = PBXFrameworksBuildPhase;
			buildActionMask = 2147483647;
			files = (
				AD2377BF24442DB6003C4C4E /* libpact_mock_server.a in Frameworks */,
			);
			runOnlyForDeploymentPostprocessing = 0;
		};
		ADAC3D12244282980078CCC7 /* Frameworks */ = {
			isa = PBXFrameworksBuildPhase;
			buildActionMask = 2147483647;
			files = (
				ADAC3D16244282980078CCC7 /* PactSwiftServices.framework in Frameworks */,
			);
			runOnlyForDeploymentPostprocessing = 0;
		};
/* End PBXFrameworksBuildPhase section */

/* Begin PBXGroup section */
		AD1035B524458BF8002C97CA /* Definitions */ = {
			isa = PBXGroup;
			children = (
				AD1035B124458239002C97CA /* MockServerError.swift */,
				ADDE4708244D82FA00E4F7EE /* ValidationErrorHandler.swift */,
				AD1035B324458909002C97CA /* VerificationError.swift */,
			);
			path = Definitions;
			sourceTree = "<group>";
		};
		AD22CED824440C440089C951 /* Resources */ = {
			isa = PBXGroup;
			children = (
				AD2377BE24442DB6003C4C4E /* libpact_mock_server.a */,
			);
			path = Resources;
			sourceTree = "<group>";
		};
		AD22CED924440C500089C951 /* Headers */ = {
			isa = PBXGroup;
			children = (
				AD22CEDA24440C5F0089C951 /* pact_mock_server.h */,
				AD2377B724441808003C4C4E /* pact_swift_services-bridging_header.h */,
			);
			path = Headers;
			sourceTree = "<group>";
		};
		ADAC3D02244282980078CCC7 = {
			isa = PBXGroup;
			children = (
				ADAC3D2F244282F30078CCC7 /* Configurations */,
				ADAC3D0D244282980078CCC7 /* Products */,
				AD22CED824440C440089C951 /* Resources */,
				ADAC3D30244283280078CCC7 /* Sources */,
				ADAC3D19244282980078CCC7 /* Tests */,
				ADB1FE53244AB531009BECF7 /* Frameworks */,
			);
			sourceTree = "<group>";
		};
		ADAC3D0D244282980078CCC7 /* Products */ = {
			isa = PBXGroup;
			children = (
				ADAC3D0C244282980078CCC7 /* PactSwiftServices.framework */,
				ADAC3D15244282980078CCC7 /* PactSwiftServicesTests.xctest */,
			);
			name = Products;
			sourceTree = "<group>";
		};
		ADAC3D19244282980078CCC7 /* Tests */ = {
			isa = PBXGroup;
			children = (
				ADAC3D1A244282980078CCC7 /* MockServerTests.swift */,
			);
			path = Tests;
			sourceTree = "<group>";
		};
		ADAC3D2F244282F30078CCC7 /* Configurations */ = {
			isa = PBXGroup;
			children = (
				ADAC3D10244282980078CCC7 /* Info.plist */,
				ADAC3D4824428DBF0078CCC7 /* Project-Debug.xcconfig */,
				ADAC3D4C24428DBF0078CCC7 /* Project-Release.xcconfig */,
				ADAC3D4B24428DBF0078CCC7 /* Project-Shared.xcconfig */,
				ADAC3D4924428DBF0078CCC7 /* Target-Services-Debug.xcconfig */,
				ADAC3D4724428DBF0078CCC7 /* Target-Services-Release.xcconfig */,
				ADAC3D4A24428DBF0078CCC7 /* Target-Services-Shared.xcconfig */,
				ADAC3D4E244290470078CCC7 /* Target-Tests-Debug.xcconfig */,
				ADAC3D4F244290500078CCC7 /* Target-Tests-Release.xcconfig */,
				ADAC3D4D2442903D0078CCC7 /* Target-Tests-Shared.xcconfig */,
				ADAC3D322442854E0078CCC7 /* TestsInfo.plist */,
			);
			path = Configurations;
			sourceTree = "<group>";
		};
		ADAC3D30244283280078CCC7 /* Sources */ = {
			isa = PBXGroup;
			children = (
				AD1035B524458BF8002C97CA /* Definitions */,
				AD22CED924440C500089C951 /* Headers */,
				ADAC3D34244285860078CCC7 /* MockServer */,
			);
			path = Sources;
			sourceTree = "<group>";
		};
		ADAC3D34244285860078CCC7 /* MockServer */ = {
			isa = PBXGroup;
			children = (
				ADAC3D39244286D30078CCC7 /* MockServer.swift */,
				AD1035AF2445710B002C97CA /* MockServer+Extension.swift */,
			);
			path = MockServer;
			sourceTree = "<group>";
		};
		ADB1FE53244AB531009BECF7 /* Frameworks */ = {
			isa = PBXGroup;
			children = (
				ADB1FE54244AB531009BECF7 /* Nimble.framework */,
			);
			name = Frameworks;
			sourceTree = "<group>";
		};
/* End PBXGroup section */

/* Begin PBXHeadersBuildPhase section */
		ADAC3D07244282980078CCC7 /* Headers */ = {
			isa = PBXHeadersBuildPhase;
			buildActionMask = 2147483647;
			files = (
				AD22CEDB24440C5F0089C951 /* pact_mock_server.h in Headers */,
				ADD735192446D90A00B23B21 /* pact_swift_services-bridging_header.h in Headers */,
			);
			runOnlyForDeploymentPostprocessing = 0;
		};
/* End PBXHeadersBuildPhase section */

/* Begin PBXNativeTarget section */
		ADAC3D0B244282980078CCC7 /* PactSwiftServices */ = {
			isa = PBXNativeTarget;
			buildConfigurationList = ADAC3D20244282980078CCC7 /* Build configuration list for PBXNativeTarget "PactSwiftServices" */;
			buildPhases = (
				ADAC3D07244282980078CCC7 /* Headers */,
				ADB1FE5E244BF2ED009BECF7 /* Lint Project */,
				ADB1FE5F244BF311009BECF7 /* Lint Target */,
				ADAC3D08244282980078CCC7 /* Sources */,
				ADAC3D09244282980078CCC7 /* Frameworks */,
				ADAC3D0A244282980078CCC7 /* Resources */,
			);
			buildRules = (
			);
			dependencies = (
			);
			name = PactSwiftServices;
			productName = PactServices;
			productReference = ADAC3D0C244282980078CCC7 /* PactSwiftServices.framework */;
			productType = "com.apple.product-type.framework";
		};
		ADAC3D14244282980078CCC7 /* PactSwiftServicesTests */ = {
			isa = PBXNativeTarget;
			buildConfigurationList = ADAC3D23244282980078CCC7 /* Build configuration list for PBXNativeTarget "PactSwiftServicesTests" */;
			buildPhases = (
				ADAC3D11244282980078CCC7 /* Sources */,
				ADAC3D12244282980078CCC7 /* Frameworks */,
				ADAC3D13244282980078CCC7 /* Resources */,
			);
			buildRules = (
			);
			dependencies = (
				ADAC3D18244282980078CCC7 /* PBXTargetDependency */,
			);
			name = PactSwiftServicesTests;
			productName = PactServicesTests;
			productReference = ADAC3D15244282980078CCC7 /* PactSwiftServicesTests.xctest */;
			productType = "com.apple.product-type.bundle.unit-test";
		};
/* End PBXNativeTarget section */

/* Begin PBXProject section */
		ADAC3D03244282980078CCC7 /* Project object */ = {
			isa = PBXProject;
			attributes = {
				LastSwiftUpdateCheck = 1140;
				LastUpgradeCheck = 1140;
				ORGANIZATIONNAME = "Pact Foundation";
				TargetAttributes = {
					ADAC3D0B244282980078CCC7 = {
						CreatedOnToolsVersion = 11.4;
						LastSwiftMigration = 1140;
					};
					ADAC3D14244282980078CCC7 = {
						CreatedOnToolsVersion = 11.4;
					};
				};
			};
			buildConfigurationList = ADAC3D06244282980078CCC7 /* Build configuration list for PBXProject "PactSwiftServices" */;
			compatibilityVersion = "Xcode 9.3";
			developmentRegion = en;
			hasScannedForEncodings = 0;
			knownRegions = (
				en,
				Base,
			);
			mainGroup = ADAC3D02244282980078CCC7;
			productRefGroup = ADAC3D0D244282980078CCC7 /* Products */;
			projectDirPath = "";
			projectRoot = "";
			targets = (
				ADAC3D0B244282980078CCC7 /* PactSwiftServices */,
				ADAC3D14244282980078CCC7 /* PactSwiftServicesTests */,
			);
		};
/* End PBXProject section */

/* Begin PBXResourcesBuildPhase section */
		ADAC3D0A244282980078CCC7 /* Resources */ = {
			isa = PBXResourcesBuildPhase;
			buildActionMask = 2147483647;
			files = (
			);
			runOnlyForDeploymentPostprocessing = 0;
		};
		ADAC3D13244282980078CCC7 /* Resources */ = {
			isa = PBXResourcesBuildPhase;
			buildActionMask = 2147483647;
			files = (
			);
			runOnlyForDeploymentPostprocessing = 0;
		};
/* End PBXResourcesBuildPhase section */

/* Begin PBXShellScriptBuildPhase section */
		ADB1FE5E244BF2ED009BECF7 /* Lint Project */ = {
			isa = PBXShellScriptBuildPhase;
			buildActionMask = 2147483647;
			files = (
			);
			inputFileListPaths = (
			);
			inputPaths = (
			);
			name = "Lint Project";
			outputFileListPaths = (
			);
			outputPaths = (
			);
			runOnlyForDeploymentPostprocessing = 0;
			shellPath = /bin/sh;
			shellScript = "\"${PROJECT_DIR}\"/../Scripts/BuildPhases/lint-project\n";
		};
		ADB1FE5F244BF311009BECF7 /* Lint Target */ = {
			isa = PBXShellScriptBuildPhase;
			buildActionMask = 2147483647;
			files = (
			);
			inputFileListPaths = (
			);
			inputPaths = (
			);
			name = "Lint Target";
			outputFileListPaths = (
			);
			outputPaths = (
			);
			runOnlyForDeploymentPostprocessing = 0;
			shellPath = /bin/sh;
			shellScript = "\"${PROJECT_DIR}\"/../Scripts/BuildPhases/lint-target\n";
		};
/* End PBXShellScriptBuildPhase section */

/* Begin PBXSourcesBuildPhase section */
		ADAC3D08244282980078CCC7 /* Sources */ = {
			isa = PBXSourcesBuildPhase;
			buildActionMask = 2147483647;
			files = (
				AD1035B424458909002C97CA /* VerificationError.swift in Sources */,
				ADAC3D3A244286D30078CCC7 /* MockServer.swift in Sources */,
				AD1035B224458239002C97CA /* MockServerError.swift in Sources */,
				ADDE4709244D82FA00E4F7EE /* ValidationErrorHandler.swift in Sources */,
				AD1035B02445710B002C97CA /* MockServer+Extension.swift in Sources */,
			);
			runOnlyForDeploymentPostprocessing = 0;
		};
		ADAC3D11244282980078CCC7 /* Sources */ = {
			isa = PBXSourcesBuildPhase;
			buildActionMask = 2147483647;
			files = (
				ADAC3D1B244282980078CCC7 /* MockServerTests.swift in Sources */,
			);
			runOnlyForDeploymentPostprocessing = 0;
		};
/* End PBXSourcesBuildPhase section */

/* Begin PBXTargetDependency section */
		ADAC3D18244282980078CCC7 /* PBXTargetDependency */ = {
			isa = PBXTargetDependency;
			target = ADAC3D0B244282980078CCC7 /* PactSwiftServices */;
			targetProxy = ADAC3D17244282980078CCC7 /* PBXContainerItemProxy */;
		};
/* End PBXTargetDependency section */

/* Begin XCBuildConfiguration section */
		ADAC3D1E244282980078CCC7 /* Debug */ = {
			isa = XCBuildConfiguration;
			baseConfigurationReference = ADAC3D4824428DBF0078CCC7 /* Project-Debug.xcconfig */;
			buildSettings = {
			};
			name = Debug;
		};
		ADAC3D1F244282980078CCC7 /* Release */ = {
			isa = XCBuildConfiguration;
			baseConfigurationReference = ADAC3D4C24428DBF0078CCC7 /* Project-Release.xcconfig */;
			buildSettings = {
			};
			name = Release;
		};
		ADAC3D21244282980078CCC7 /* Debug */ = {
			isa = XCBuildConfiguration;
			baseConfigurationReference = ADAC3D4924428DBF0078CCC7 /* Target-Services-Debug.xcconfig */;
			buildSettings = {
			};
			name = Debug;
		};
		ADAC3D22244282980078CCC7 /* Release */ = {
			isa = XCBuildConfiguration;
			baseConfigurationReference = ADAC3D4724428DBF0078CCC7 /* Target-Services-Release.xcconfig */;
			buildSettings = {
			};
			name = Release;
		};
		ADAC3D24244282980078CCC7 /* Debug */ = {
			isa = XCBuildConfiguration;
			baseConfigurationReference = ADAC3D4E244290470078CCC7 /* Target-Tests-Debug.xcconfig */;
			buildSettings = {
			};
			name = Debug;
		};
		ADAC3D25244282980078CCC7 /* Release */ = {
			isa = XCBuildConfiguration;
			baseConfigurationReference = ADAC3D4F244290500078CCC7 /* Target-Tests-Release.xcconfig */;
			buildSettings = {
			};
			name = Release;
		};
/* End XCBuildConfiguration section */

/* Begin XCConfigurationList section */
		ADAC3D06244282980078CCC7 /* Build configuration list for PBXProject "PactSwiftServices" */ = {
			isa = XCConfigurationList;
			buildConfigurations = (
				ADAC3D1E244282980078CCC7 /* Debug */,
				ADAC3D1F244282980078CCC7 /* Release */,
			);
			defaultConfigurationIsVisible = 0;
			defaultConfigurationName = Release;
		};
		ADAC3D20244282980078CCC7 /* Build configuration list for PBXNativeTarget "PactSwiftServices" */ = {
			isa = XCConfigurationList;
			buildConfigurations = (
				ADAC3D21244282980078CCC7 /* Debug */,
				ADAC3D22244282980078CCC7 /* Release */,
			);
			defaultConfigurationIsVisible = 0;
			defaultConfigurationName = Release;
		};
		ADAC3D23244282980078CCC7 /* Build configuration list for PBXNativeTarget "PactSwiftServicesTests" */ = {
			isa = XCConfigurationList;
			buildConfigurations = (
				ADAC3D24244282980078CCC7 /* Debug */,
				ADAC3D25244282980078CCC7 /* Release */,
			);
			defaultConfigurationIsVisible = 0;
			defaultConfigurationName = Release;
		};
/* End XCConfigurationList section */
	};
	rootObject = ADAC3D03244282980078CCC7 /* Project object */;
}
