// !$*UTF8*$!
{
	archiveVersion = 1;
	classes = {
	};
	objectVersion = 50;
	objects = {

/* Begin PBXBuildFile section */
		ADAC3D16244282980078CCC7 /* PactServices.framework in Frameworks */ = {isa = PBXBuildFile; fileRef = ADAC3D0C244282980078CCC7 /* PactServices.framework */; };
		ADAC3D1B244282980078CCC7 /* PactServicesTests.swift in Sources */ = {isa = PBXBuildFile; fileRef = ADAC3D1A244282980078CCC7 /* PactServicesTests.swift */; };
		ADAC3D1D244282980078CCC7 /* PactServices.h in Headers */ = {isa = PBXBuildFile; fileRef = ADAC3D0F244282980078CCC7 /* PactServices.h */; settings = {ATTRIBUTES = (Public, ); }; };
		ADAC3D36244285E30078CCC7 /* HTTPAPIService.swift in Sources */ = {isa = PBXBuildFile; fileRef = ADAC3D35244285E30078CCC7 /* HTTPAPIService.swift */; };
		ADAC3D38244286060078CCC7 /* HTTPService.swift in Sources */ = {isa = PBXBuildFile; fileRef = ADAC3D37244286060078CCC7 /* HTTPService.swift */; };
		ADAC3D3A244286D30078CCC7 /* PactMockServer.swift in Sources */ = {isa = PBXBuildFile; fileRef = ADAC3D39244286D30078CCC7 /* PactMockServer.swift */; };
/* End PBXBuildFile section */

/* Begin PBXContainerItemProxy section */
		ADAC3D17244282980078CCC7 /* PBXContainerItemProxy */ = {
			isa = PBXContainerItemProxy;
			containerPortal = ADAC3D03244282980078CCC7 /* Project object */;
			proxyType = 1;
			remoteGlobalIDString = ADAC3D0B244282980078CCC7;
			remoteInfo = PactServices;
		};
/* End PBXContainerItemProxy section */

/* Begin PBXFileReference section */
		ADAC3D0C244282980078CCC7 /* PactServices.framework */ = {isa = PBXFileReference; explicitFileType = wrapper.framework; includeInIndex = 0; path = PactServices.framework; sourceTree = BUILT_PRODUCTS_DIR; };
		ADAC3D0F244282980078CCC7 /* PactServices.h */ = {isa = PBXFileReference; lastKnownFileType = sourcecode.c.h; path = PactServices.h; sourceTree = "<group>"; };
		ADAC3D10244282980078CCC7 /* Info.plist */ = {isa = PBXFileReference; lastKnownFileType = text.plist.xml; path = Info.plist; sourceTree = "<group>"; };
		ADAC3D15244282980078CCC7 /* PactServicesTests.xctest */ = {isa = PBXFileReference; explicitFileType = wrapper.cfbundle; includeInIndex = 0; path = PactServicesTests.xctest; sourceTree = BUILT_PRODUCTS_DIR; };
		ADAC3D1A244282980078CCC7 /* PactServicesTests.swift */ = {isa = PBXFileReference; lastKnownFileType = sourcecode.swift; path = PactServicesTests.swift; sourceTree = "<group>"; };
		ADAC3D322442854E0078CCC7 /* TestsInfo.plist */ = {isa = PBXFileReference; lastKnownFileType = text.plist.xml; path = TestsInfo.plist; sourceTree = "<group>"; };
		ADAC3D35244285E30078CCC7 /* HTTPAPIService.swift */ = {isa = PBXFileReference; lastKnownFileType = sourcecode.swift; path = HTTPAPIService.swift; sourceTree = "<group>"; };
		ADAC3D37244286060078CCC7 /* HTTPService.swift */ = {isa = PBXFileReference; lastKnownFileType = sourcecode.swift; path = HTTPService.swift; sourceTree = "<group>"; };
		ADAC3D39244286D30078CCC7 /* PactMockServer.swift */ = {isa = PBXFileReference; lastKnownFileType = sourcecode.swift; path = PactMockServer.swift; sourceTree = "<group>"; };
		ADAC3D4724428DBF0078CCC7 /* Target-Services-Release.xcconfig */ = {isa = PBXFileReference; lastKnownFileType = text.xcconfig; path = "Target-Services-Release.xcconfig"; sourceTree = "<group>"; };
		ADAC3D4824428DBF0078CCC7 /* Project-Debug.xcconfig */ = {isa = PBXFileReference; lastKnownFileType = text.xcconfig; path = "Project-Debug.xcconfig"; sourceTree = "<group>"; };
		ADAC3D4924428DBF0078CCC7 /* Target-Services-Debug.xcconfig */ = {isa = PBXFileReference; lastKnownFileType = text.xcconfig; path = "Target-Services-Debug.xcconfig"; sourceTree = "<group>"; };
		ADAC3D4A24428DBF0078CCC7 /* Target-Services-Shared.xcconfig */ = {isa = PBXFileReference; lastKnownFileType = text.xcconfig; path = "Target-Services-Shared.xcconfig"; sourceTree = "<group>"; };
		ADAC3D4B24428DBF0078CCC7 /* Project-Shared.xcconfig */ = {isa = PBXFileReference; lastKnownFileType = text.xcconfig; path = "Project-Shared.xcconfig"; sourceTree = "<group>"; };
		ADAC3D4C24428DBF0078CCC7 /* Project-Release.xcconfig */ = {isa = PBXFileReference; lastKnownFileType = text.xcconfig; path = "Project-Release.xcconfig"; sourceTree = "<group>"; };
		ADAC3D4D2442903D0078CCC7 /* Target-Tests-Shared.xcconfig */ = {isa = PBXFileReference; lastKnownFileType = text.xcconfig; path = "Target-Tests-Shared.xcconfig"; sourceTree = "<group>"; };
		ADAC3D4E244290470078CCC7 /* Target-Tests-Debug.xcconfig */ = {isa = PBXFileReference; lastKnownFileType = text.xcconfig; path = "Target-Tests-Debug.xcconfig"; sourceTree = "<group>"; };
		ADAC3D4F244290500078CCC7 /* Target-Tests-Release.xcconfig */ = {isa = PBXFileReference; lastKnownFileType = text.xcconfig; path = "Target-Tests-Release.xcconfig"; sourceTree = "<group>"; };
/* End PBXFileReference section */

/* Begin PBXFrameworksBuildPhase section */
		ADAC3D09244282980078CCC7 /* Frameworks */ = {
			isa = PBXFrameworksBuildPhase;
			buildActionMask = 2147483647;
			files = (
			);
			runOnlyForDeploymentPostprocessing = 0;
		};
		ADAC3D12244282980078CCC7 /* Frameworks */ = {
			isa = PBXFrameworksBuildPhase;
			buildActionMask = 2147483647;
			files = (
				ADAC3D16244282980078CCC7 /* PactServices.framework in Frameworks */,
			);
			runOnlyForDeploymentPostprocessing = 0;
		};
/* End PBXFrameworksBuildPhase section */

/* Begin PBXGroup section */
		ADAC3D02244282980078CCC7 = {
			isa = PBXGroup;
			children = (
				ADAC3D2F244282F30078CCC7 /* Configurations */,
				ADAC3D0D244282980078CCC7 /* Products */,
				ADAC3D30244283280078CCC7 /* Sources */,
				ADAC3D19244282980078CCC7 /* Tests */,
			);
			sourceTree = "<group>";
		};
		ADAC3D0D244282980078CCC7 /* Products */ = {
			isa = PBXGroup;
			children = (
				ADAC3D0C244282980078CCC7 /* PactServices.framework */,
				ADAC3D15244282980078CCC7 /* PactServicesTests.xctest */,
			);
			name = Products;
			sourceTree = "<group>";
		};
		ADAC3D19244282980078CCC7 /* Tests */ = {
			isa = PBXGroup;
			children = (
				ADAC3D1A244282980078CCC7 /* PactServicesTests.swift */,
			);
			path = Tests;
			sourceTree = "<group>";
		};
		ADAC3D2F244282F30078CCC7 /* Configurations */ = {
			isa = PBXGroup;
			children = (
				ADAC3D10244282980078CCC7 /* Info.plist */,
				ADAC3D4824428DBF0078CCC7 /* Project-Debug.xcconfig */,
				ADAC3D4C24428DBF0078CCC7 /* Project-Release.xcconfig */,
				ADAC3D4B24428DBF0078CCC7 /* Project-Shared.xcconfig */,
				ADAC3D4924428DBF0078CCC7 /* Target-Services-Debug.xcconfig */,
				ADAC3D4724428DBF0078CCC7 /* Target-Services-Release.xcconfig */,
				ADAC3D4A24428DBF0078CCC7 /* Target-Services-Shared.xcconfig */,
				ADAC3D4E244290470078CCC7 /* Target-Tests-Debug.xcconfig */,
				ADAC3D4F244290500078CCC7 /* Target-Tests-Release.xcconfig */,
				ADAC3D4D2442903D0078CCC7 /* Target-Tests-Shared.xcconfig */,
				ADAC3D322442854E0078CCC7 /* TestsInfo.plist */,
			);
			path = Configurations;
			sourceTree = "<group>";
		};
		ADAC3D30244283280078CCC7 /* Sources */ = {
			isa = PBXGroup;
			children = (
				ADAC3D31244283440078CCC7 /* Headers */,
				ADAC3D332442857E0078CCC7 /* HTTP */,
				ADAC3D34244285860078CCC7 /* PactMockServer */,
			);
			path = Sources;
			sourceTree = "<group>";
		};
		ADAC3D31244283440078CCC7 /* Headers */ = {
			isa = PBXGroup;
			children = (
				ADAC3D0F244282980078CCC7 /* PactServices.h */,
			);
			path = Headers;
			sourceTree = "<group>";
		};
		ADAC3D332442857E0078CCC7 /* HTTP */ = {
			isa = PBXGroup;
			children = (
				ADAC3D35244285E30078CCC7 /* HTTPAPIService.swift */,
				ADAC3D37244286060078CCC7 /* HTTPService.swift */,
			);
			path = HTTP;
			sourceTree = "<group>";
		};
		ADAC3D34244285860078CCC7 /* PactMockServer */ = {
			isa = PBXGroup;
			children = (
				ADAC3D39244286D30078CCC7 /* PactMockServer.swift */,
			);
			path = PactMockServer;
			sourceTree = "<group>";
		};
/* End PBXGroup section */

/* Begin PBXHeadersBuildPhase section */
		ADAC3D07244282980078CCC7 /* Headers */ = {
			isa = PBXHeadersBuildPhase;
			buildActionMask = 2147483647;
			files = (
				ADAC3D1D244282980078CCC7 /* PactServices.h in Headers */,
			);
			runOnlyForDeploymentPostprocessing = 0;
		};
/* End PBXHeadersBuildPhase section */

/* Begin PBXNativeTarget section */
		ADAC3D0B244282980078CCC7 /* PactServices */ = {
			isa = PBXNativeTarget;
			buildConfigurationList = ADAC3D20244282980078CCC7 /* Build configuration list for PBXNativeTarget "PactServices" */;
			buildPhases = (
				ADAC3D07244282980078CCC7 /* Headers */,
				ADAC3D08244282980078CCC7 /* Sources */,
				ADAC3D09244282980078CCC7 /* Frameworks */,
				ADAC3D0A244282980078CCC7 /* Resources */,
			);
			buildRules = (
			);
			dependencies = (
			);
			name = PactServices;
			productName = PactServices;
			productReference = ADAC3D0C244282980078CCC7 /* PactServices.framework */;
			productType = "com.apple.product-type.framework";
		};
		ADAC3D14244282980078CCC7 /* PactServicesTests */ = {
			isa = PBXNativeTarget;
			buildConfigurationList = ADAC3D23244282980078CCC7 /* Build configuration list for PBXNativeTarget "PactServicesTests" */;
			buildPhases = (
				ADAC3D11244282980078CCC7 /* Sources */,
				ADAC3D12244282980078CCC7 /* Frameworks */,
				ADAC3D13244282980078CCC7 /* Resources */,
			);
			buildRules = (
			);
			dependencies = (
				ADAC3D18244282980078CCC7 /* PBXTargetDependency */,
			);
			name = PactServicesTests;
			productName = PactServicesTests;
			productReference = ADAC3D15244282980078CCC7 /* PactServicesTests.xctest */;
			productType = "com.apple.product-type.bundle.unit-test";
		};
/* End PBXNativeTarget section */

/* Begin PBXProject section */
		ADAC3D03244282980078CCC7 /* Project object */ = {
			isa = PBXProject;
			attributes = {
				LastSwiftUpdateCheck = 1140;
				LastUpgradeCheck = 1140;
				ORGANIZATIONNAME = "Pact Foundation";
				TargetAttributes = {
					ADAC3D0B244282980078CCC7 = {
						CreatedOnToolsVersion = 11.4;
						LastSwiftMigration = 1140;
					};
					ADAC3D14244282980078CCC7 = {
						CreatedOnToolsVersion = 11.4;
					};
				};
			};
			buildConfigurationList = ADAC3D06244282980078CCC7 /* Build configuration list for PBXProject "PactServices" */;
			compatibilityVersion = "Xcode 9.3";
			developmentRegion = en;
			hasScannedForEncodings = 0;
			knownRegions = (
				en,
				Base,
			);
			mainGroup = ADAC3D02244282980078CCC7;
			productRefGroup = ADAC3D0D244282980078CCC7 /* Products */;
			projectDirPath = "";
			projectRoot = "";
			targets = (
				ADAC3D0B244282980078CCC7 /* PactServices */,
				ADAC3D14244282980078CCC7 /* PactServicesTests */,
			);
		};
/* End PBXProject section */

/* Begin PBXResourcesBuildPhase section */
		ADAC3D0A244282980078CCC7 /* Resources */ = {
			isa = PBXResourcesBuildPhase;
			buildActionMask = 2147483647;
			files = (
			);
			runOnlyForDeploymentPostprocessing = 0;
		};
		ADAC3D13244282980078CCC7 /* Resources */ = {
			isa = PBXResourcesBuildPhase;
			buildActionMask = 2147483647;
			files = (
			);
			runOnlyForDeploymentPostprocessing = 0;
		};
/* End PBXResourcesBuildPhase section */

/* Begin PBXSourcesBuildPhase section */
		ADAC3D08244282980078CCC7 /* Sources */ = {
			isa = PBXSourcesBuildPhase;
			buildActionMask = 2147483647;
			files = (
				ADAC3D36244285E30078CCC7 /* HTTPAPIService.swift in Sources */,
				ADAC3D3A244286D30078CCC7 /* PactMockServer.swift in Sources */,
				ADAC3D38244286060078CCC7 /* HTTPService.swift in Sources */,
			);
			runOnlyForDeploymentPostprocessing = 0;
		};
		ADAC3D11244282980078CCC7 /* Sources */ = {
			isa = PBXSourcesBuildPhase;
			buildActionMask = 2147483647;
			files = (
				ADAC3D1B244282980078CCC7 /* PactServicesTests.swift in Sources */,
			);
			runOnlyForDeploymentPostprocessing = 0;
		};
/* End PBXSourcesBuildPhase section */

/* Begin PBXTargetDependency section */
		ADAC3D18244282980078CCC7 /* PBXTargetDependency */ = {
			isa = PBXTargetDependency;
			target = ADAC3D0B244282980078CCC7 /* PactServices */;
			targetProxy = ADAC3D17244282980078CCC7 /* PBXContainerItemProxy */;
		};
/* End PBXTargetDependency section */

/* Begin XCBuildConfiguration section */
		ADAC3D1E244282980078CCC7 /* Debug */ = {
			isa = XCBuildConfiguration;
			baseConfigurationReference = ADAC3D4824428DBF0078CCC7 /* Project-Debug.xcconfig */;
			buildSettings = {
			};
			name = Debug;
		};
		ADAC3D1F244282980078CCC7 /* Release */ = {
			isa = XCBuildConfiguration;
			baseConfigurationReference = ADAC3D4C24428DBF0078CCC7 /* Project-Release.xcconfig */;
			buildSettings = {
			};
			name = Release;
		};
		ADAC3D21244282980078CCC7 /* Debug */ = {
			isa = XCBuildConfiguration;
			baseConfigurationReference = ADAC3D4924428DBF0078CCC7 /* Target-Services-Debug.xcconfig */;
			buildSettings = {
			};
			name = Debug;
		};
		ADAC3D22244282980078CCC7 /* Release */ = {
			isa = XCBuildConfiguration;
			baseConfigurationReference = ADAC3D4724428DBF0078CCC7 /* Target-Services-Release.xcconfig */;
			buildSettings = {
			};
			name = Release;
		};
		ADAC3D24244282980078CCC7 /* Debug */ = {
			isa = XCBuildConfiguration;
			baseConfigurationReference = ADAC3D4E244290470078CCC7 /* Target-Tests-Debug.xcconfig */;
			buildSettings = {
			};
			name = Debug;
		};
		ADAC3D25244282980078CCC7 /* Release */ = {
			isa = XCBuildConfiguration;
			baseConfigurationReference = ADAC3D4F244290500078CCC7 /* Target-Tests-Release.xcconfig */;
			buildSettings = {
			};
			name = Release;
		};
/* End XCBuildConfiguration section */

/* Begin XCConfigurationList section */
		ADAC3D06244282980078CCC7 /* Build configuration list for PBXProject "PactServices" */ = {
			isa = XCConfigurationList;
			buildConfigurations = (
				ADAC3D1E244282980078CCC7 /* Debug */,
				ADAC3D1F244282980078CCC7 /* Release */,
			);
			defaultConfigurationIsVisible = 0;
			defaultConfigurationName = Release;
		};
		ADAC3D20244282980078CCC7 /* Build configuration list for PBXNativeTarget "PactServices" */ = {
			isa = XCConfigurationList;
			buildConfigurations = (
				ADAC3D21244282980078CCC7 /* Debug */,
				ADAC3D22244282980078CCC7 /* Release */,
			);
			defaultConfigurationIsVisible = 0;
			defaultConfigurationName = Release;
		};
		ADAC3D23244282980078CCC7 /* Build configuration list for PBXNativeTarget "PactServicesTests" */ = {
			isa = XCConfigurationList;
			buildConfigurations = (
				ADAC3D24244282980078CCC7 /* Debug */,
				ADAC3D25244282980078CCC7 /* Release */,
			);
			defaultConfigurationIsVisible = 0;
			defaultConfigurationName = Release;
		};
/* End XCConfigurationList section */
	};
	rootObject = ADAC3D03244282980078CCC7 /* Project object */;
}
