// !$*UTF8*$!
{
	archiveVersion = 1;
	classes = {
	};
	objectVersion = 51;
	objects = {

/* Begin PBXBuildFile section */
		AD11DD5E242D6C9D00BABA09 /* PACTMockService.swift in Sources */ = {isa = PBXBuildFile; fileRef = AD11DD5D242D6C9D00BABA09 /* PACTMockService.swift */; };
		AD11DD60242D6D7A00BABA09 /* PFTestCase.swift in Sources */ = {isa = PBXBuildFile; fileRef = AD11DD5F242D6D7A00BABA09 /* PFTestCase.swift */; };
		AD881808242C715B00BF510D /* PACTSwift.framework in Frameworks */ = {isa = PBXBuildFile; fileRef = AD8817FE242C715A00BF510D /* PACTSwift.framework */; };
		AD88180D242C715B00BF510D /* PACTSwiftTests.swift in Sources */ = {isa = PBXBuildFile; fileRef = AD88180C242C715B00BF510D /* PACTSwiftTests.swift */; };
		AD88180F242C715B00BF510D /* PACTSwift.h in Headers */ = {isa = PBXBuildFile; fileRef = AD881801242C715A00BF510D /* PACTSwift.h */; settings = {ATTRIBUTES = (Public, ); }; };
		AD8A32D7242CCF5600283080 /* Scripts in Resources */ = {isa = PBXBuildFile; fileRef = AD8A32D6242CCF5600283080 /* Scripts */; };
		ADC6FAE124302BA800026714 /* Documentation in Resources */ = {isa = PBXBuildFile; fileRef = ADC6FAE024302BA800026714 /* Documentation */; };
/* End PBXBuildFile section */

/* Begin PBXContainerItemProxy section */
		AD881809242C715B00BF510D /* PBXContainerItemProxy */ = {
			isa = PBXContainerItemProxy;
			containerPortal = AD8817F5242C715A00BF510D /* Project object */;
			proxyType = 1;
			remoteGlobalIDString = AD8817FD242C715A00BF510D;
			remoteInfo = PACTSwift;
		};
/* End PBXContainerItemProxy section */

/* Begin PBXFileReference section */
		AD11DD5D242D6C9D00BABA09 /* PACTMockService.swift */ = {isa = PBXFileReference; fileEncoding = 4; lastKnownFileType = sourcecode.swift; path = PACTMockService.swift; sourceTree = "<group>"; };
		AD11DD5F242D6D7A00BABA09 /* PFTestCase.swift */ = {isa = PBXFileReference; lastKnownFileType = sourcecode.swift; path = PFTestCase.swift; sourceTree = "<group>"; };
		AD2CB262242CC0A000D991F0 /* Project-Debug.xcconfig */ = {isa = PBXFileReference; lastKnownFileType = text.xcconfig; path = "Project-Debug.xcconfig"; sourceTree = "<group>"; };
		AD2CB263242CC0B900D991F0 /* Project-Release.xcconfig */ = {isa = PBXFileReference; lastKnownFileType = text.xcconfig; path = "Project-Release.xcconfig"; sourceTree = "<group>"; };
		AD2CB264242CC10600D991F0 /* Target-Framework-Debug.xcconfig */ = {isa = PBXFileReference; lastKnownFileType = text.xcconfig; path = "Target-Framework-Debug.xcconfig"; sourceTree = "<group>"; };
		AD2CB265242CC10E00D991F0 /* Target-Framework-Release.xcconfig */ = {isa = PBXFileReference; lastKnownFileType = text.xcconfig; path = "Target-Framework-Release.xcconfig"; sourceTree = "<group>"; };
		AD2CB266242CC11700D991F0 /* Target-Tests-Debug.xcconfig */ = {isa = PBXFileReference; lastKnownFileType = text.xcconfig; path = "Target-Tests-Debug.xcconfig"; sourceTree = "<group>"; };
		AD2CB267242CC12300D991F0 /* Target-Tests-Release.xcconfig */ = {isa = PBXFileReference; lastKnownFileType = text.xcconfig; path = "Target-Tests-Release.xcconfig"; sourceTree = "<group>"; };
		AD4FC5DD242CC2B20039342D /* Project-Shared.xcconfig */ = {isa = PBXFileReference; lastKnownFileType = text.xcconfig; path = "Project-Shared.xcconfig"; sourceTree = "<group>"; };
		AD4FC5DE242CC2C30039342D /* Target-Framework-Shared.xcconfig */ = {isa = PBXFileReference; lastKnownFileType = text.xcconfig; path = "Target-Framework-Shared.xcconfig"; sourceTree = "<group>"; };
		AD4FC5DF242CC2CB0039342D /* Target-Tests-Shared.xcconfig */ = {isa = PBXFileReference; lastKnownFileType = text.xcconfig; path = "Target-Tests-Shared.xcconfig"; sourceTree = "<group>"; };
		AD8817FE242C715A00BF510D /* PACTSwift.framework */ = {isa = PBXFileReference; explicitFileType = wrapper.framework; includeInIndex = 0; path = PACTSwift.framework; sourceTree = BUILT_PRODUCTS_DIR; };
		AD881801242C715A00BF510D /* PACTSwift.h */ = {isa = PBXFileReference; lastKnownFileType = sourcecode.c.h; path = PACTSwift.h; sourceTree = "<group>"; };
		AD881802242C715A00BF510D /* Info.plist */ = {isa = PBXFileReference; lastKnownFileType = text.plist.xml; path = Info.plist; sourceTree = "<group>"; };
		AD881807242C715B00BF510D /* PACTSwiftTests.xctest */ = {isa = PBXFileReference; explicitFileType = wrapper.cfbundle; includeInIndex = 0; path = PACTSwiftTests.xctest; sourceTree = BUILT_PRODUCTS_DIR; };
		AD88180C242C715B00BF510D /* PACTSwiftTests.swift */ = {isa = PBXFileReference; lastKnownFileType = sourcecode.swift; path = PACTSwiftTests.swift; sourceTree = "<group>"; };
		AD88180E242C715B00BF510D /* TestsInfo.plist */ = {isa = PBXFileReference; lastKnownFileType = text.plist.xml; path = TestsInfo.plist; sourceTree = "<group>"; };
		AD8A32D6242CCF5600283080 /* Scripts */ = {isa = PBXFileReference; lastKnownFileType = folder; path = Scripts; sourceTree = "<group>"; };
		ADC6FAE024302BA800026714 /* Documentation */ = {isa = PBXFileReference; lastKnownFileType = folder; path = Documentation; sourceTree = "<group>"; };
		ADD6993C242C85A200C5C2C2 /* README.md */ = {isa = PBXFileReference; lastKnownFileType = net.daringfireball.markdown; path = README.md; sourceTree = "<group>"; };
		ADD6993D242C861600C5C2C2 /* .swiftlint.yml */ = {isa = PBXFileReference; lastKnownFileType = text.yaml; path = .swiftlint.yml; sourceTree = "<group>"; };
		ADE02804242CD6B7007BCDA1 /* CONTRIBUTING.md */ = {isa = PBXFileReference; lastKnownFileType = net.daringfireball.markdown; path = CONTRIBUTING.md; sourceTree = "<group>"; };
/* End PBXFileReference section */

/* Begin PBXFrameworksBuildPhase section */
		AD8817FB242C715A00BF510D /* Frameworks */ = {
			isa = PBXFrameworksBuildPhase;
			buildActionMask = 2147483647;
			files = (
			);
			runOnlyForDeploymentPostprocessing = 0;
		};
		AD881804242C715B00BF510D /* Frameworks */ = {
			isa = PBXFrameworksBuildPhase;
			buildActionMask = 2147483647;
			files = (
				AD881808242C715B00BF510D /* PACTSwift.framework in Frameworks */,
			);
			runOnlyForDeploymentPostprocessing = 0;
		};
/* End PBXFrameworksBuildPhase section */

/* Begin PBXGroup section */
		AD8817F4242C715A00BF510D = {
			isa = PBXGroup;
			children = (
				ADD6993D242C861600C5C2C2 /* .swiftlint.yml */,
				ADCB2562242C83E20048BD18 /* Configurations */,
				ADE02804242CD6B7007BCDA1 /* CONTRIBUTING.md */,
				ADC6FAE024302BA800026714 /* Documentation */,
				AD8817FF242C715A00BF510D /* Products */,
				ADD6993C242C85A200C5C2C2 /* README.md */,
				AD8A32D3242CCEEC00283080 /* Resources */,
				AD8A32D6242CCF5600283080 /* Scripts */,
				ADCB2560242C83670048BD18 /* Sources */,
				ADCB2561242C83710048BD18 /* Tests */,
			);
			sourceTree = "<group>";
		};
		AD8817FF242C715A00BF510D /* Products */ = {
			isa = PBXGroup;
			children = (
				AD8817FE242C715A00BF510D /* PACTSwift.framework */,
				AD881807242C715B00BF510D /* PACTSwiftTests.xctest */,
			);
			name = Products;
			sourceTree = "<group>";
		};
		AD8A32D3242CCEEC00283080 /* Resources */ = {
			isa = PBXGroup;
			children = (
			);
			name = Resources;
			path = Sources/Resources;
			sourceTree = "<group>";
		};
		ADCB2560242C83670048BD18 /* Sources */ = {
			isa = PBXGroup;
			children = (
				AD11DD5D242D6C9D00BABA09 /* PACTMockService.swift */,
				ADCB2563242C844B0048BD18 /* Headers */,
			);
			path = Sources;
			sourceTree = "<group>";
		};
		ADCB2561242C83710048BD18 /* Tests */ = {
			isa = PBXGroup;
			children = (
				ADE02802242CD148007BCDA1 /* Resources */,
				ADCB2564242C84570048BD18 /* Headers */,
				AD11DD5F242D6D7A00BABA09 /* PFTestCase.swift */,
			);
			path = Tests;
			sourceTree = "<group>";
		};
		ADCB2562242C83E20048BD18 /* Configurations */ = {
			isa = PBXGroup;
			children = (
				AD881802242C715A00BF510D /* Info.plist */,
				AD2CB262242CC0A000D991F0 /* Project-Debug.xcconfig */,
				AD2CB263242CC0B900D991F0 /* Project-Release.xcconfig */,
				AD4FC5DD242CC2B20039342D /* Project-Shared.xcconfig */,
				AD2CB264242CC10600D991F0 /* Target-Framework-Debug.xcconfig */,
				AD2CB265242CC10E00D991F0 /* Target-Framework-Release.xcconfig */,
				AD4FC5DE242CC2C30039342D /* Target-Framework-Shared.xcconfig */,
				AD2CB266242CC11700D991F0 /* Target-Tests-Debug.xcconfig */,
				AD2CB267242CC12300D991F0 /* Target-Tests-Release.xcconfig */,
				AD4FC5DF242CC2CB0039342D /* Target-Tests-Shared.xcconfig */,
				AD88180E242C715B00BF510D /* TestsInfo.plist */,
			);
			path = Configurations;
			sourceTree = "<group>";
		};
		ADCB2563242C844B0048BD18 /* Headers */ = {
			isa = PBXGroup;
			children = (
				AD881801242C715A00BF510D /* PACTSwift.h */,
			);
			path = Headers;
			sourceTree = "<group>";
		};
		ADCB2564242C84570048BD18 /* Headers */ = {
			isa = PBXGroup;
			children = (
				AD88180C242C715B00BF510D /* PACTSwiftTests.swift */,
			);
			path = Headers;
			sourceTree = "<group>";
		};
		ADE02802242CD148007BCDA1 /* Resources */ = {
			isa = PBXGroup;
			children = (
			);
			path = Resources;
			sourceTree = "<group>";
		};
/* End PBXGroup section */

/* Begin PBXHeadersBuildPhase section */
		AD8817F9242C715A00BF510D /* Headers */ = {
			isa = PBXHeadersBuildPhase;
			buildActionMask = 2147483647;
			files = (
				AD88180F242C715B00BF510D /* PACTSwift.h in Headers */,
			);
			runOnlyForDeploymentPostprocessing = 0;
		};
/* End PBXHeadersBuildPhase section */

/* Begin PBXNativeTarget section */
		AD8817FD242C715A00BF510D /* PACTSwift */ = {
			isa = PBXNativeTarget;
			buildConfigurationList = AD881812242C715B00BF510D /* Build configuration list for PBXNativeTarget "PACTSwift" */;
			buildPhases = (
				AD8817F9242C715A00BF510D /* Headers */,
				ADC3C4CC242CCCEB00D3FDCE /* Lint Project */,
				ADC3C4CD242CCCF300D3FDCE /* Lint Target */,
				ADD69940242C87E900C5C2C2 /* SwiftLint */,
				AD8817FA242C715A00BF510D /* Sources */,
				AD8817FB242C715A00BF510D /* Frameworks */,
				AD8817FC242C715A00BF510D /* Resources */,
			);
			buildRules = (
			);
			dependencies = (
			);
			name = PACTSwift;
			productName = PACTSwift;
			productReference = AD8817FE242C715A00BF510D /* PACTSwift.framework */;
			productType = "com.apple.product-type.framework";
		};
		AD881806242C715B00BF510D /* PACTSwiftTests */ = {
			isa = PBXNativeTarget;
			buildConfigurationList = AD881815242C715B00BF510D /* Build configuration list for PBXNativeTarget "PACTSwiftTests" */;
			buildPhases = (
				ADC3C4CE242CCD0100D3FDCE /* Lint Target */,
				AD881803242C715B00BF510D /* Sources */,
				AD881804242C715B00BF510D /* Frameworks */,
				AD881805242C715B00BF510D /* Resources */,
			);
			buildRules = (
			);
			dependencies = (
				AD88180A242C715B00BF510D /* PBXTargetDependency */,
			);
			name = PACTSwiftTests;
			productName = PACTSwiftTests;
			productReference = AD881807242C715B00BF510D /* PACTSwiftTests.xctest */;
			productType = "com.apple.product-type.bundle.unit-test";
		};
/* End PBXNativeTarget section */

/* Begin PBXProject section */
		AD8817F5242C715A00BF510D /* Project object */ = {
			isa = PBXProject;
			attributes = {
				LastSwiftUpdateCheck = 1140;
				LastUpgradeCheck = 1140;
				ORGANIZATIONNAME = "PACT Foundation";
				TargetAttributes = {
					AD8817FD242C715A00BF510D = {
						CreatedOnToolsVersion = 11.4;
						LastSwiftMigration = 1140;
					};
					AD881806242C715B00BF510D = {
						CreatedOnToolsVersion = 11.4;
					};
				};
			};
			buildConfigurationList = AD8817F8242C715A00BF510D /* Build configuration list for PBXProject "PACTSwift" */;
			compatibilityVersion = "Xcode 9.3";
			developmentRegion = en;
			hasScannedForEncodings = 0;
			knownRegions = (
				en,
				Base,
			);
			mainGroup = AD8817F4242C715A00BF510D;
			productRefGroup = AD8817FF242C715A00BF510D /* Products */;
			projectDirPath = "";
			projectRoot = "";
			targets = (
				AD8817FD242C715A00BF510D /* PACTSwift */,
				AD881806242C715B00BF510D /* PACTSwiftTests */,
			);
		};
/* End PBXProject section */

/* Begin PBXResourcesBuildPhase section */
		AD8817FC242C715A00BF510D /* Resources */ = {
			isa = PBXResourcesBuildPhase;
			buildActionMask = 2147483647;
			files = (
				AD8A32D7242CCF5600283080 /* Scripts in Resources */,
				ADC6FAE124302BA800026714 /* Documentation in Resources */,
			);
			runOnlyForDeploymentPostprocessing = 0;
		};
		AD881805242C715B00BF510D /* Resources */ = {
			isa = PBXResourcesBuildPhase;
			buildActionMask = 2147483647;
			files = (
			);
			runOnlyForDeploymentPostprocessing = 0;
		};
/* End PBXResourcesBuildPhase section */

/* Begin PBXShellScriptBuildPhase section */
		ADC3C4CC242CCCEB00D3FDCE /* Lint Project */ = {
			isa = PBXShellScriptBuildPhase;
			buildActionMask = 2147483647;
			files = (
			);
			inputFileListPaths = (
			);
			inputPaths = (
			);
			name = "Lint Project";
			outputFileListPaths = (
			);
			outputPaths = (
			);
			runOnlyForDeploymentPostprocessing = 0;
			shellPath = /bin/sh;
			shellScript = "\"${PROJECT_DIR}\"/Scripts/BuildPhases/lint-project\n";
		};
		ADC3C4CD242CCCF300D3FDCE /* Lint Target */ = {
			isa = PBXShellScriptBuildPhase;
			buildActionMask = 2147483647;
			files = (
			);
			inputFileListPaths = (
			);
			inputPaths = (
			);
			name = "Lint Target";
			outputFileListPaths = (
			);
			outputPaths = (
			);
			runOnlyForDeploymentPostprocessing = 0;
			shellPath = /bin/sh;
			shellScript = "\"${PROJECT_DIR}\"/Scripts/BuildPhases/lint-target\n";
		};
		ADC3C4CE242CCD0100D3FDCE /* Lint Target */ = {
			isa = PBXShellScriptBuildPhase;
			buildActionMask = 2147483647;
			files = (
			);
			inputFileListPaths = (
			);
			inputPaths = (
			);
			name = "Lint Target";
			outputFileListPaths = (
			);
			outputPaths = (
			);
			runOnlyForDeploymentPostprocessing = 0;
			shellPath = /bin/sh;
			shellScript = "\"${PROJECT_DIR}\"/Scripts/BuildPhases/lint-target\n";
		};
		ADD69940242C87E900C5C2C2 /* SwiftLint */ = {
			isa = PBXShellScriptBuildPhase;
			buildActionMask = 2147483647;
			files = (
			);
			inputFileListPaths = (
				"$(SRCROOT)/PACTSwift.xcfilelist",
			);
			inputPaths = (
			);
			name = SwiftLint;
			outputFileListPaths = (
			);
			outputPaths = (
				"$(DERIVED_FILE_DIR)/swiftlint.txt",
			);
			runOnlyForDeploymentPostprocessing = 0;
			shellPath = /bin/sh;
			shellScript = "# Run SwiftLint before even attempting to compile\n./Scripts/build_file_list_and_swiftlint.sh PACTSwift ../.swiftlint.yml\n";
		};
/* End PBXShellScriptBuildPhase section */

/* Begin PBXSourcesBuildPhase section */
		AD8817FA242C715A00BF510D /* Sources */ = {
			isa = PBXSourcesBuildPhase;
			buildActionMask = 2147483647;
			files = (
				AD11DD5E242D6C9D00BABA09 /* PACTMockService.swift in Sources */,
			);
			runOnlyForDeploymentPostprocessing = 0;
		};
		AD881803242C715B00BF510D /* Sources */ = {
			isa = PBXSourcesBuildPhase;
			buildActionMask = 2147483647;
			files = (
				AD88180D242C715B00BF510D /* PACTSwiftTests.swift in Sources */,
				AD11DD60242D6D7A00BABA09 /* PFTestCase.swift in Sources */,
			);
			runOnlyForDeploymentPostprocessing = 0;
		};
/* End PBXSourcesBuildPhase section */

/* Begin PBXTargetDependency section */
		AD88180A242C715B00BF510D /* PBXTargetDependency */ = {
			isa = PBXTargetDependency;
			target = AD8817FD242C715A00BF510D /* PACTSwift */;
			targetProxy = AD881809242C715B00BF510D /* PBXContainerItemProxy */;
		};
/* End PBXTargetDependency section */

/* Begin XCBuildConfiguration section */
		AD881810242C715B00BF510D /* Debug */ = {
			isa = XCBuildConfiguration;
			baseConfigurationReference = AD2CB262242CC0A000D991F0 /* Project-Debug.xcconfig */;
			buildSettings = {
			};
			name = Debug;
		};
		AD881811242C715B00BF510D /* Release */ = {
			isa = XCBuildConfiguration;
			baseConfigurationReference = AD2CB263242CC0B900D991F0 /* Project-Release.xcconfig */;
			buildSettings = {
			};
			name = Release;
		};
		AD881813242C715B00BF510D /* Debug */ = {
			isa = XCBuildConfiguration;
			baseConfigurationReference = AD2CB264242CC10600D991F0 /* Target-Framework-Debug.xcconfig */;
			buildSettings = {
			};
			name = Debug;
		};
		AD881814242C715B00BF510D /* Release */ = {
			isa = XCBuildConfiguration;
			baseConfigurationReference = AD2CB266242CC11700D991F0 /* Target-Tests-Debug.xcconfig */;
			buildSettings = {
			};
			name = Release;
		};
		AD881816242C715B00BF510D /* Debug */ = {
			isa = XCBuildConfiguration;
			baseConfigurationReference = AD2CB266242CC11700D991F0 /* Target-Tests-Debug.xcconfig */;
			buildSettings = {
			};
			name = Debug;
		};
		AD881817242C715B00BF510D /* Release */ = {
			isa = XCBuildConfiguration;
			baseConfigurationReference = AD2CB267242CC12300D991F0 /* Target-Tests-Release.xcconfig */;
			buildSettings = {
			};
			name = Release;
		};
/* End XCBuildConfiguration section */

/* Begin XCConfigurationList section */
		AD8817F8242C715A00BF510D /* Build configuration list for PBXProject "PACTSwift" */ = {
			isa = XCConfigurationList;
			buildConfigurations = (
				AD881810242C715B00BF510D /* Debug */,
				AD881811242C715B00BF510D /* Release */,
			);
			defaultConfigurationIsVisible = 0;
			defaultConfigurationName = Release;
		};
		AD881812242C715B00BF510D /* Build configuration list for PBXNativeTarget "PACTSwift" */ = {
			isa = XCConfigurationList;
			buildConfigurations = (
				AD881813242C715B00BF510D /* Debug */,
				AD881814242C715B00BF510D /* Release */,
			);
			defaultConfigurationIsVisible = 0;
			defaultConfigurationName = Release;
		};
		AD881815242C715B00BF510D /* Build configuration list for PBXNativeTarget "PACTSwiftTests" */ = {
			isa = XCConfigurationList;
			buildConfigurations = (
				AD881816242C715B00BF510D /* Debug */,
				AD881817242C715B00BF510D /* Release */,
			);
			defaultConfigurationIsVisible = 0;
			defaultConfigurationName = Release;
		};
/* End XCConfigurationList section */
	};
	rootObject = AD8817F5242C715A00BF510D /* Project object */;
}
