// !$*UTF8*$!
{
	archiveVersion = 1;
	classes = {
	};
	objectVersion = 51;
	objects = {

/* Begin PBXBuildFile section */
		AD10361424468AB3002C97CA /* MockService.swift in Sources */ = {isa = PBXBuildFile; fileRef = AD10361324468AB3002C97CA /* MockService.swift */; };
		AD103618244693A6002C97CA /* MockServiceTests.swift in Sources */ = {isa = PBXBuildFile; fileRef = AD103617244693A6002C97CA /* MockServiceTests.swift */; };
		AD4B970725138FCE00C37560 /* RandomDecimalTests.swift in Sources */ = {isa = PBXBuildFile; fileRef = AD4B970425138F7600C37560 /* RandomDecimalTests.swift */; };
		AD4B970825138FCF00C37560 /* RandomDecimalTests.swift in Sources */ = {isa = PBXBuildFile; fileRef = AD4B970425138F7600C37560 /* RandomDecimalTests.swift */; };
		AD4B970A2513A04800C37560 /* RandomHexadecimal.swift in Sources */ = {isa = PBXBuildFile; fileRef = AD4B97092513A04800C37560 /* RandomHexadecimal.swift */; };
		AD4B970B2513A04800C37560 /* RandomHexadecimal.swift in Sources */ = {isa = PBXBuildFile; fileRef = AD4B97092513A04800C37560 /* RandomHexadecimal.swift */; };
		AD4B970D2513A0C300C37560 /* RandomHexadecimalTests.swift in Sources */ = {isa = PBXBuildFile; fileRef = AD4B970C2513A0C300C37560 /* RandomHexadecimalTests.swift */; };
		AD4B970E2513A0C300C37560 /* RandomHexadecimalTests.swift in Sources */ = {isa = PBXBuildFile; fileRef = AD4B970C2513A0C300C37560 /* RandomHexadecimalTests.swift */; };
		AD4B97102513A3DB00C37560 /* RandomString.swift in Sources */ = {isa = PBXBuildFile; fileRef = AD4B970F2513A3DB00C37560 /* RandomString.swift */; };
		AD4B97112513A3DB00C37560 /* RandomString.swift in Sources */ = {isa = PBXBuildFile; fileRef = AD4B970F2513A3DB00C37560 /* RandomString.swift */; };
		AD4B97132513A64700C37560 /* RandomStringTests.swift in Sources */ = {isa = PBXBuildFile; fileRef = AD4B97122513A64700C37560 /* RandomStringTests.swift */; };
		AD4B97142513A64700C37560 /* RandomStringTests.swift in Sources */ = {isa = PBXBuildFile; fileRef = AD4B97122513A64700C37560 /* RandomStringTests.swift */; };
		AD4B97162513AA9800C37560 /* RandomRegex.swift in Sources */ = {isa = PBXBuildFile; fileRef = AD4B97152513AA9800C37560 /* RandomRegex.swift */; };
		AD4B97172513AA9800C37560 /* RandomRegex.swift in Sources */ = {isa = PBXBuildFile; fileRef = AD4B97152513AA9800C37560 /* RandomRegex.swift */; };
		AD4B97192513AB4F00C37560 /* RandomRegexTests.swift in Sources */ = {isa = PBXBuildFile; fileRef = AD4B97182513AB4F00C37560 /* RandomRegexTests.swift */; };
		AD4B971A2513AB4F00C37560 /* RandomRegexTests.swift in Sources */ = {isa = PBXBuildFile; fileRef = AD4B97182513AB4F00C37560 /* RandomRegexTests.swift */; };
		AD641A332434331300785CE1 /* Bundle+Pact.swift in Sources */ = {isa = PBXBuildFile; fileRef = AD641A322434331300785CE1 /* Bundle+Pact.swift */; };
		AD641A352434345500785CE1 /* Metadata.swift in Sources */ = {isa = PBXBuildFile; fileRef = AD641A342434345500785CE1 /* Metadata.swift */; };
		AD641A382434355C00785CE1 /* MetadataTests.swift in Sources */ = {isa = PBXBuildFile; fileRef = AD641A372434355C00785CE1 /* MetadataTests.swift */; };
		AD641A3A24344D9500785CE1 /* Pact.swift in Sources */ = {isa = PBXBuildFile; fileRef = AD641A3924344D9500785CE1 /* Pact.swift */; };
		AD641A3C24344ED400785CE1 /* Pacticipant.swift in Sources */ = {isa = PBXBuildFile; fileRef = AD641A3B24344ED400785CE1 /* Pacticipant.swift */; };
		AD641A3E24344FA100785CE1 /* PacticipantTests.swift in Sources */ = {isa = PBXBuildFile; fileRef = AD641A3D24344FA100785CE1 /* PacticipantTests.swift */; };
		AD641A402434518500785CE1 /* PactTests.swift in Sources */ = {isa = PBXBuildFile; fileRef = AD641A3F2434518500785CE1 /* PactTests.swift */; };
		AD641A422434588200785CE1 /* Interaction.swift in Sources */ = {isa = PBXBuildFile; fileRef = AD641A412434588200785CE1 /* Interaction.swift */; };
		AD646FB62460F77D00979AFC /* MismatchErrorType.swift in Sources */ = {isa = PBXBuildFile; fileRef = AD646FAE2460F77D00979AFC /* MismatchErrorType.swift */; };
		AD646FB72460F77D00979AFC /* RequestError.swift in Sources */ = {isa = PBXBuildFile; fileRef = AD646FAF2460F77D00979AFC /* RequestError.swift */; };
		AD646FB82460F77D00979AFC /* VerificationError.swift in Sources */ = {isa = PBXBuildFile; fileRef = AD646FB02460F77D00979AFC /* VerificationError.swift */; };
		AD646FB92460F77D00979AFC /* VerificationErrorHandler.swift in Sources */ = {isa = PBXBuildFile; fileRef = AD646FB12460F77D00979AFC /* VerificationErrorHandler.swift */; };
		AD646FBA2460F77D00979AFC /* MockServerError.swift in Sources */ = {isa = PBXBuildFile; fileRef = AD646FB22460F77D00979AFC /* MockServerError.swift */; };
		AD646FBB2460F77D00979AFC /* VerificationErrorType.swift in Sources */ = {isa = PBXBuildFile; fileRef = AD646FB32460F77D00979AFC /* VerificationErrorType.swift */; };
		AD646FBC2460F77D00979AFC /* MismatchError.swift in Sources */ = {isa = PBXBuildFile; fileRef = AD646FB42460F77D00979AFC /* MismatchError.swift */; };
		AD646FBD2460F77D00979AFC /* PactError.swift in Sources */ = {isa = PBXBuildFile; fileRef = AD646FB52460F77D00979AFC /* PactError.swift */; };
		AD646FC02460F7BF00979AFC /* PactFileManager.swift in Sources */ = {isa = PBXBuildFile; fileRef = AD646FBF2460F7BF00979AFC /* PactFileManager.swift */; };
		AD646FC32460F7CC00979AFC /* MockServer.swift in Sources */ = {isa = PBXBuildFile; fileRef = AD646FC22460F7CC00979AFC /* MockServer.swift */; };
		AD646FC62460F7DC00979AFC /* PactSocketFinder.swift in Sources */ = {isa = PBXBuildFile; fileRef = AD646FC52460F7DC00979AFC /* PactSocketFinder.swift */; };
		AD646FCB2460F81000979AFC /* pact_mock_server.h in Headers */ = {isa = PBXBuildFile; fileRef = AD646FCA2460F80B00979AFC /* pact_mock_server.h */; settings = {ATTRIBUTES = (Public, ); }; };
		AD646FD02460F94100979AFC /* MockServerTests.swift in Sources */ = {isa = PBXBuildFile; fileRef = AD646FC82460F7F300979AFC /* MockServerTests.swift */; };
		AD7891B724414D500014BCC8 /* PactBuilderTests.swift in Sources */ = {isa = PBXBuildFile; fileRef = AD7891B624414D500014BCC8 /* PactBuilderTests.swift */; };
		AD7891BA2441512E0014BCC8 /* SomethingLikeTests.swift in Sources */ = {isa = PBXBuildFile; fileRef = AD7891B92441512E0014BCC8 /* SomethingLikeTests.swift */; };
		AD7891BC244156FC0014BCC8 /* EachLikeTests.swift in Sources */ = {isa = PBXBuildFile; fileRef = AD7891BB244156FC0014BCC8 /* EachLikeTests.swift */; };
		AD7891BE24415C100014BCC8 /* IntegerLike.swift in Sources */ = {isa = PBXBuildFile; fileRef = AD7891BD24415C100014BCC8 /* IntegerLike.swift */; };
		AD7891C024415C710014BCC8 /* IntegerLikeTests.swift in Sources */ = {isa = PBXBuildFile; fileRef = AD7891BF24415C710014BCC8 /* IntegerLikeTests.swift */; };
		AD7891C224415E3E0014BCC8 /* DecimalLike.swift in Sources */ = {isa = PBXBuildFile; fileRef = AD7891C124415E3E0014BCC8 /* DecimalLike.swift */; };
		AD7891C424415E9F0014BCC8 /* DecimalLikeTests.swift in Sources */ = {isa = PBXBuildFile; fileRef = AD7891C324415E9F0014BCC8 /* DecimalLikeTests.swift */; };
		AD8546F42513601800211E28 /* RandomDateTests.swift in Sources */ = {isa = PBXBuildFile; fileRef = AD8546F32513601800211E28 /* RandomDateTests.swift */; };
		AD8546F52513601800211E28 /* RandomDateTests.swift in Sources */ = {isa = PBXBuildFile; fileRef = AD8546F32513601800211E28 /* RandomDateTests.swift */; };
		AD881808242C715B00BF510D /* PactSwift.framework in Frameworks */ = {isa = PBXBuildFile; fileRef = AD8817FE242C715A00BF510D /* PactSwift.framework */; };
		AD88180F242C715B00BF510D /* PactSwift.h in Headers */ = {isa = PBXBuildFile; fileRef = AD881801242C715A00BF510D /* PactSwift.h */; settings = {ATTRIBUTES = (Public, ); }; };
		AD8DF42C243BF9430062CB1A /* AnyEncodable.swift in Sources */ = {isa = PBXBuildFile; fileRef = AD8DF42B243BF9430062CB1A /* AnyEncodable.swift */; };
		AD8DF433243C437F0062CB1A /* AnyEncodableTests.swift in Sources */ = {isa = PBXBuildFile; fileRef = AD8DF432243C437F0062CB1A /* AnyEncodableTests.swift */; };
		AD8DF435243C53750062CB1A /* PactBuilder.swift in Sources */ = {isa = PBXBuildFile; fileRef = AD8DF434243C53750062CB1A /* PactBuilder.swift */; };
		AD8DF437243EA4580062CB1A /* PactInteractionNode.swift in Sources */ = {isa = PBXBuildFile; fileRef = AD8DF436243EA4580062CB1A /* PactInteractionNode.swift */; };
		AD8DF439243EEBDB0062CB1A /* SomethingLike.swift in Sources */ = {isa = PBXBuildFile; fileRef = AD8DF438243EEBDB0062CB1A /* SomethingLike.swift */; };
		AD8DF43B243EEF390062CB1A /* MatchingRuleExpressible.swift in Sources */ = {isa = PBXBuildFile; fileRef = AD8DF43A243EEF390062CB1A /* MatchingRuleExpressible.swift */; };
		AD8DF43F244055980062CB1A /* EachLike.swift in Sources */ = {isa = PBXBuildFile; fileRef = AD8DF43E244055980062CB1A /* EachLike.swift */; };
		AD8FC7C02463A06F00361854 /* PactSwift.framework in Frameworks */ = {isa = PBXBuildFile; fileRef = AD8FC7B72463A06F00361854 /* PactSwift.framework */; };
		AD8FC7D92463BB9A00361854 /* MismatchError.swift in Sources */ = {isa = PBXBuildFile; fileRef = AD646FB42460F77D00979AFC /* MismatchError.swift */; };
		AD8FC7DA2463BB9A00361854 /* MismatchErrorType.swift in Sources */ = {isa = PBXBuildFile; fileRef = AD646FAE2460F77D00979AFC /* MismatchErrorType.swift */; };
		AD8FC7DB2463BB9A00361854 /* MockServerError.swift in Sources */ = {isa = PBXBuildFile; fileRef = AD646FB22460F77D00979AFC /* MockServerError.swift */; };
		AD8FC7DC2463BB9A00361854 /* PactError.swift in Sources */ = {isa = PBXBuildFile; fileRef = AD646FB52460F77D00979AFC /* PactError.swift */; };
		AD8FC7DD2463BB9A00361854 /* VerificationError.swift in Sources */ = {isa = PBXBuildFile; fileRef = AD646FB02460F77D00979AFC /* VerificationError.swift */; };
		AD8FC7DE2463BB9A00361854 /* VerificationErrorHandler.swift in Sources */ = {isa = PBXBuildFile; fileRef = AD646FB12460F77D00979AFC /* VerificationErrorHandler.swift */; };
		AD8FC7DF2463BB9A00361854 /* VerificationErrorType.swift in Sources */ = {isa = PBXBuildFile; fileRef = AD646FB32460F77D00979AFC /* VerificationErrorType.swift */; };
		AD8FC7E02463BB9A00361854 /* RequestError.swift in Sources */ = {isa = PBXBuildFile; fileRef = AD646FAF2460F77D00979AFC /* RequestError.swift */; };
		AD8FC7E12463BB9F00361854 /* AnyEncodable.swift in Sources */ = {isa = PBXBuildFile; fileRef = AD8DF42B243BF9430062CB1A /* AnyEncodable.swift */; };
		AD8FC7E22463BB9F00361854 /* ErrorReportable.swift in Sources */ = {isa = PBXBuildFile; fileRef = ADDE4703244D101700E4F7EE /* ErrorReportable.swift */; };
		AD8FC7E32463BB9F00361854 /* ErrorReporter.swift in Sources */ = {isa = PBXBuildFile; fileRef = ADDE4705244D11DE00E4F7EE /* ErrorReporter.swift */; };
		AD8FC7E42463BB9F00361854 /* Interaction.swift in Sources */ = {isa = PBXBuildFile; fileRef = AD641A412434588200785CE1 /* Interaction.swift */; };
		AD8FC7E52463BB9F00361854 /* Metadata.swift in Sources */ = {isa = PBXBuildFile; fileRef = AD641A342434345500785CE1 /* Metadata.swift */; };
		AD8FC7E62463BB9F00361854 /* Pact.swift in Sources */ = {isa = PBXBuildFile; fileRef = AD641A3924344D9500785CE1 /* Pact.swift */; };
		AD8FC7E72463BB9F00361854 /* PactBuilder.swift in Sources */ = {isa = PBXBuildFile; fileRef = AD8DF434243C53750062CB1A /* PactBuilder.swift */; };
		AD8FC7E82463BB9F00361854 /* PactHTTPMethod.swift in Sources */ = {isa = PBXBuildFile; fileRef = ADB7C1682433280100A16CDE /* PactHTTPMethod.swift */; };
		AD8FC7E92463BB9F00361854 /* Pacticipant.swift in Sources */ = {isa = PBXBuildFile; fileRef = AD641A3B24344ED400785CE1 /* Pacticipant.swift */; };
		AD8FC7EA2463BB9F00361854 /* PactInteractionNode.swift in Sources */ = {isa = PBXBuildFile; fileRef = AD8DF436243EA4580062CB1A /* PactInteractionNode.swift */; };
		AD8FC7EB2463BB9F00361854 /* ProviderState.swift in Sources */ = {isa = PBXBuildFile; fileRef = ADE2937E2435DB14008AFBC9 /* ProviderState.swift */; };
		AD8FC7EC2463BB9F00361854 /* Request.swift in Sources */ = {isa = PBXBuildFile; fileRef = ADB7C1602433269B00A16CDE /* Request.swift */; };
		AD8FC7ED2463BB9F00361854 /* Response.swift in Sources */ = {isa = PBXBuildFile; fileRef = ADB7C16A2433283400A16CDE /* Response.swift */; };
		AD8FC7EE2463BBA400361854 /* Bundle+Pact.swift in Sources */ = {isa = PBXBuildFile; fileRef = AD641A322434331300785CE1 /* Bundle+Pact.swift */; };
		AD8FC7EF2463BBA400361854 /* Dictionary+Pact.swift in Sources */ = {isa = PBXBuildFile; fileRef = ADB7C11C2432D41E00A16CDE /* Dictionary+Pact.swift */; };
		AD8FC7F02463BBA900361854 /* PactSwift.h in Headers */ = {isa = PBXBuildFile; fileRef = AD881801242C715A00BF510D /* PactSwift.h */; settings = {ATTRIBUTES = (Public, ); }; };
		AD8FC7F12463BBA900361854 /* pact_mock_server.h in Headers */ = {isa = PBXBuildFile; fileRef = AD646FCA2460F80B00979AFC /* pact_mock_server.h */; settings = {ATTRIBUTES = (Public, ); }; };
		AD8FC7F22463BBB800361854 /* DecimalLike.swift in Sources */ = {isa = PBXBuildFile; fileRef = AD7891C124415E3E0014BCC8 /* DecimalLike.swift */; };
		AD8FC7F32463BBB800361854 /* EachLike.swift in Sources */ = {isa = PBXBuildFile; fileRef = AD8DF43E244055980062CB1A /* EachLike.swift */; };
		AD8FC7F42463BBB800361854 /* EqualTo.swift in Sources */ = {isa = PBXBuildFile; fileRef = ADD3C27324416CDF002E73B9 /* EqualTo.swift */; };
		AD8FC7F52463BBB800361854 /* IncludesLike.swift in Sources */ = {isa = PBXBuildFile; fileRef = ADD3C27524416DAE002E73B9 /* IncludesLike.swift */; };
		AD8FC7F62463BBB800361854 /* IntegerLike.swift in Sources */ = {isa = PBXBuildFile; fileRef = AD7891BD24415C100014BCC8 /* IntegerLike.swift */; };
		AD8FC7F72463BBB800361854 /* MatchingRuleExpressible.swift in Sources */ = {isa = PBXBuildFile; fileRef = AD8DF43A243EEF390062CB1A /* MatchingRuleExpressible.swift */; };
		AD8FC7F82463BBB800361854 /* RegexLike.swift in Sources */ = {isa = PBXBuildFile; fileRef = ADD3C26F24416891002E73B9 /* RegexLike.swift */; };
		AD8FC7F92463BBB800361854 /* SomethingLike.swift in Sources */ = {isa = PBXBuildFile; fileRef = AD8DF438243EEBDB0062CB1A /* SomethingLike.swift */; };
		AD8FC7FA2463BBB800361854 /* MockService.swift in Sources */ = {isa = PBXBuildFile; fileRef = AD10361324468AB3002C97CA /* MockService.swift */; };
		AD8FC7FB2463BBC200361854 /* PactSocketFinder.swift in Sources */ = {isa = PBXBuildFile; fileRef = AD646FC52460F7DC00979AFC /* PactSocketFinder.swift */; };
		AD8FC7FC2463BBC200361854 /* MockServer.swift in Sources */ = {isa = PBXBuildFile; fileRef = AD646FC22460F7CC00979AFC /* MockServer.swift */; };
		AD8FC7FD2463BBC200361854 /* PactFileManager.swift in Sources */ = {isa = PBXBuildFile; fileRef = AD646FBF2460F7BF00979AFC /* PactFileManager.swift */; };
		AD8FC7FE2463BBD000361854 /* AnyEncodableTests.swift in Sources */ = {isa = PBXBuildFile; fileRef = AD8DF432243C437F0062CB1A /* AnyEncodableTests.swift */; };
		AD8FC7FF2463BBD000361854 /* MetadataTests.swift in Sources */ = {isa = PBXBuildFile; fileRef = AD641A372434355C00785CE1 /* MetadataTests.swift */; };
		AD8FC8002463BBD000361854 /* PactBuilderTests.swift in Sources */ = {isa = PBXBuildFile; fileRef = AD7891B624414D500014BCC8 /* PactBuilderTests.swift */; };
		AD8FC8012463BBD000361854 /* PacticipantTests.swift in Sources */ = {isa = PBXBuildFile; fileRef = AD641A3D24344FA100785CE1 /* PacticipantTests.swift */; };
		AD8FC8022463BBD000361854 /* PactTests.swift in Sources */ = {isa = PBXBuildFile; fileRef = AD641A3F2434518500785CE1 /* PactTests.swift */; };
		AD8FC8032463BBD000361854 /* DecimalLikeTests.swift in Sources */ = {isa = PBXBuildFile; fileRef = AD7891C324415E9F0014BCC8 /* DecimalLikeTests.swift */; };
		AD8FC8042463BBD000361854 /* EachLikeTests.swift in Sources */ = {isa = PBXBuildFile; fileRef = AD7891BB244156FC0014BCC8 /* EachLikeTests.swift */; };
		AD8FC8052463BBD000361854 /* IntegerLikeTests.swift in Sources */ = {isa = PBXBuildFile; fileRef = AD7891BF24415C710014BCC8 /* IntegerLikeTests.swift */; };
		AD8FC8062463BBD000361854 /* RegexLikeTests.swift in Sources */ = {isa = PBXBuildFile; fileRef = ADD3C27124416A3E002E73B9 /* RegexLikeTests.swift */; };
		AD8FC8072463BBD000361854 /* SomethingLikeTests.swift in Sources */ = {isa = PBXBuildFile; fileRef = AD7891B92441512E0014BCC8 /* SomethingLikeTests.swift */; };
		AD8FC8082463BBD100361854 /* MockServiceTests.swift in Sources */ = {isa = PBXBuildFile; fileRef = AD103617244693A6002C97CA /* MockServiceTests.swift */; };
		AD8FC8092463BBD100361854 /* MockServerTests.swift in Sources */ = {isa = PBXBuildFile; fileRef = AD646FC82460F7F300979AFC /* MockServerTests.swift */; };
		AD8FC80A2463BBD100361854 /* ErrorCapture.swift in Sources */ = {isa = PBXBuildFile; fileRef = ADDE4700244D0FD600E4F7EE /* ErrorCapture.swift */; };
		AD8FC82C2463C9EE00361854 /* libpact_mock_server.a in Frameworks */ = {isa = PBXBuildFile; fileRef = AD8FC8112463BECF00361854 /* libpact_mock_server.a */; };
		AD8FC82D2463C9FA00361854 /* libpact_mock_server.a in Frameworks */ = {isa = PBXBuildFile; fileRef = AD8FC8102463BEA600361854 /* libpact_mock_server.a */; };
		ADA17E3B25137716004F1A82 /* RandomDateTime.swift in Sources */ = {isa = PBXBuildFile; fileRef = ADA17E3A25137716004F1A82 /* RandomDateTime.swift */; };
		ADA17E3C25137716004F1A82 /* RandomDateTime.swift in Sources */ = {isa = PBXBuildFile; fileRef = ADA17E3A25137716004F1A82 /* RandomDateTime.swift */; };
		ADA17E3E2513772B004F1A82 /* RandomDateTimeTests.swift in Sources */ = {isa = PBXBuildFile; fileRef = ADA17E3D2513772B004F1A82 /* RandomDateTimeTests.swift */; };
		ADA17E3F2513772B004F1A82 /* RandomDateTimeTests.swift in Sources */ = {isa = PBXBuildFile; fileRef = ADA17E3D2513772B004F1A82 /* RandomDateTimeTests.swift */; };
		ADA17E41251377A4004F1A82 /* Date+PactSwift.swift in Sources */ = {isa = PBXBuildFile; fileRef = ADA17E40251377A4004F1A82 /* Date+PactSwift.swift */; };
		ADA17E42251377A4004F1A82 /* Date+PactSwift.swift in Sources */ = {isa = PBXBuildFile; fileRef = ADA17E40251377A4004F1A82 /* Date+PactSwift.swift */; };
		ADA17E492513808B004F1A82 /* DateHelper.swift in Sources */ = {isa = PBXBuildFile; fileRef = ADA17E482513808B004F1A82 /* DateHelper.swift */; };
		ADA17E4A2513808B004F1A82 /* DateHelper.swift in Sources */ = {isa = PBXBuildFile; fileRef = ADA17E482513808B004F1A82 /* DateHelper.swift */; };
		ADA17E4C251383EB004F1A82 /* RandomTime.swift in Sources */ = {isa = PBXBuildFile; fileRef = ADA17E4B251383EB004F1A82 /* RandomTime.swift */; };
		ADA17E4D251383EB004F1A82 /* RandomTime.swift in Sources */ = {isa = PBXBuildFile; fileRef = ADA17E4B251383EB004F1A82 /* RandomTime.swift */; };
		ADA17E4F2513848A004F1A82 /* RandomTimeTests.swift in Sources */ = {isa = PBXBuildFile; fileRef = ADA17E4E2513848A004F1A82 /* RandomTimeTests.swift */; };
		ADA17E502513848A004F1A82 /* RandomTimeTests.swift in Sources */ = {isa = PBXBuildFile; fileRef = ADA17E4E2513848A004F1A82 /* RandomTimeTests.swift */; };
		ADA17E5225138908004F1A82 /* RandomDecimal.swift in Sources */ = {isa = PBXBuildFile; fileRef = ADA17E5125138908004F1A82 /* RandomDecimal.swift */; };
		ADA17E5325138908004F1A82 /* RandomDecimal.swift in Sources */ = {isa = PBXBuildFile; fileRef = ADA17E5125138908004F1A82 /* RandomDecimal.swift */; };
		ADB7C11D2432D41F00A16CDE /* Dictionary+Pact.swift in Sources */ = {isa = PBXBuildFile; fileRef = ADB7C11C2432D41E00A16CDE /* Dictionary+Pact.swift */; };
		ADB7C1612433269B00A16CDE /* Request.swift in Sources */ = {isa = PBXBuildFile; fileRef = ADB7C1602433269B00A16CDE /* Request.swift */; };
		ADB7C1692433280100A16CDE /* PactHTTPMethod.swift in Sources */ = {isa = PBXBuildFile; fileRef = ADB7C1682433280100A16CDE /* PactHTTPMethod.swift */; };
		ADB7C16B2433283400A16CDE /* Response.swift in Sources */ = {isa = PBXBuildFile; fileRef = ADB7C16A2433283400A16CDE /* Response.swift */; };
		ADBC60DC2513639700BBE666 /* RandomDate.swift in Sources */ = {isa = PBXBuildFile; fileRef = AD8546F025135F4200211E28 /* RandomDate.swift */; };
		ADBC60DD2513639800BBE666 /* RandomDate.swift in Sources */ = {isa = PBXBuildFile; fileRef = AD8546F025135F4200211E28 /* RandomDate.swift */; };
		ADC3AA37247C8C4B0034446E /* InteractionTests.swift in Sources */ = {isa = PBXBuildFile; fileRef = ADC3AA36247C8C4B0034446E /* InteractionTests.swift */; };
		ADC3AA38247C8C4B0034446E /* InteractionTests.swift in Sources */ = {isa = PBXBuildFile; fileRef = ADC3AA36247C8C4B0034446E /* InteractionTests.swift */; };
		ADC3AA3A247CB90B0034446E /* VerificationErrorTypeTests.swift in Sources */ = {isa = PBXBuildFile; fileRef = ADC3AA39247CB90B0034446E /* VerificationErrorTypeTests.swift */; };
		ADC3AA3B247CB90B0034446E /* VerificationErrorTypeTests.swift in Sources */ = {isa = PBXBuildFile; fileRef = ADC3AA39247CB90B0034446E /* VerificationErrorTypeTests.swift */; };
		ADC3AA3D247CBB550034446E /* IncludesLikeTests.swift in Sources */ = {isa = PBXBuildFile; fileRef = ADC3AA3C247CBB550034446E /* IncludesLikeTests.swift */; };
		ADC3AA3E247CBB550034446E /* IncludesLikeTests.swift in Sources */ = {isa = PBXBuildFile; fileRef = ADC3AA3C247CBB550034446E /* IncludesLikeTests.swift */; };
		ADC4466D247BC840004D2267 /* MockServerErrorTests.swift in Sources */ = {isa = PBXBuildFile; fileRef = ADC4466C247BC840004D2267 /* MockServerErrorTests.swift */; };
		ADC4466E247BC840004D2267 /* MockServerErrorTests.swift in Sources */ = {isa = PBXBuildFile; fileRef = ADC4466C247BC840004D2267 /* MockServerErrorTests.swift */; };
		ADD0315F2512193500C6099B /* ExampleGeneratorExpressible.swift in Sources */ = {isa = PBXBuildFile; fileRef = ADD0315E2512193500C6099B /* ExampleGeneratorExpressible.swift */; };
		ADD031602512193500C6099B /* ExampleGeneratorExpressible.swift in Sources */ = {isa = PBXBuildFile; fileRef = ADD0315E2512193500C6099B /* ExampleGeneratorExpressible.swift */; };
		ADD03164251219B700C6099B /* ExampleGenerator.swift in Sources */ = {isa = PBXBuildFile; fileRef = ADD03163251219B700C6099B /* ExampleGenerator.swift */; };
		ADD03165251219B700C6099B /* ExampleGenerator.swift in Sources */ = {isa = PBXBuildFile; fileRef = ADD03163251219B700C6099B /* ExampleGenerator.swift */; };
		ADD03167251220FD00C6099B /* RandomBoolean.swift in Sources */ = {isa = PBXBuildFile; fileRef = ADD03166251220FD00C6099B /* RandomBoolean.swift */; };
		ADD03168251220FD00C6099B /* RandomBoolean.swift in Sources */ = {isa = PBXBuildFile; fileRef = ADD03166251220FD00C6099B /* RandomBoolean.swift */; };
		ADD0316C251221A300C6099B /* RandomBooleanTests.swift in Sources */ = {isa = PBXBuildFile; fileRef = ADD0316B251221A300C6099B /* RandomBooleanTests.swift */; };
		ADD0316D251221A300C6099B /* RandomBooleanTests.swift in Sources */ = {isa = PBXBuildFile; fileRef = ADD0316B251221A300C6099B /* RandomBooleanTests.swift */; };
		ADD0316F25122E4B00C6099B /* RandomUuid.swift in Sources */ = {isa = PBXBuildFile; fileRef = ADD0316E25122E4B00C6099B /* RandomUuid.swift */; };
		ADD0317025122E4B00C6099B /* RandomUuid.swift in Sources */ = {isa = PBXBuildFile; fileRef = ADD0316E25122E4B00C6099B /* RandomUuid.swift */; };
		ADD0317225122EA400C6099B /* RandomUUIDTests.swift in Sources */ = {isa = PBXBuildFile; fileRef = ADD0317125122EA400C6099B /* RandomUUIDTests.swift */; };
		ADD0317325122EA400C6099B /* RandomUUIDTests.swift in Sources */ = {isa = PBXBuildFile; fileRef = ADD0317125122EA400C6099B /* RandomUUIDTests.swift */; };
		ADD03175251235A800C6099B /* UUID+Pact.swift in Sources */ = {isa = PBXBuildFile; fileRef = ADD03174251235A800C6099B /* UUID+Pact.swift */; };
		ADD03176251235A800C6099B /* UUID+Pact.swift in Sources */ = {isa = PBXBuildFile; fileRef = ADD03174251235A800C6099B /* UUID+Pact.swift */; };
		ADD031782512425800C6099B /* RandomInt.swift in Sources */ = {isa = PBXBuildFile; fileRef = ADD031772512425800C6099B /* RandomInt.swift */; };
		ADD031792512425800C6099B /* RandomInt.swift in Sources */ = {isa = PBXBuildFile; fileRef = ADD031772512425800C6099B /* RandomInt.swift */; };
		ADD0317B2512439500C6099B /* RandomIntTests.swift in Sources */ = {isa = PBXBuildFile; fileRef = ADD0317A2512439500C6099B /* RandomIntTests.swift */; };
		ADD0317C2512439500C6099B /* RandomIntTests.swift in Sources */ = {isa = PBXBuildFile; fileRef = ADD0317A2512439500C6099B /* RandomIntTests.swift */; };
		ADD3C27024416891002E73B9 /* RegexLike.swift in Sources */ = {isa = PBXBuildFile; fileRef = ADD3C26F24416891002E73B9 /* RegexLike.swift */; };
		ADD3C27224416A3E002E73B9 /* RegexLikeTests.swift in Sources */ = {isa = PBXBuildFile; fileRef = ADD3C27124416A3E002E73B9 /* RegexLikeTests.swift */; };
		ADD3C27424416CDF002E73B9 /* EqualTo.swift in Sources */ = {isa = PBXBuildFile; fileRef = ADD3C27324416CDF002E73B9 /* EqualTo.swift */; };
		ADD3C27624416DAE002E73B9 /* IncludesLike.swift in Sources */ = {isa = PBXBuildFile; fileRef = ADD3C27524416DAE002E73B9 /* IncludesLike.swift */; };
		ADDE4702244D0FDE00E4F7EE /* ErrorCapture.swift in Sources */ = {isa = PBXBuildFile; fileRef = ADDE4700244D0FD600E4F7EE /* ErrorCapture.swift */; };
		ADDE4704244D101700E4F7EE /* ErrorReportable.swift in Sources */ = {isa = PBXBuildFile; fileRef = ADDE4703244D101700E4F7EE /* ErrorReportable.swift */; };
		ADDE4706244D11DE00E4F7EE /* ErrorReporter.swift in Sources */ = {isa = PBXBuildFile; fileRef = ADDE4705244D11DE00E4F7EE /* ErrorReporter.swift */; };
		ADE2937F2435DB14008AFBC9 /* ProviderState.swift in Sources */ = {isa = PBXBuildFile; fileRef = ADE2937E2435DB14008AFBC9 /* ProviderState.swift */; };
		ADE9B3C7250A3C4700274672 /* Matcher.swift in Sources */ = {isa = PBXBuildFile; fileRef = ADE9B3C6250A3C4700274672 /* Matcher.swift */; };
		ADE9B3C8250A3C4700274672 /* Matcher.swift in Sources */ = {isa = PBXBuildFile; fileRef = ADE9B3C6250A3C4700274672 /* Matcher.swift */; };
		ADE9B3CA250A435B00274672 /* EqualToTests.swift in Sources */ = {isa = PBXBuildFile; fileRef = ADE9B3C9250A435B00274672 /* EqualToTests.swift */; };
		ADE9B3CB250A435B00274672 /* EqualToTests.swift in Sources */ = {isa = PBXBuildFile; fileRef = ADE9B3C9250A435B00274672 /* EqualToTests.swift */; };
/* End PBXBuildFile section */

/* Begin PBXContainerItemProxy section */
		AD881809242C715B00BF510D /* PBXContainerItemProxy */ = {
			isa = PBXContainerItemProxy;
			containerPortal = AD8817F5242C715A00BF510D /* Project object */;
			proxyType = 1;
			remoteGlobalIDString = AD8817FD242C715A00BF510D;
			remoteInfo = PACTSwift;
		};
		AD8FC7C12463A06F00361854 /* PBXContainerItemProxy */ = {
			isa = PBXContainerItemProxy;
			containerPortal = AD8817F5242C715A00BF510D /* Project object */;
			proxyType = 1;
			remoteGlobalIDString = AD8FC7B62463A06F00361854;
			remoteInfo = PactSwift_macOS;
		};
/* End PBXContainerItemProxy section */

/* Begin PBXFileReference section */
		AD10361324468AB3002C97CA /* MockService.swift */ = {isa = PBXFileReference; lastKnownFileType = sourcecode.swift; path = MockService.swift; sourceTree = "<group>"; };
		AD103617244693A6002C97CA /* MockServiceTests.swift */ = {isa = PBXFileReference; lastKnownFileType = sourcecode.swift; path = MockServiceTests.swift; sourceTree = "<group>"; };
		AD2CB262242CC0A000D991F0 /* Project-Debug.xcconfig */ = {isa = PBXFileReference; lastKnownFileType = text.xcconfig; path = "Project-Debug.xcconfig"; sourceTree = "<group>"; };
		AD2CB263242CC0B900D991F0 /* Project-Release.xcconfig */ = {isa = PBXFileReference; lastKnownFileType = text.xcconfig; path = "Project-Release.xcconfig"; sourceTree = "<group>"; };
		AD2CB264242CC10600D991F0 /* Target-iOS-Debug.xcconfig */ = {isa = PBXFileReference; lastKnownFileType = text.xcconfig; path = "Target-iOS-Debug.xcconfig"; sourceTree = "<group>"; };
		AD2CB265242CC10E00D991F0 /* Target-iOS-Release.xcconfig */ = {isa = PBXFileReference; lastKnownFileType = text.xcconfig; path = "Target-iOS-Release.xcconfig"; sourceTree = "<group>"; };
		AD2CB266242CC11700D991F0 /* Target-iOS-Tests-Debug.xcconfig */ = {isa = PBXFileReference; lastKnownFileType = text.xcconfig; path = "Target-iOS-Tests-Debug.xcconfig"; sourceTree = "<group>"; };
		AD2CB267242CC12300D991F0 /* Target-iOS-Tests-Release.xcconfig */ = {isa = PBXFileReference; lastKnownFileType = text.xcconfig; path = "Target-iOS-Tests-Release.xcconfig"; sourceTree = "<group>"; };
		AD4B970425138F7600C37560 /* RandomDecimalTests.swift */ = {isa = PBXFileReference; lastKnownFileType = sourcecode.swift; path = RandomDecimalTests.swift; sourceTree = "<group>"; };
		AD4B97092513A04800C37560 /* RandomHexadecimal.swift */ = {isa = PBXFileReference; lastKnownFileType = sourcecode.swift; path = RandomHexadecimal.swift; sourceTree = "<group>"; };
		AD4B970C2513A0C300C37560 /* RandomHexadecimalTests.swift */ = {isa = PBXFileReference; lastKnownFileType = sourcecode.swift; path = RandomHexadecimalTests.swift; sourceTree = "<group>"; };
		AD4B970F2513A3DB00C37560 /* RandomString.swift */ = {isa = PBXFileReference; lastKnownFileType = sourcecode.swift; path = RandomString.swift; sourceTree = "<group>"; };
		AD4B97122513A64700C37560 /* RandomStringTests.swift */ = {isa = PBXFileReference; lastKnownFileType = sourcecode.swift; path = RandomStringTests.swift; sourceTree = "<group>"; };
		AD4B97152513AA9800C37560 /* RandomRegex.swift */ = {isa = PBXFileReference; lastKnownFileType = sourcecode.swift; path = RandomRegex.swift; sourceTree = "<group>"; };
		AD4B97182513AB4F00C37560 /* RandomRegexTests.swift */ = {isa = PBXFileReference; lastKnownFileType = sourcecode.swift; path = RandomRegexTests.swift; sourceTree = "<group>"; };
		AD4FC5DD242CC2B20039342D /* Project-Shared.xcconfig */ = {isa = PBXFileReference; lastKnownFileType = text.xcconfig; path = "Project-Shared.xcconfig"; sourceTree = "<group>"; };
		AD4FC5DE242CC2C30039342D /* Target-iOS-Shared.xcconfig */ = {isa = PBXFileReference; lastKnownFileType = text.xcconfig; path = "Target-iOS-Shared.xcconfig"; sourceTree = "<group>"; };
		AD4FC5DF242CC2CB0039342D /* Target-iOS-Tests-Shared.xcconfig */ = {isa = PBXFileReference; lastKnownFileType = text.xcconfig; path = "Target-iOS-Tests-Shared.xcconfig"; sourceTree = "<group>"; };
		AD641A322434331300785CE1 /* Bundle+Pact.swift */ = {isa = PBXFileReference; lastKnownFileType = sourcecode.swift; path = "Bundle+Pact.swift"; sourceTree = "<group>"; };
		AD641A342434345500785CE1 /* Metadata.swift */ = {isa = PBXFileReference; lastKnownFileType = sourcecode.swift; path = Metadata.swift; sourceTree = "<group>"; };
		AD641A372434355C00785CE1 /* MetadataTests.swift */ = {isa = PBXFileReference; lastKnownFileType = sourcecode.swift; path = MetadataTests.swift; sourceTree = "<group>"; };
		AD641A3924344D9500785CE1 /* Pact.swift */ = {isa = PBXFileReference; lastKnownFileType = sourcecode.swift; path = Pact.swift; sourceTree = "<group>"; };
		AD641A3B24344ED400785CE1 /* Pacticipant.swift */ = {isa = PBXFileReference; lastKnownFileType = sourcecode.swift; path = Pacticipant.swift; sourceTree = "<group>"; };
		AD641A3D24344FA100785CE1 /* PacticipantTests.swift */ = {isa = PBXFileReference; lastKnownFileType = sourcecode.swift; path = PacticipantTests.swift; sourceTree = "<group>"; };
		AD641A3F2434518500785CE1 /* PactTests.swift */ = {isa = PBXFileReference; lastKnownFileType = sourcecode.swift; path = PactTests.swift; sourceTree = "<group>"; };
		AD641A412434588200785CE1 /* Interaction.swift */ = {isa = PBXFileReference; lastKnownFileType = sourcecode.swift; path = Interaction.swift; sourceTree = "<group>"; };
		AD646FAE2460F77D00979AFC /* MismatchErrorType.swift */ = {isa = PBXFileReference; fileEncoding = 4; lastKnownFileType = sourcecode.swift; path = MismatchErrorType.swift; sourceTree = "<group>"; };
		AD646FAF2460F77D00979AFC /* RequestError.swift */ = {isa = PBXFileReference; fileEncoding = 4; lastKnownFileType = sourcecode.swift; path = RequestError.swift; sourceTree = "<group>"; };
		AD646FB02460F77D00979AFC /* VerificationError.swift */ = {isa = PBXFileReference; fileEncoding = 4; lastKnownFileType = sourcecode.swift; path = VerificationError.swift; sourceTree = "<group>"; };
		AD646FB12460F77D00979AFC /* VerificationErrorHandler.swift */ = {isa = PBXFileReference; fileEncoding = 4; lastKnownFileType = sourcecode.swift; path = VerificationErrorHandler.swift; sourceTree = "<group>"; };
		AD646FB22460F77D00979AFC /* MockServerError.swift */ = {isa = PBXFileReference; fileEncoding = 4; lastKnownFileType = sourcecode.swift; path = MockServerError.swift; sourceTree = "<group>"; };
		AD646FB32460F77D00979AFC /* VerificationErrorType.swift */ = {isa = PBXFileReference; fileEncoding = 4; lastKnownFileType = sourcecode.swift; path = VerificationErrorType.swift; sourceTree = "<group>"; };
		AD646FB42460F77D00979AFC /* MismatchError.swift */ = {isa = PBXFileReference; fileEncoding = 4; lastKnownFileType = sourcecode.swift; path = MismatchError.swift; sourceTree = "<group>"; };
		AD646FB52460F77D00979AFC /* PactError.swift */ = {isa = PBXFileReference; fileEncoding = 4; lastKnownFileType = sourcecode.swift; path = PactError.swift; sourceTree = "<group>"; };
		AD646FBF2460F7BF00979AFC /* PactFileManager.swift */ = {isa = PBXFileReference; fileEncoding = 4; lastKnownFileType = sourcecode.swift; path = PactFileManager.swift; sourceTree = "<group>"; };
		AD646FC22460F7CC00979AFC /* MockServer.swift */ = {isa = PBXFileReference; fileEncoding = 4; lastKnownFileType = sourcecode.swift; path = MockServer.swift; sourceTree = "<group>"; };
		AD646FC52460F7DC00979AFC /* PactSocketFinder.swift */ = {isa = PBXFileReference; fileEncoding = 4; lastKnownFileType = sourcecode.swift; path = PactSocketFinder.swift; sourceTree = "<group>"; };
		AD646FC82460F7F300979AFC /* MockServerTests.swift */ = {isa = PBXFileReference; fileEncoding = 4; lastKnownFileType = sourcecode.swift; path = MockServerTests.swift; sourceTree = "<group>"; };
		AD646FCA2460F80B00979AFC /* pact_mock_server.h */ = {isa = PBXFileReference; fileEncoding = 4; lastKnownFileType = sourcecode.c.h; path = pact_mock_server.h; sourceTree = "<group>"; };
		AD7891B624414D500014BCC8 /* PactBuilderTests.swift */ = {isa = PBXFileReference; lastKnownFileType = sourcecode.swift; path = PactBuilderTests.swift; sourceTree = "<group>"; };
		AD7891B92441512E0014BCC8 /* SomethingLikeTests.swift */ = {isa = PBXFileReference; lastKnownFileType = sourcecode.swift; path = SomethingLikeTests.swift; sourceTree = "<group>"; };
		AD7891BB244156FC0014BCC8 /* EachLikeTests.swift */ = {isa = PBXFileReference; lastKnownFileType = sourcecode.swift; path = EachLikeTests.swift; sourceTree = "<group>"; };
		AD7891BD24415C100014BCC8 /* IntegerLike.swift */ = {isa = PBXFileReference; lastKnownFileType = sourcecode.swift; path = IntegerLike.swift; sourceTree = "<group>"; };
		AD7891BF24415C710014BCC8 /* IntegerLikeTests.swift */ = {isa = PBXFileReference; lastKnownFileType = sourcecode.swift; path = IntegerLikeTests.swift; sourceTree = "<group>"; };
		AD7891C124415E3E0014BCC8 /* DecimalLike.swift */ = {isa = PBXFileReference; lastKnownFileType = sourcecode.swift; path = DecimalLike.swift; sourceTree = "<group>"; };
		AD7891C324415E9F0014BCC8 /* DecimalLikeTests.swift */ = {isa = PBXFileReference; lastKnownFileType = sourcecode.swift; path = DecimalLikeTests.swift; sourceTree = "<group>"; };
		AD8546F025135F4200211E28 /* RandomDate.swift */ = {isa = PBXFileReference; lastKnownFileType = sourcecode.swift; path = RandomDate.swift; sourceTree = "<group>"; };
		AD8546F32513601800211E28 /* RandomDateTests.swift */ = {isa = PBXFileReference; lastKnownFileType = sourcecode.swift; path = RandomDateTests.swift; sourceTree = "<group>"; };
		AD8817FE242C715A00BF510D /* PactSwift.framework */ = {isa = PBXFileReference; explicitFileType = wrapper.framework; includeInIndex = 0; path = PactSwift.framework; sourceTree = BUILT_PRODUCTS_DIR; };
		AD881801242C715A00BF510D /* PactSwift.h */ = {isa = PBXFileReference; lastKnownFileType = sourcecode.c.h; path = PactSwift.h; sourceTree = "<group>"; };
		AD881802242C715A00BF510D /* Info-iOS.plist */ = {isa = PBXFileReference; lastKnownFileType = text.plist.xml; path = "Info-iOS.plist"; sourceTree = "<group>"; };
		AD881807242C715B00BF510D /* PactSwiftTests_iOS.xctest */ = {isa = PBXFileReference; explicitFileType = wrapper.cfbundle; includeInIndex = 0; path = PactSwiftTests_iOS.xctest; sourceTree = BUILT_PRODUCTS_DIR; };
		AD88180E242C715B00BF510D /* Info-iOS-Tests.plist */ = {isa = PBXFileReference; lastKnownFileType = text.plist.xml; path = "Info-iOS-Tests.plist"; sourceTree = "<group>"; };
		AD8A32D6242CCF5600283080 /* Scripts */ = {isa = PBXFileReference; lastKnownFileType = folder; path = Scripts; sourceTree = "<group>"; };
		AD8DF42B243BF9430062CB1A /* AnyEncodable.swift */ = {isa = PBXFileReference; lastKnownFileType = sourcecode.swift; path = AnyEncodable.swift; sourceTree = "<group>"; };
		AD8DF432243C437F0062CB1A /* AnyEncodableTests.swift */ = {isa = PBXFileReference; lastKnownFileType = sourcecode.swift; path = AnyEncodableTests.swift; sourceTree = "<group>"; };
		AD8DF434243C53750062CB1A /* PactBuilder.swift */ = {isa = PBXFileReference; lastKnownFileType = sourcecode.swift; path = PactBuilder.swift; sourceTree = "<group>"; };
		AD8DF436243EA4580062CB1A /* PactInteractionNode.swift */ = {isa = PBXFileReference; lastKnownFileType = sourcecode.swift; path = PactInteractionNode.swift; sourceTree = "<group>"; };
		AD8DF438243EEBDB0062CB1A /* SomethingLike.swift */ = {isa = PBXFileReference; lastKnownFileType = sourcecode.swift; path = SomethingLike.swift; sourceTree = "<group>"; };
		AD8DF43A243EEF390062CB1A /* MatchingRuleExpressible.swift */ = {isa = PBXFileReference; lastKnownFileType = sourcecode.swift; path = MatchingRuleExpressible.swift; sourceTree = "<group>"; };
		AD8DF43E244055980062CB1A /* EachLike.swift */ = {isa = PBXFileReference; lastKnownFileType = sourcecode.swift; path = EachLike.swift; sourceTree = "<group>"; };
		AD8FC7B72463A06F00361854 /* PactSwift.framework */ = {isa = PBXFileReference; explicitFileType = wrapper.framework; includeInIndex = 0; path = PactSwift.framework; sourceTree = BUILT_PRODUCTS_DIR; };
		AD8FC7BA2463A06F00361854 /* Info-macOS.plist */ = {isa = PBXFileReference; lastKnownFileType = text.plist.xml; path = "Info-macOS.plist"; sourceTree = "<group>"; };
		AD8FC7BF2463A06F00361854 /* PactSwiftTests_macOS.xctest */ = {isa = PBXFileReference; explicitFileType = wrapper.cfbundle; includeInIndex = 0; path = PactSwiftTests_macOS.xctest; sourceTree = BUILT_PRODUCTS_DIR; };
		AD8FC7C62463A06F00361854 /* Info-macOS-Tests.plist */ = {isa = PBXFileReference; lastKnownFileType = text.plist.xml; path = "Info-macOS-Tests.plist"; sourceTree = "<group>"; };
		AD8FC7D22463AD9800361854 /* Target-macOS-Shared.xcconfig */ = {isa = PBXFileReference; lastKnownFileType = text.xcconfig; path = "Target-macOS-Shared.xcconfig"; sourceTree = "<group>"; };
		AD8FC7D32463ADA700361854 /* Target-macOS-Debug.xcconfig */ = {isa = PBXFileReference; lastKnownFileType = text.xcconfig; path = "Target-macOS-Debug.xcconfig"; sourceTree = "<group>"; };
		AD8FC7D42463ADB000361854 /* Target-macOS-Release.xcconfig */ = {isa = PBXFileReference; lastKnownFileType = text.xcconfig; path = "Target-macOS-Release.xcconfig"; sourceTree = "<group>"; };
		AD8FC7D52463ADC300361854 /* Target-macOS-Tests-Shared.xcconfig */ = {isa = PBXFileReference; lastKnownFileType = text.xcconfig; path = "Target-macOS-Tests-Shared.xcconfig"; sourceTree = "<group>"; };
		AD8FC7D62463ADCF00361854 /* Target-macOS-Tests-Debug.xcconfig */ = {isa = PBXFileReference; lastKnownFileType = text.xcconfig; path = "Target-macOS-Tests-Debug.xcconfig"; sourceTree = "<group>"; };
		AD8FC7D72463ADDB00361854 /* Target-macOS-Tests-Release.xcconfig */ = {isa = PBXFileReference; lastKnownFileType = text.xcconfig; path = "Target-macOS-Tests-Release.xcconfig"; sourceTree = "<group>"; };
		AD8FC8102463BEA600361854 /* libpact_mock_server.a */ = {isa = PBXFileReference; lastKnownFileType = archive.ar; path = libpact_mock_server.a; sourceTree = "<group>"; };
		AD8FC8112463BECF00361854 /* libpact_mock_server.a */ = {isa = PBXFileReference; lastKnownFileType = archive.ar; path = libpact_mock_server.a; sourceTree = "<group>"; };
		AD8FC8212463C4AA00361854 /* Nimble.framework */ = {isa = PBXFileReference; lastKnownFileType = wrapper.framework; name = Nimble.framework; path = Carthage/Build/Mac/Nimble.framework; sourceTree = "<group>"; };
		AD8FC8252463C5AA00361854 /* Nimble.framework */ = {isa = PBXFileReference; lastKnownFileType = wrapper.framework; name = Nimble.framework; path = Carthage/Build/iOS/Nimble.framework; sourceTree = "<group>"; };
		ADA17E3A25137716004F1A82 /* RandomDateTime.swift */ = {isa = PBXFileReference; lastKnownFileType = sourcecode.swift; path = RandomDateTime.swift; sourceTree = "<group>"; };
		ADA17E3D2513772B004F1A82 /* RandomDateTimeTests.swift */ = {isa = PBXFileReference; lastKnownFileType = sourcecode.swift; path = RandomDateTimeTests.swift; sourceTree = "<group>"; };
		ADA17E40251377A4004F1A82 /* Date+PactSwift.swift */ = {isa = PBXFileReference; lastKnownFileType = sourcecode.swift; path = "Date+PactSwift.swift"; sourceTree = "<group>"; };
		ADA17E482513808B004F1A82 /* DateHelper.swift */ = {isa = PBXFileReference; lastKnownFileType = sourcecode.swift; path = DateHelper.swift; sourceTree = "<group>"; };
		ADA17E4B251383EB004F1A82 /* RandomTime.swift */ = {isa = PBXFileReference; lastKnownFileType = sourcecode.swift; path = RandomTime.swift; sourceTree = "<group>"; };
		ADA17E4E2513848A004F1A82 /* RandomTimeTests.swift */ = {isa = PBXFileReference; lastKnownFileType = sourcecode.swift; path = RandomTimeTests.swift; sourceTree = "<group>"; };
		ADA17E5125138908004F1A82 /* RandomDecimal.swift */ = {isa = PBXFileReference; lastKnownFileType = sourcecode.swift; path = RandomDecimal.swift; sourceTree = "<group>"; };
		ADB7C11C2432D41E00A16CDE /* Dictionary+Pact.swift */ = {isa = PBXFileReference; lastKnownFileType = sourcecode.swift; path = "Dictionary+Pact.swift"; sourceTree = "<group>"; };
		ADB7C1602433269B00A16CDE /* Request.swift */ = {isa = PBXFileReference; lastKnownFileType = sourcecode.swift; path = Request.swift; sourceTree = "<group>"; };
		ADB7C1682433280100A16CDE /* PactHTTPMethod.swift */ = {isa = PBXFileReference; lastKnownFileType = sourcecode.swift; path = PactHTTPMethod.swift; sourceTree = "<group>"; };
		ADB7C16A2433283400A16CDE /* Response.swift */ = {isa = PBXFileReference; lastKnownFileType = sourcecode.swift; path = Response.swift; sourceTree = "<group>"; };
		ADC3AA36247C8C4B0034446E /* InteractionTests.swift */ = {isa = PBXFileReference; lastKnownFileType = sourcecode.swift; path = InteractionTests.swift; sourceTree = "<group>"; };
		ADC3AA39247CB90B0034446E /* VerificationErrorTypeTests.swift */ = {isa = PBXFileReference; lastKnownFileType = sourcecode.swift; path = VerificationErrorTypeTests.swift; sourceTree = "<group>"; };
		ADC3AA3C247CBB550034446E /* IncludesLikeTests.swift */ = {isa = PBXFileReference; lastKnownFileType = sourcecode.swift; path = IncludesLikeTests.swift; sourceTree = "<group>"; };
		ADC4466C247BC840004D2267 /* MockServerErrorTests.swift */ = {isa = PBXFileReference; lastKnownFileType = sourcecode.swift; path = MockServerErrorTests.swift; sourceTree = "<group>"; };
		ADC6FAE024302BA800026714 /* Documentation */ = {isa = PBXFileReference; lastKnownFileType = folder; path = Documentation; sourceTree = "<group>"; };
		ADD0315E2512193500C6099B /* ExampleGeneratorExpressible.swift */ = {isa = PBXFileReference; lastKnownFileType = sourcecode.swift; path = ExampleGeneratorExpressible.swift; sourceTree = "<group>"; };
		ADD03163251219B700C6099B /* ExampleGenerator.swift */ = {isa = PBXFileReference; lastKnownFileType = sourcecode.swift; path = ExampleGenerator.swift; sourceTree = "<group>"; };
		ADD03166251220FD00C6099B /* RandomBoolean.swift */ = {isa = PBXFileReference; lastKnownFileType = sourcecode.swift; path = RandomBoolean.swift; sourceTree = "<group>"; };
		ADD0316B251221A300C6099B /* RandomBooleanTests.swift */ = {isa = PBXFileReference; lastKnownFileType = sourcecode.swift; path = RandomBooleanTests.swift; sourceTree = "<group>"; };
		ADD0316E25122E4B00C6099B /* RandomUuid.swift */ = {isa = PBXFileReference; lastKnownFileType = sourcecode.swift; path = RandomUuid.swift; sourceTree = "<group>"; };
		ADD0317125122EA400C6099B /* RandomUUIDTests.swift */ = {isa = PBXFileReference; lastKnownFileType = sourcecode.swift; path = RandomUUIDTests.swift; sourceTree = "<group>"; };
		ADD03174251235A800C6099B /* UUID+Pact.swift */ = {isa = PBXFileReference; lastKnownFileType = sourcecode.swift; path = "UUID+Pact.swift"; sourceTree = "<group>"; };
		ADD031772512425800C6099B /* RandomInt.swift */ = {isa = PBXFileReference; lastKnownFileType = sourcecode.swift; path = RandomInt.swift; sourceTree = "<group>"; };
		ADD0317A2512439500C6099B /* RandomIntTests.swift */ = {isa = PBXFileReference; lastKnownFileType = sourcecode.swift; path = RandomIntTests.swift; sourceTree = "<group>"; };
		ADD3C26F24416891002E73B9 /* RegexLike.swift */ = {isa = PBXFileReference; lastKnownFileType = sourcecode.swift; path = RegexLike.swift; sourceTree = "<group>"; };
		ADD3C27124416A3E002E73B9 /* RegexLikeTests.swift */ = {isa = PBXFileReference; lastKnownFileType = sourcecode.swift; path = RegexLikeTests.swift; sourceTree = "<group>"; };
		ADD3C27324416CDF002E73B9 /* EqualTo.swift */ = {isa = PBXFileReference; lastKnownFileType = sourcecode.swift; path = EqualTo.swift; sourceTree = "<group>"; };
		ADD3C27524416DAE002E73B9 /* IncludesLike.swift */ = {isa = PBXFileReference; lastKnownFileType = sourcecode.swift; path = IncludesLike.swift; sourceTree = "<group>"; };
		ADD6993D242C861600C5C2C2 /* .swiftlint.yml */ = {isa = PBXFileReference; lastKnownFileType = text.yaml; path = .swiftlint.yml; sourceTree = "<group>"; };
		ADDE4700244D0FD600E4F7EE /* ErrorCapture.swift */ = {isa = PBXFileReference; lastKnownFileType = sourcecode.swift; path = ErrorCapture.swift; sourceTree = "<group>"; };
		ADDE4703244D101700E4F7EE /* ErrorReportable.swift */ = {isa = PBXFileReference; lastKnownFileType = sourcecode.swift; path = ErrorReportable.swift; sourceTree = "<group>"; };
		ADDE4705244D11DE00E4F7EE /* ErrorReporter.swift */ = {isa = PBXFileReference; lastKnownFileType = sourcecode.swift; path = ErrorReporter.swift; sourceTree = "<group>"; };
		ADE2937E2435DB14008AFBC9 /* ProviderState.swift */ = {isa = PBXFileReference; lastKnownFileType = sourcecode.swift; path = ProviderState.swift; sourceTree = "<group>"; };
		ADE9B3C6250A3C4700274672 /* Matcher.swift */ = {isa = PBXFileReference; lastKnownFileType = sourcecode.swift; path = Matcher.swift; sourceTree = "<group>"; };
		ADE9B3C9250A435B00274672 /* EqualToTests.swift */ = {isa = PBXFileReference; lastKnownFileType = sourcecode.swift; path = EqualToTests.swift; sourceTree = "<group>"; };
/* End PBXFileReference section */

/* Begin PBXFrameworksBuildPhase section */
		AD8817FB242C715A00BF510D /* Frameworks */ = {
			isa = PBXFrameworksBuildPhase;
			buildActionMask = 2147483647;
			files = (
				AD8FC82C2463C9EE00361854 /* libpact_mock_server.a in Frameworks */,
			);
			runOnlyForDeploymentPostprocessing = 0;
		};
		AD881804242C715B00BF510D /* Frameworks */ = {
			isa = PBXFrameworksBuildPhase;
			buildActionMask = 2147483647;
			files = (
				AD881808242C715B00BF510D /* PactSwift.framework in Frameworks */,
			);
			runOnlyForDeploymentPostprocessing = 0;
		};
		AD8FC7B42463A06F00361854 /* Frameworks */ = {
			isa = PBXFrameworksBuildPhase;
			buildActionMask = 2147483647;
			files = (
				AD8FC82D2463C9FA00361854 /* libpact_mock_server.a in Frameworks */,
			);
			runOnlyForDeploymentPostprocessing = 0;
		};
		AD8FC7BC2463A06F00361854 /* Frameworks */ = {
			isa = PBXFrameworksBuildPhase;
			buildActionMask = 2147483647;
			files = (
				AD8FC7C02463A06F00361854 /* PactSwift.framework in Frameworks */,
			);
			runOnlyForDeploymentPostprocessing = 0;
		};
/* End PBXFrameworksBuildPhase section */

/* Begin PBXGroup section */
		AD01C9392432A31F00B75C9D /* Matchers */ = {
			isa = PBXGroup;
			children = (
				AD7891C124415E3E0014BCC8 /* DecimalLike.swift */,
				AD8DF43E244055980062CB1A /* EachLike.swift */,
				ADD3C27324416CDF002E73B9 /* EqualTo.swift */,
				ADD3C27524416DAE002E73B9 /* IncludesLike.swift */,
				AD7891BD24415C100014BCC8 /* IntegerLike.swift */,
				ADE9B3C6250A3C4700274672 /* Matcher.swift */,
				ADD3C26F24416891002E73B9 /* RegexLike.swift */,
				AD8DF438243EEBDB0062CB1A /* SomethingLike.swift */,
			);
			path = Matchers;
			sourceTree = "<group>";
		};
		AD641A362434354C00785CE1 /* Definitions */ = {
			isa = PBXGroup;
			children = (
				ADC3AA36247C8C4B0034446E /* InteractionTests.swift */,
				AD641A372434355C00785CE1 /* MetadataTests.swift */,
				ADC4466C247BC840004D2267 /* MockServerErrorTests.swift */,
				AD7891B624414D500014BCC8 /* PactBuilderTests.swift */,
				AD641A3D24344FA100785CE1 /* PacticipantTests.swift */,
				AD641A3F2434518500785CE1 /* PactTests.swift */,
				ADC3AA39247CB90B0034446E /* VerificationErrorTypeTests.swift */,
			);
			path = Definitions;
			sourceTree = "<group>";
		};
		AD646FA82460F71E00979AFC /* Services */ = {
			isa = PBXGroup;
			children = (
				AD646FC42460F7D200979AFC /* PactSocketFinder */,
				AD646FC12460F7C200979AFC /* MockServer */,
				AD646FBE2460F7B400979AFC /* FileManager */,
			);
			path = Services;
			sourceTree = "<group>";
		};
		AD646FAB2460F75B00979AFC /* Pact */ = {
			isa = PBXGroup;
			children = (
				ADD0315E2512193500C6099B /* ExampleGeneratorExpressible.swift */,
				AD641A412434588200785CE1 /* Interaction.swift */,
				AD8DF43A243EEF390062CB1A /* MatchingRuleExpressible.swift */,
				AD641A342434345500785CE1 /* Metadata.swift */,
				AD641A3924344D9500785CE1 /* Pact.swift */,
				AD8DF434243C53750062CB1A /* PactBuilder.swift */,
				ADB7C1682433280100A16CDE /* PactHTTPMethod.swift */,
				AD641A3B24344ED400785CE1 /* Pacticipant.swift */,
				AD8DF436243EA4580062CB1A /* PactInteractionNode.swift */,
				ADE2937E2435DB14008AFBC9 /* ProviderState.swift */,
				ADB7C1602433269B00A16CDE /* Request.swift */,
				ADB7C16A2433283400A16CDE /* Response.swift */,
			);
			name = Pact;
			sourceTree = "<group>";
		};
		AD646FAD2460F76F00979AFC /* MockServer */ = {
			isa = PBXGroup;
			children = (
				AD646FB42460F77D00979AFC /* MismatchError.swift */,
				AD646FAE2460F77D00979AFC /* MismatchErrorType.swift */,
				AD646FB22460F77D00979AFC /* MockServerError.swift */,
				AD646FB52460F77D00979AFC /* PactError.swift */,
				AD646FAF2460F77D00979AFC /* RequestError.swift */,
				AD646FB02460F77D00979AFC /* VerificationError.swift */,
				AD646FB12460F77D00979AFC /* VerificationErrorHandler.swift */,
				AD646FB32460F77D00979AFC /* VerificationErrorType.swift */,
			);
			name = MockServer;
			sourceTree = "<group>";
		};
		AD646FBE2460F7B400979AFC /* FileManager */ = {
			isa = PBXGroup;
			children = (
				AD646FBF2460F7BF00979AFC /* PactFileManager.swift */,
			);
			name = FileManager;
			sourceTree = "<group>";
		};
		AD646FC12460F7C200979AFC /* MockServer */ = {
			isa = PBXGroup;
			children = (
				AD646FC22460F7CC00979AFC /* MockServer.swift */,
			);
			name = MockServer;
			sourceTree = "<group>";
		};
		AD646FC42460F7D200979AFC /* PactSocketFinder */ = {
			isa = PBXGroup;
			children = (
				AD646FC52460F7DC00979AFC /* PactSocketFinder.swift */,
			);
			name = PactSocketFinder;
			sourceTree = "<group>";
		};
		AD646FC72460F7ED00979AFC /* Services */ = {
			isa = PBXGroup;
			children = (
				AD646FC82460F7F300979AFC /* MockServerTests.swift */,
			);
			path = Services;
			sourceTree = "<group>";
		};
		AD646FCC2460F82D00979AFC /* Resources */ = {
			isa = PBXGroup;
			children = (
				AD8FC80F2463BE9400361854 /* iOS */,
				AD8FC80B2463BD8B00361854 /* macOS */,
			);
			path = Resources;
			sourceTree = "<group>";
		};
		AD7891B8244150FF0014BCC8 /* Matchers */ = {
			isa = PBXGroup;
			children = (
				AD7891C324415E9F0014BCC8 /* DecimalLikeTests.swift */,
				AD7891BB244156FC0014BCC8 /* EachLikeTests.swift */,
				ADE9B3C9250A435B00274672 /* EqualToTests.swift */,
				ADC3AA3C247CBB550034446E /* IncludesLikeTests.swift */,
				AD7891BF24415C710014BCC8 /* IntegerLikeTests.swift */,
				ADD3C27124416A3E002E73B9 /* RegexLikeTests.swift */,
				AD7891B92441512E0014BCC8 /* SomethingLikeTests.swift */,
			);
			path = Matchers;
			sourceTree = "<group>";
		};
		AD8817F4242C715A00BF510D = {
			isa = PBXGroup;
			children = (
				ADD6993D242C861600C5C2C2 /* .swiftlint.yml */,
				ADCB2562242C83E20048BD18 /* Configurations */,
				ADC6FAE024302BA800026714 /* Documentation */,
				ADAC3D5F2442983B0078CCC7 /* Frameworks */,
				AD8817FF242C715A00BF510D /* Products */,
				AD646FCC2460F82D00979AFC /* Resources */,
				AD8A32D6242CCF5600283080 /* Scripts */,
				ADCB2560242C83670048BD18 /* Sources */,
				ADCB2561242C83710048BD18 /* Tests */,
			);
			sourceTree = "<group>";
		};
		AD8817FF242C715A00BF510D /* Products */ = {
			isa = PBXGroup;
			children = (
				AD8817FE242C715A00BF510D /* PactSwift.framework */,
				AD881807242C715B00BF510D /* PactSwiftTests_iOS.xctest */,
				AD8FC7B72463A06F00361854 /* PactSwift.framework */,
				AD8FC7BF2463A06F00361854 /* PactSwiftTests_macOS.xctest */,
			);
			name = Products;
			sourceTree = "<group>";
		};
		AD8FC80B2463BD8B00361854 /* macOS */ = {
			isa = PBXGroup;
			children = (
				AD8FC8102463BEA600361854 /* libpact_mock_server.a */,
			);
			path = macOS;
			sourceTree = "<group>";
		};
		AD8FC80F2463BE9400361854 /* iOS */ = {
			isa = PBXGroup;
			children = (
				AD8FC8112463BECF00361854 /* libpact_mock_server.a */,
			);
			path = iOS;
			sourceTree = "<group>";
		};
		ADAC3D5F2442983B0078CCC7 /* Frameworks */ = {
			isa = PBXGroup;
			children = (
				AD8FC8252463C5AA00361854 /* Nimble.framework */,
				AD8FC8212463C4AA00361854 /* Nimble.framework */,
			);
			name = Frameworks;
			sourceTree = "<group>";
		};
		ADB7C11B2432D41100A16CDE /* Extensions */ = {
			isa = PBXGroup;
			children = (
				AD641A322434331300785CE1 /* Bundle+Pact.swift */,
				ADA17E40251377A4004F1A82 /* Date+PactSwift.swift */,
				ADB7C11C2432D41E00A16CDE /* Dictionary+Pact.swift */,
				ADD03174251235A800C6099B /* UUID+Pact.swift */,
			);
			path = Extensions;
			sourceTree = "<group>";
		};
		ADB7C167243327E300A16CDE /* Definitions */ = {
			isa = PBXGroup;
			children = (
				AD8DF42B243BF9430062CB1A /* AnyEncodable.swift */,
				ADDE4703244D101700E4F7EE /* ErrorReportable.swift */,
				ADDE4705244D11DE00E4F7EE /* ErrorReporter.swift */,
				AD646FAD2460F76F00979AFC /* MockServer */,
				AD646FAB2460F75B00979AFC /* Pact */,
			);
			path = Definitions;
			sourceTree = "<group>";
		};
		ADCB2560242C83670048BD18 /* Sources */ = {
			isa = PBXGroup;
			children = (
				ADB7C167243327E300A16CDE /* Definitions */,
				ADD031622512199500C6099B /* ExampleGenerators */,
				ADB7C11B2432D41100A16CDE /* Extensions */,
				ADCB2563242C844B0048BD18 /* Headers */,
				AD01C9392432A31F00B75C9D /* Matchers */,
				AD10361324468AB3002C97CA /* MockService.swift */,
				AD646FA82460F71E00979AFC /* Services */,
			);
			path = Sources;
			sourceTree = "<group>";
		};
		ADCB2561242C83710048BD18 /* Tests */ = {
			isa = PBXGroup;
			children = (
				AD8DF432243C437F0062CB1A /* AnyEncodableTests.swift */,
				AD641A362434354C00785CE1 /* Definitions */,
				ADD031692512218500C6099B /* ExampleGenerators */,
				AD7891B8244150FF0014BCC8 /* Matchers */,
				AD103617244693A6002C97CA /* MockServiceTests.swift */,
				AD646FC72460F7ED00979AFC /* Services */,
				ADDE46FD244D0FBA00E4F7EE /* TestHelpers */,
			);
			path = Tests;
			sourceTree = "<group>";
		};
		ADCB2562242C83E20048BD18 /* Configurations */ = {
			isa = PBXGroup;
			children = (
				AD88180E242C715B00BF510D /* Info-iOS-Tests.plist */,
				AD881802242C715A00BF510D /* Info-iOS.plist */,
				AD8FC7C62463A06F00361854 /* Info-macOS-Tests.plist */,
				AD8FC7BA2463A06F00361854 /* Info-macOS.plist */,
				AD2CB262242CC0A000D991F0 /* Project-Debug.xcconfig */,
				AD2CB263242CC0B900D991F0 /* Project-Release.xcconfig */,
				AD4FC5DD242CC2B20039342D /* Project-Shared.xcconfig */,
				AD2CB264242CC10600D991F0 /* Target-iOS-Debug.xcconfig */,
				AD2CB265242CC10E00D991F0 /* Target-iOS-Release.xcconfig */,
				AD4FC5DE242CC2C30039342D /* Target-iOS-Shared.xcconfig */,
				AD2CB266242CC11700D991F0 /* Target-iOS-Tests-Debug.xcconfig */,
				AD2CB267242CC12300D991F0 /* Target-iOS-Tests-Release.xcconfig */,
				AD4FC5DF242CC2CB0039342D /* Target-iOS-Tests-Shared.xcconfig */,
				AD8FC7D32463ADA700361854 /* Target-macOS-Debug.xcconfig */,
				AD8FC7D42463ADB000361854 /* Target-macOS-Release.xcconfig */,
				AD8FC7D22463AD9800361854 /* Target-macOS-Shared.xcconfig */,
				AD8FC7D62463ADCF00361854 /* Target-macOS-Tests-Debug.xcconfig */,
				AD8FC7D72463ADDB00361854 /* Target-macOS-Tests-Release.xcconfig */,
				AD8FC7D52463ADC300361854 /* Target-macOS-Tests-Shared.xcconfig */,
			);
			path = Configurations;
			sourceTree = "<group>";
		};
		ADCB2563242C844B0048BD18 /* Headers */ = {
			isa = PBXGroup;
			children = (
				AD881801242C715A00BF510D /* PactSwift.h */,
				AD646FCA2460F80B00979AFC /* pact_mock_server.h */,
			);
			path = Headers;
			sourceTree = "<group>";
		};
		ADD031622512199500C6099B /* ExampleGenerators */ = {
			isa = PBXGroup;
			children = (
				ADD03163251219B700C6099B /* ExampleGenerator.swift */,
				ADD03166251220FD00C6099B /* RandomBoolean.swift */,
				AD8546F025135F4200211E28 /* RandomDate.swift */,
				ADA17E3A25137716004F1A82 /* RandomDateTime.swift */,
				ADA17E5125138908004F1A82 /* RandomDecimal.swift */,
				AD4B97092513A04800C37560 /* RandomHexadecimal.swift */,
				ADD031772512425800C6099B /* RandomInt.swift */,
				AD4B97152513AA9800C37560 /* RandomRegex.swift */,
				AD4B970F2513A3DB00C37560 /* RandomString.swift */,
				ADA17E4B251383EB004F1A82 /* RandomTime.swift */,
				ADD0316E25122E4B00C6099B /* RandomUuid.swift */,
			);
			path = ExampleGenerators;
			sourceTree = "<group>";
		};
		ADD031692512218500C6099B /* ExampleGenerators */ = {
			isa = PBXGroup;
			children = (
				ADD0316B251221A300C6099B /* RandomBooleanTests.swift */,
				AD8546F32513601800211E28 /* RandomDateTests.swift */,
				ADA17E3D2513772B004F1A82 /* RandomDateTimeTests.swift */,
				AD4B970425138F7600C37560 /* RandomDecimalTests.swift */,
				AD4B970C2513A0C300C37560 /* RandomHexadecimalTests.swift */,
				ADD0317A2512439500C6099B /* RandomIntTests.swift */,
				AD4B97182513AB4F00C37560 /* RandomRegexTests.swift */,
				AD4B97122513A64700C37560 /* RandomStringTests.swift */,
				ADA17E4E2513848A004F1A82 /* RandomTimeTests.swift */,
				ADD0317125122EA400C6099B /* RandomUUIDTests.swift */,
			);
			path = ExampleGenerators;
			sourceTree = "<group>";
		};
		ADDE46FD244D0FBA00E4F7EE /* TestHelpers */ = {
			isa = PBXGroup;
			children = (
				ADDE4700244D0FD600E4F7EE /* ErrorCapture.swift */,
				ADA17E482513808B004F1A82 /* DateHelper.swift */,
			);
			path = TestHelpers;
			sourceTree = "<group>";
		};
/* End PBXGroup section */

/* Begin PBXHeadersBuildPhase section */
		AD8817F9242C715A00BF510D /* Headers */ = {
			isa = PBXHeadersBuildPhase;
			buildActionMask = 2147483647;
			files = (
				AD88180F242C715B00BF510D /* PactSwift.h in Headers */,
				AD646FCB2460F81000979AFC /* pact_mock_server.h in Headers */,
			);
			runOnlyForDeploymentPostprocessing = 0;
		};
		AD8FC7B22463A06F00361854 /* Headers */ = {
			isa = PBXHeadersBuildPhase;
			buildActionMask = 2147483647;
			files = (
				AD8FC7F12463BBA900361854 /* pact_mock_server.h in Headers */,
				AD8FC7F02463BBA900361854 /* PactSwift.h in Headers */,
			);
			runOnlyForDeploymentPostprocessing = 0;
		};
/* End PBXHeadersBuildPhase section */

/* Begin PBXNativeTarget section */
		AD8817FD242C715A00BF510D /* PactSwift_iOS */ = {
			isa = PBXNativeTarget;
			buildConfigurationList = AD881812242C715B00BF510D /* Build configuration list for PBXNativeTarget "PactSwift_iOS" */;
			buildPhases = (
				AD8817F9242C715A00BF510D /* Headers */,
				ADC3C4CC242CCCEB00D3FDCE /* Lint Project */,
				ADC3C4CD242CCCF300D3FDCE /* Lint Target */,
				ADD69940242C87E900C5C2C2 /* SwiftLint */,
				AD8817FA242C715A00BF510D /* Sources */,
				AD8817FB242C715A00BF510D /* Frameworks */,
				AD8817FC242C715A00BF510D /* Resources */,
			);
			buildRules = (
			);
			dependencies = (
			);
			name = PactSwift_iOS;
			packageProductDependencies = (
			);
			productName = PACTSwift;
			productReference = AD8817FE242C715A00BF510D /* PactSwift.framework */;
			productType = "com.apple.product-type.framework";
		};
		AD881806242C715B00BF510D /* PactSwiftTests_iOS */ = {
			isa = PBXNativeTarget;
			buildConfigurationList = AD881815242C715B00BF510D /* Build configuration list for PBXNativeTarget "PactSwiftTests_iOS" */;
			buildPhases = (
				ADC3C4CE242CCD0100D3FDCE /* Lint Target */,
				AD881803242C715B00BF510D /* Sources */,
				AD881804242C715B00BF510D /* Frameworks */,
				AD881805242C715B00BF510D /* Resources */,
			);
			buildRules = (
			);
			dependencies = (
				AD88180A242C715B00BF510D /* PBXTargetDependency */,
			);
			name = PactSwiftTests_iOS;
			productName = PACTSwiftTests;
			productReference = AD881807242C715B00BF510D /* PactSwiftTests_iOS.xctest */;
			productType = "com.apple.product-type.bundle.unit-test";
		};
		AD8FC7B62463A06F00361854 /* PactSwift_macOS */ = {
			isa = PBXNativeTarget;
			buildConfigurationList = AD8FC7CC2463A06F00361854 /* Build configuration list for PBXNativeTarget "PactSwift_macOS" */;
			buildPhases = (
				AD8FC7B22463A06F00361854 /* Headers */,
				AD8FC7D02463A09900361854 /* Lint Project */,
				AD8FC7CF2463A08900361854 /* Lint Target */,
				AD8FC7D12463A0A100361854 /* Swiftlint */,
				AD8FC7B32463A06F00361854 /* Sources */,
				AD8FC7B42463A06F00361854 /* Frameworks */,
				AD8FC7B52463A06F00361854 /* Resources */,
			);
			buildRules = (
			);
			dependencies = (
			);
			name = PactSwift_macOS;
			productName = PactSwift_macOS;
			productReference = AD8FC7B72463A06F00361854 /* PactSwift.framework */;
			productType = "com.apple.product-type.framework";
		};
		AD8FC7BE2463A06F00361854 /* PactSwiftTests_macOS */ = {
			isa = PBXNativeTarget;
			buildConfigurationList = AD8FC7CD2463A06F00361854 /* Build configuration list for PBXNativeTarget "PactSwiftTests_macOS" */;
			buildPhases = (
				AD8FC7BB2463A06F00361854 /* Sources */,
				AD8FC7BC2463A06F00361854 /* Frameworks */,
				AD8FC7BD2463A06F00361854 /* Resources */,
			);
			buildRules = (
			);
			dependencies = (
				AD8FC7C22463A06F00361854 /* PBXTargetDependency */,
			);
			name = PactSwiftTests_macOS;
			productName = PactSwift_macOSTests;
			productReference = AD8FC7BF2463A06F00361854 /* PactSwiftTests_macOS.xctest */;
			productType = "com.apple.product-type.bundle.unit-test";
		};
/* End PBXNativeTarget section */

/* Begin PBXProject section */
		AD8817F5242C715A00BF510D /* Project object */ = {
			isa = PBXProject;
			attributes = {
				LastSwiftUpdateCheck = 1150;
				LastUpgradeCheck = 1140;
				ORGANIZATIONNAME = "PACT Foundation";
				TargetAttributes = {
					AD8817FD242C715A00BF510D = {
						CreatedOnToolsVersion = 11.4;
						LastSwiftMigration = 1130;
					};
					AD881806242C715B00BF510D = {
						CreatedOnToolsVersion = 11.4;
					};
					AD8FC7B62463A06F00361854 = {
						CreatedOnToolsVersion = 11.5;
					};
					AD8FC7BE2463A06F00361854 = {
						CreatedOnToolsVersion = 11.5;
					};
				};
			};
			buildConfigurationList = AD8817F8242C715A00BF510D /* Build configuration list for PBXProject "PactSwift" */;
			compatibilityVersion = "Xcode 9.3";
			developmentRegion = en;
			hasScannedForEncodings = 0;
			knownRegions = (
				en,
				Base,
			);
			mainGroup = AD8817F4242C715A00BF510D;
			productRefGroup = AD8817FF242C715A00BF510D /* Products */;
			projectDirPath = "";
			projectRoot = "";
			targets = (
				AD8817FD242C715A00BF510D /* PactSwift_iOS */,
				AD881806242C715B00BF510D /* PactSwiftTests_iOS */,
				AD8FC7B62463A06F00361854 /* PactSwift_macOS */,
				AD8FC7BE2463A06F00361854 /* PactSwiftTests_macOS */,
			);
		};
/* End PBXProject section */

/* Begin PBXResourcesBuildPhase section */
		AD8817FC242C715A00BF510D /* Resources */ = {
			isa = PBXResourcesBuildPhase;
			buildActionMask = 2147483647;
			files = (
			);
			runOnlyForDeploymentPostprocessing = 0;
		};
		AD881805242C715B00BF510D /* Resources */ = {
			isa = PBXResourcesBuildPhase;
			buildActionMask = 2147483647;
			files = (
			);
			runOnlyForDeploymentPostprocessing = 0;
		};
		AD8FC7B52463A06F00361854 /* Resources */ = {
			isa = PBXResourcesBuildPhase;
			buildActionMask = 2147483647;
			files = (
			);
			runOnlyForDeploymentPostprocessing = 0;
		};
		AD8FC7BD2463A06F00361854 /* Resources */ = {
			isa = PBXResourcesBuildPhase;
			buildActionMask = 2147483647;
			files = (
			);
			runOnlyForDeploymentPostprocessing = 0;
		};
/* End PBXResourcesBuildPhase section */

/* Begin PBXShellScriptBuildPhase section */
		AD8FC7CF2463A08900361854 /* Lint Target */ = {
			isa = PBXShellScriptBuildPhase;
			buildActionMask = 2147483647;
			files = (
			);
			inputFileListPaths = (
			);
			inputPaths = (
			);
			name = "Lint Target";
			outputFileListPaths = (
			);
			outputPaths = (
			);
			runOnlyForDeploymentPostprocessing = 0;
			shellPath = /bin/sh;
			shellScript = "\"${PROJECT_DIR}\"/Scripts/BuildPhases/lint-target\n";
		};
		AD8FC7D02463A09900361854 /* Lint Project */ = {
			isa = PBXShellScriptBuildPhase;
			buildActionMask = 2147483647;
			files = (
			);
			inputFileListPaths = (
			);
			inputPaths = (
			);
			name = "Lint Project";
			outputFileListPaths = (
			);
			outputPaths = (
			);
			runOnlyForDeploymentPostprocessing = 0;
			shellPath = /bin/sh;
			shellScript = "\"${PROJECT_DIR}\"/Scripts/BuildPhases/lint-project\n";
		};
		AD8FC7D12463A0A100361854 /* Swiftlint */ = {
			isa = PBXShellScriptBuildPhase;
			buildActionMask = 2147483647;
			files = (
			);
			inputFileListPaths = (
				"$(SRCROOT)/PactSwift.xcfilelist",
			);
			inputPaths = (
			);
			name = Swiftlint;
			outputFileListPaths = (
			);
			outputPaths = (
				"$(DERIVED_FILE_DIR)/swiftlint.txt",
			);
			runOnlyForDeploymentPostprocessing = 0;
			shellPath = /bin/sh;
			shellScript = "# Run SwiftLint before even attempting to compil\n./Scripts/build_file_list_and_swiftlint PactSwift ../.swiftlint.yml\n";
		};
		ADC3C4CC242CCCEB00D3FDCE /* Lint Project */ = {
			isa = PBXShellScriptBuildPhase;
			buildActionMask = 2147483647;
			files = (
			);
			inputFileListPaths = (
			);
			inputPaths = (
			);
			name = "Lint Project";
			outputFileListPaths = (
			);
			outputPaths = (
			);
			runOnlyForDeploymentPostprocessing = 0;
			shellPath = /bin/sh;
			shellScript = "\"${PROJECT_DIR}\"/Scripts/BuildPhases/lint-project\n";
		};
		ADC3C4CD242CCCF300D3FDCE /* Lint Target */ = {
			isa = PBXShellScriptBuildPhase;
			buildActionMask = 2147483647;
			files = (
			);
			inputFileListPaths = (
			);
			inputPaths = (
			);
			name = "Lint Target";
			outputFileListPaths = (
			);
			outputPaths = (
			);
			runOnlyForDeploymentPostprocessing = 0;
			shellPath = /bin/sh;
			shellScript = "\"${PROJECT_DIR}\"/Scripts/BuildPhases/lint-target\n";
		};
		ADC3C4CE242CCD0100D3FDCE /* Lint Target */ = {
			isa = PBXShellScriptBuildPhase;
			buildActionMask = 2147483647;
			files = (
			);
			inputFileListPaths = (
			);
			inputPaths = (
			);
			name = "Lint Target";
			outputFileListPaths = (
			);
			outputPaths = (
			);
			runOnlyForDeploymentPostprocessing = 0;
			shellPath = /bin/sh;
			shellScript = "\"${PROJECT_DIR}\"/Scripts/BuildPhases/lint-target\n";
		};
		ADD69940242C87E900C5C2C2 /* SwiftLint */ = {
			isa = PBXShellScriptBuildPhase;
			buildActionMask = 2147483647;
			files = (
			);
			inputFileListPaths = (
				"$(SRCROOT)/PactSwift.xcfilelist",
			);
			inputPaths = (
			);
			name = SwiftLint;
			outputFileListPaths = (
			);
			outputPaths = (
				"$(DERIVED_FILE_DIR)/swiftlint.txt",
			);
			runOnlyForDeploymentPostprocessing = 0;
			shellPath = /bin/sh;
			shellScript = "# Run SwiftLint before even attempting to compil\n./Scripts/build_file_list_and_swiftlint PactSwift ../.swiftlint.yml\n";
		};
/* End PBXShellScriptBuildPhase section */

/* Begin PBXSourcesBuildPhase section */
		AD8817FA242C715A00BF510D /* Sources */ = {
			isa = PBXSourcesBuildPhase;
			buildActionMask = 2147483647;
			files = (
				AD646FB92460F77D00979AFC /* VerificationErrorHandler.swift in Sources */,
				AD641A3C24344ED400785CE1 /* Pacticipant.swift in Sources */,
				AD646FC62460F7DC00979AFC /* PactSocketFinder.swift in Sources */,
				ADA17E41251377A4004F1A82 /* Date+PactSwift.swift in Sources */,
				AD8DF43B243EEF390062CB1A /* MatchingRuleExpressible.swift in Sources */,
				ADB7C16B2433283400A16CDE /* Response.swift in Sources */,
				AD8DF42C243BF9430062CB1A /* AnyEncodable.swift in Sources */,
				AD641A352434345500785CE1 /* Metadata.swift in Sources */,
				ADD3C27024416891002E73B9 /* RegexLike.swift in Sources */,
				AD646FB62460F77D00979AFC /* MismatchErrorType.swift in Sources */,
				AD7891BE24415C100014BCC8 /* IntegerLike.swift in Sources */,
				ADD03164251219B700C6099B /* ExampleGenerator.swift in Sources */,
				AD4B97162513AA9800C37560 /* RandomRegex.swift in Sources */,
				ADE2937F2435DB14008AFBC9 /* ProviderState.swift in Sources */,
				AD641A332434331300785CE1 /* Bundle+Pact.swift in Sources */,
				ADB7C1612433269B00A16CDE /* Request.swift in Sources */,
				AD8DF43F244055980062CB1A /* EachLike.swift in Sources */,
				ADDE4706244D11DE00E4F7EE /* ErrorReporter.swift in Sources */,
				AD646FB82460F77D00979AFC /* VerificationError.swift in Sources */,
				ADA17E3B25137716004F1A82 /* RandomDateTime.swift in Sources */,
				ADE9B3C7250A3C4700274672 /* Matcher.swift in Sources */,
				ADD031782512425800C6099B /* RandomInt.swift in Sources */,
				AD646FBB2460F77D00979AFC /* VerificationErrorType.swift in Sources */,
				ADD3C27624416DAE002E73B9 /* IncludesLike.swift in Sources */,
				ADD0316F25122E4B00C6099B /* RandomUuid.swift in Sources */,
				AD4B970A2513A04800C37560 /* RandomHexadecimal.swift in Sources */,
				AD7891C224415E3E0014BCC8 /* DecimalLike.swift in Sources */,
				AD641A422434588200785CE1 /* Interaction.swift in Sources */,
				AD641A3A24344D9500785CE1 /* Pact.swift in Sources */,
				AD646FC32460F7CC00979AFC /* MockServer.swift in Sources */,
				AD10361424468AB3002C97CA /* MockService.swift in Sources */,
				ADA17E5225138908004F1A82 /* RandomDecimal.swift in Sources */,
				ADD03167251220FD00C6099B /* RandomBoolean.swift in Sources */,
				AD646FBA2460F77D00979AFC /* MockServerError.swift in Sources */,
				ADD0315F2512193500C6099B /* ExampleGeneratorExpressible.swift in Sources */,
				AD4B97102513A3DB00C37560 /* RandomString.swift in Sources */,
				AD8DF439243EEBDB0062CB1A /* SomethingLike.swift in Sources */,
				ADD3C27424416CDF002E73B9 /* EqualTo.swift in Sources */,
				AD646FC02460F7BF00979AFC /* PactFileManager.swift in Sources */,
				ADDE4704244D101700E4F7EE /* ErrorReportable.swift in Sources */,
				ADB7C1692433280100A16CDE /* PactHTTPMethod.swift in Sources */,
				AD646FB72460F77D00979AFC /* RequestError.swift in Sources */,
				ADB7C11D2432D41F00A16CDE /* Dictionary+Pact.swift in Sources */,
				AD646FBD2460F77D00979AFC /* PactError.swift in Sources */,
				AD8DF437243EA4580062CB1A /* PactInteractionNode.swift in Sources */,
				AD646FBC2460F77D00979AFC /* MismatchError.swift in Sources */,
				ADBC60DC2513639700BBE666 /* RandomDate.swift in Sources */,
				AD8DF435243C53750062CB1A /* PactBuilder.swift in Sources */,
				ADD03175251235A800C6099B /* UUID+Pact.swift in Sources */,
				ADA17E4C251383EB004F1A82 /* RandomTime.swift in Sources */,
			);
			runOnlyForDeploymentPostprocessing = 0;
		};
		AD881803242C715B00BF510D /* Sources */ = {
			isa = PBXSourcesBuildPhase;
			buildActionMask = 2147483647;
			files = (
				AD103618244693A6002C97CA /* MockServiceTests.swift in Sources */,
				AD7891C024415C710014BCC8 /* IntegerLikeTests.swift in Sources */,
				AD7891B724414D500014BCC8 /* PactBuilderTests.swift in Sources */,
				ADC3AA37247C8C4B0034446E /* InteractionTests.swift in Sources */,
				ADD3C27224416A3E002E73B9 /* RegexLikeTests.swift in Sources */,
				ADD0317B2512439500C6099B /* RandomIntTests.swift in Sources */,
				AD7891BA2441512E0014BCC8 /* SomethingLikeTests.swift in Sources */,
				ADA17E4F2513848A004F1A82 /* RandomTimeTests.swift in Sources */,
				AD4B970825138FCF00C37560 /* RandomDecimalTests.swift in Sources */,
				ADC3AA3D247CBB550034446E /* IncludesLikeTests.swift in Sources */,
				AD7891BC244156FC0014BCC8 /* EachLikeTests.swift in Sources */,
				ADA17E492513808B004F1A82 /* DateHelper.swift in Sources */,
				AD8546F42513601800211E28 /* RandomDateTests.swift in Sources */,
				AD4B97192513AB4F00C37560 /* RandomRegexTests.swift in Sources */,
				AD641A3E24344FA100785CE1 /* PacticipantTests.swift in Sources */,
				ADDE4702244D0FDE00E4F7EE /* ErrorCapture.swift in Sources */,
				AD646FD02460F94100979AFC /* MockServerTests.swift in Sources */,
				AD4B970D2513A0C300C37560 /* RandomHexadecimalTests.swift in Sources */,
				ADC3AA3A247CB90B0034446E /* VerificationErrorTypeTests.swift in Sources */,
				ADD0316C251221A300C6099B /* RandomBooleanTests.swift in Sources */,
				ADC4466D247BC840004D2267 /* MockServerErrorTests.swift in Sources */,
				AD641A402434518500785CE1 /* PactTests.swift in Sources */,
				AD641A382434355C00785CE1 /* MetadataTests.swift in Sources */,
				ADD0317225122EA400C6099B /* RandomUUIDTests.swift in Sources */,
				ADA17E3E2513772B004F1A82 /* RandomDateTimeTests.swift in Sources */,
				AD7891C424415E9F0014BCC8 /* DecimalLikeTests.swift in Sources */,
				AD4B97132513A64700C37560 /* RandomStringTests.swift in Sources */,
				AD8DF433243C437F0062CB1A /* AnyEncodableTests.swift in Sources */,
				ADE9B3CA250A435B00274672 /* EqualToTests.swift in Sources */,
			);
			runOnlyForDeploymentPostprocessing = 0;
		};
		AD8FC7B32463A06F00361854 /* Sources */ = {
			isa = PBXSourcesBuildPhase;
			buildActionMask = 2147483647;
			files = (
				AD8FC7E42463BB9F00361854 /* Interaction.swift in Sources */,
				AD8FC7E02463BB9A00361854 /* RequestError.swift in Sources */,
				AD8FC7FB2463BBC200361854 /* PactSocketFinder.swift in Sources */,
				ADA17E42251377A4004F1A82 /* Date+PactSwift.swift in Sources */,
				AD8FC7E32463BB9F00361854 /* ErrorReporter.swift in Sources */,
				AD8FC7E92463BB9F00361854 /* Pacticipant.swift in Sources */,
				AD8FC7E12463BB9F00361854 /* AnyEncodable.swift in Sources */,
				AD8FC7F52463BBB800361854 /* IncludesLike.swift in Sources */,
				AD8FC7E22463BB9F00361854 /* ErrorReportable.swift in Sources */,
				AD8FC7FA2463BBB800361854 /* MockService.swift in Sources */,
				AD8FC7F62463BBB800361854 /* IntegerLike.swift in Sources */,
				ADD03165251219B700C6099B /* ExampleGenerator.swift in Sources */,
				AD4B97172513AA9800C37560 /* RandomRegex.swift in Sources */,
				AD8FC7E62463BB9F00361854 /* Pact.swift in Sources */,
				AD8FC7F42463BBB800361854 /* EqualTo.swift in Sources */,
				AD8FC7DC2463BB9A00361854 /* PactError.swift in Sources */,
				AD8FC7EF2463BBA400361854 /* Dictionary+Pact.swift in Sources */,
				AD8FC7EA2463BB9F00361854 /* PactInteractionNode.swift in Sources */,
				AD8FC7DF2463BB9A00361854 /* VerificationErrorType.swift in Sources */,
				ADA17E3C25137716004F1A82 /* RandomDateTime.swift in Sources */,
				ADE9B3C8250A3C4700274672 /* Matcher.swift in Sources */,
				ADD031792512425800C6099B /* RandomInt.swift in Sources */,
				AD8FC7E82463BB9F00361854 /* PactHTTPMethod.swift in Sources */,
				AD8FC7F72463BBB800361854 /* MatchingRuleExpressible.swift in Sources */,
				ADD0317025122E4B00C6099B /* RandomUuid.swift in Sources */,
				AD4B970B2513A04800C37560 /* RandomHexadecimal.swift in Sources */,
				AD8FC7E52463BB9F00361854 /* Metadata.swift in Sources */,
				AD8FC7DB2463BB9A00361854 /* MockServerError.swift in Sources */,
				AD8FC7FC2463BBC200361854 /* MockServer.swift in Sources */,
				AD8FC7F82463BBB800361854 /* RegexLike.swift in Sources */,
				AD8FC7F32463BBB800361854 /* EachLike.swift in Sources */,
				ADA17E5325138908004F1A82 /* RandomDecimal.swift in Sources */,
				ADD03168251220FD00C6099B /* RandomBoolean.swift in Sources */,
				AD8FC7FD2463BBC200361854 /* PactFileManager.swift in Sources */,
				ADD031602512193500C6099B /* ExampleGeneratorExpressible.swift in Sources */,
				AD4B97112513A3DB00C37560 /* RandomString.swift in Sources */,
				AD8FC7ED2463BB9F00361854 /* Response.swift in Sources */,
				AD8FC7DA2463BB9A00361854 /* MismatchErrorType.swift in Sources */,
				AD8FC7F22463BBB800361854 /* DecimalLike.swift in Sources */,
				AD8FC7EB2463BB9F00361854 /* ProviderState.swift in Sources */,
				AD8FC7D92463BB9A00361854 /* MismatchError.swift in Sources */,
				AD8FC7DE2463BB9A00361854 /* VerificationErrorHandler.swift in Sources */,
				AD8FC7EC2463BB9F00361854 /* Request.swift in Sources */,
				AD8FC7EE2463BBA400361854 /* Bundle+Pact.swift in Sources */,
				AD8FC7E72463BB9F00361854 /* PactBuilder.swift in Sources */,
				AD8FC7F92463BBB800361854 /* SomethingLike.swift in Sources */,
				ADBC60DD2513639800BBE666 /* RandomDate.swift in Sources */,
				AD8FC7DD2463BB9A00361854 /* VerificationError.swift in Sources */,
				ADD03176251235A800C6099B /* UUID+Pact.swift in Sources */,
				ADA17E4D251383EB004F1A82 /* RandomTime.swift in Sources */,
			);
			runOnlyForDeploymentPostprocessing = 0;
		};
		AD8FC7BB2463A06F00361854 /* Sources */ = {
			isa = PBXSourcesBuildPhase;
			buildActionMask = 2147483647;
			files = (
				AD8FC8032463BBD000361854 /* DecimalLikeTests.swift in Sources */,
				AD8FC7FE2463BBD000361854 /* AnyEncodableTests.swift in Sources */,
				AD8FC8062463BBD000361854 /* RegexLikeTests.swift in Sources */,
				ADC3AA38247C8C4B0034446E /* InteractionTests.swift in Sources */,
				AD8FC8052463BBD000361854 /* IntegerLikeTests.swift in Sources */,
				ADD0317C2512439500C6099B /* RandomIntTests.swift in Sources */,
				AD8FC80A2463BBD100361854 /* ErrorCapture.swift in Sources */,
				ADA17E502513848A004F1A82 /* RandomTimeTests.swift in Sources */,
				AD4B970725138FCE00C37560 /* RandomDecimalTests.swift in Sources */,
				ADC3AA3E247CBB550034446E /* IncludesLikeTests.swift in Sources */,
				AD8FC7FF2463BBD000361854 /* MetadataTests.swift in Sources */,
				ADA17E4A2513808B004F1A82 /* DateHelper.swift in Sources */,
				AD8546F52513601800211E28 /* RandomDateTests.swift in Sources */,
				AD4B971A2513AB4F00C37560 /* RandomRegexTests.swift in Sources */,
				AD8FC8022463BBD000361854 /* PactTests.swift in Sources */,
				AD8FC8082463BBD100361854 /* MockServiceTests.swift in Sources */,
				AD8FC8092463BBD100361854 /* MockServerTests.swift in Sources */,
				AD4B970E2513A0C300C37560 /* RandomHexadecimalTests.swift in Sources */,
				ADC3AA3B247CB90B0034446E /* VerificationErrorTypeTests.swift in Sources */,
				ADD0316D251221A300C6099B /* RandomBooleanTests.swift in Sources */,
				ADC4466E247BC840004D2267 /* MockServerErrorTests.swift in Sources */,
				AD8FC8072463BBD000361854 /* SomethingLikeTests.swift in Sources */,
				AD8FC8002463BBD000361854 /* PactBuilderTests.swift in Sources */,
				ADD0317325122EA400C6099B /* RandomUUIDTests.swift in Sources */,
				ADA17E3F2513772B004F1A82 /* RandomDateTimeTests.swift in Sources */,
				AD8FC8012463BBD000361854 /* PacticipantTests.swift in Sources */,
				AD4B97142513A64700C37560 /* RandomStringTests.swift in Sources */,
				AD8FC8042463BBD000361854 /* EachLikeTests.swift in Sources */,
				ADE9B3CB250A435B00274672 /* EqualToTests.swift in Sources */,
			);
			runOnlyForDeploymentPostprocessing = 0;
		};
/* End PBXSourcesBuildPhase section */

/* Begin PBXTargetDependency section */
		AD88180A242C715B00BF510D /* PBXTargetDependency */ = {
			isa = PBXTargetDependency;
			target = AD8817FD242C715A00BF510D /* PactSwift_iOS */;
			targetProxy = AD881809242C715B00BF510D /* PBXContainerItemProxy */;
		};
		AD8FC7C22463A06F00361854 /* PBXTargetDependency */ = {
			isa = PBXTargetDependency;
			target = AD8FC7B62463A06F00361854 /* PactSwift_macOS */;
			targetProxy = AD8FC7C12463A06F00361854 /* PBXContainerItemProxy */;
		};
/* End PBXTargetDependency section */

/* Begin XCBuildConfiguration section */
		AD881810242C715B00BF510D /* Debug */ = {
			isa = XCBuildConfiguration;
			baseConfigurationReference = AD2CB262242CC0A000D991F0 /* Project-Debug.xcconfig */;
			buildSettings = {
			};
			name = Debug;
		};
		AD881811242C715B00BF510D /* Release */ = {
			isa = XCBuildConfiguration;
			baseConfigurationReference = AD2CB263242CC0B900D991F0 /* Project-Release.xcconfig */;
			buildSettings = {
			};
			name = Release;
		};
		AD881813242C715B00BF510D /* Debug */ = {
			isa = XCBuildConfiguration;
			baseConfigurationReference = AD2CB264242CC10600D991F0 /* Target-iOS-Debug.xcconfig */;
			buildSettings = {
			};
			name = Debug;
		};
		AD881814242C715B00BF510D /* Release */ = {
			isa = XCBuildConfiguration;
			baseConfigurationReference = AD2CB265242CC10E00D991F0 /* Target-iOS-Release.xcconfig */;
			buildSettings = {
			};
			name = Release;
		};
		AD881816242C715B00BF510D /* Debug */ = {
			isa = XCBuildConfiguration;
			baseConfigurationReference = AD2CB266242CC11700D991F0 /* Target-iOS-Tests-Debug.xcconfig */;
			buildSettings = {
			};
			name = Debug;
		};
		AD881817242C715B00BF510D /* Release */ = {
			isa = XCBuildConfiguration;
			baseConfigurationReference = AD2CB267242CC12300D991F0 /* Target-iOS-Tests-Release.xcconfig */;
			buildSettings = {
			};
			name = Release;
		};
		AD8FC7C82463A06F00361854 /* Debug */ = {
			isa = XCBuildConfiguration;
			baseConfigurationReference = AD8FC7D32463ADA700361854 /* Target-macOS-Debug.xcconfig */;
			buildSettings = {
			};
			name = Debug;
		};
		AD8FC7C92463A06F00361854 /* Release */ = {
			isa = XCBuildConfiguration;
			baseConfigurationReference = AD8FC7D42463ADB000361854 /* Target-macOS-Release.xcconfig */;
			buildSettings = {
			};
			name = Release;
		};
		AD8FC7CA2463A06F00361854 /* Debug */ = {
			isa = XCBuildConfiguration;
			baseConfigurationReference = AD8FC7D62463ADCF00361854 /* Target-macOS-Tests-Debug.xcconfig */;
			buildSettings = {
			};
			name = Debug;
		};
		AD8FC7CB2463A06F00361854 /* Release */ = {
			isa = XCBuildConfiguration;
			baseConfigurationReference = AD8FC7D72463ADDB00361854 /* Target-macOS-Tests-Release.xcconfig */;
			buildSettings = {
			};
			name = Release;
		};
/* End XCBuildConfiguration section */

/* Begin XCConfigurationList section */
		AD8817F8242C715A00BF510D /* Build configuration list for PBXProject "PactSwift" */ = {
			isa = XCConfigurationList;
			buildConfigurations = (
				AD881810242C715B00BF510D /* Debug */,
				AD881811242C715B00BF510D /* Release */,
			);
			defaultConfigurationIsVisible = 0;
			defaultConfigurationName = Release;
		};
		AD881812242C715B00BF510D /* Build configuration list for PBXNativeTarget "PactSwift_iOS" */ = {
			isa = XCConfigurationList;
			buildConfigurations = (
				AD881813242C715B00BF510D /* Debug */,
				AD881814242C715B00BF510D /* Release */,
			);
			defaultConfigurationIsVisible = 0;
			defaultConfigurationName = Release;
		};
		AD881815242C715B00BF510D /* Build configuration list for PBXNativeTarget "PactSwiftTests_iOS" */ = {
			isa = XCConfigurationList;
			buildConfigurations = (
				AD881816242C715B00BF510D /* Debug */,
				AD881817242C715B00BF510D /* Release */,
			);
			defaultConfigurationIsVisible = 0;
			defaultConfigurationName = Release;
		};
		AD8FC7CC2463A06F00361854 /* Build configuration list for PBXNativeTarget "PactSwift_macOS" */ = {
			isa = XCConfigurationList;
			buildConfigurations = (
				AD8FC7C82463A06F00361854 /* Debug */,
				AD8FC7C92463A06F00361854 /* Release */,
			);
			defaultConfigurationIsVisible = 0;
			defaultConfigurationName = Release;
		};
		AD8FC7CD2463A06F00361854 /* Build configuration list for PBXNativeTarget "PactSwiftTests_macOS" */ = {
			isa = XCConfigurationList;
			buildConfigurations = (
				AD8FC7CA2463A06F00361854 /* Debug */,
				AD8FC7CB2463A06F00361854 /* Release */,
			);
			defaultConfigurationIsVisible = 0;
			defaultConfigurationName = Release;
		};
/* End XCConfigurationList section */
	};
	rootObject = AD8817F5242C715A00BF510D /* Project object */;
}
