// !$*UTF8*$!
{
	archiveVersion = 1;
	classes = {
	};
	objectVersion = 52;
	objects = {

/* Begin PBXBuildFile section */
		AD10361424468AB3002C97CA /* MockService.swift in Sources */ = {isa = PBXBuildFile; fileRef = AD10361324468AB3002C97CA /* MockService.swift */; };
		AD103618244693A6002C97CA /* MockServiceTests.swift in Sources */ = {isa = PBXBuildFile; fileRef = AD103617244693A6002C97CA /* MockServiceTests.swift */; };
		AD1571D0264D21FA00E1F72A /* PactSwiftMockServer in Frameworks */ = {isa = PBXBuildFile; productRef = AD1571CF264D21FA00E1F72A /* PactSwiftMockServer */; };
		AD1571D2264D220100E1F72A /* PactSwiftMockServer in Frameworks */ = {isa = PBXBuildFile; productRef = AD1571D1264D220100E1F72A /* PactSwiftMockServer */; };
		AD1597A02648D79A007CFAA5 /* PactSwiftToolbox in Frameworks */ = {isa = PBXBuildFile; productRef = AD15979F2648D79A007CFAA5 /* PactSwiftToolbox */; };
		AD1AE4BC26BBC956001E09E2 /* PactSwiftToolbox in Frameworks */ = {isa = PBXBuildFile; productRef = AD1AE4BB26BBC956001E09E2 /* PactSwiftToolbox */; };
		AD4B970725138FCE00C37560 /* RandomDecimalTests.swift in Sources */ = {isa = PBXBuildFile; fileRef = AD4B970425138F7600C37560 /* RandomDecimalTests.swift */; };
		AD4B970825138FCF00C37560 /* RandomDecimalTests.swift in Sources */ = {isa = PBXBuildFile; fileRef = AD4B970425138F7600C37560 /* RandomDecimalTests.swift */; };
		AD4B970A2513A04800C37560 /* RandomHexadecimal.swift in Sources */ = {isa = PBXBuildFile; fileRef = AD4B97092513A04800C37560 /* RandomHexadecimal.swift */; };
		AD4B970B2513A04800C37560 /* RandomHexadecimal.swift in Sources */ = {isa = PBXBuildFile; fileRef = AD4B97092513A04800C37560 /* RandomHexadecimal.swift */; };
		AD4B970D2513A0C300C37560 /* RandomHexadecimalTests.swift in Sources */ = {isa = PBXBuildFile; fileRef = AD4B970C2513A0C300C37560 /* RandomHexadecimalTests.swift */; };
		AD4B970E2513A0C300C37560 /* RandomHexadecimalTests.swift in Sources */ = {isa = PBXBuildFile; fileRef = AD4B970C2513A0C300C37560 /* RandomHexadecimalTests.swift */; };
		AD4B97102513A3DB00C37560 /* RandomString.swift in Sources */ = {isa = PBXBuildFile; fileRef = AD4B970F2513A3DB00C37560 /* RandomString.swift */; };
		AD4B97112513A3DB00C37560 /* RandomString.swift in Sources */ = {isa = PBXBuildFile; fileRef = AD4B970F2513A3DB00C37560 /* RandomString.swift */; };
		AD4B97132513A64700C37560 /* RandomStringTests.swift in Sources */ = {isa = PBXBuildFile; fileRef = AD4B97122513A64700C37560 /* RandomStringTests.swift */; };
		AD4B97142513A64700C37560 /* RandomStringTests.swift in Sources */ = {isa = PBXBuildFile; fileRef = AD4B97122513A64700C37560 /* RandomStringTests.swift */; };
		AD641A332434331300785CE1 /* Bundle+PactSwift.swift in Sources */ = {isa = PBXBuildFile; fileRef = AD641A322434331300785CE1 /* Bundle+PactSwift.swift */; };
		AD641A352434345500785CE1 /* Metadata.swift in Sources */ = {isa = PBXBuildFile; fileRef = AD641A342434345500785CE1 /* Metadata.swift */; };
		AD641A382434355C00785CE1 /* MetadataTests.swift in Sources */ = {isa = PBXBuildFile; fileRef = AD641A372434355C00785CE1 /* MetadataTests.swift */; };
		AD641A3A24344D9500785CE1 /* Pact.swift in Sources */ = {isa = PBXBuildFile; fileRef = AD641A3924344D9500785CE1 /* Pact.swift */; };
		AD641A3C24344ED400785CE1 /* Pacticipant.swift in Sources */ = {isa = PBXBuildFile; fileRef = AD641A3B24344ED400785CE1 /* Pacticipant.swift */; };
		AD641A3E24344FA100785CE1 /* PacticipantTests.swift in Sources */ = {isa = PBXBuildFile; fileRef = AD641A3D24344FA100785CE1 /* PacticipantTests.swift */; };
		AD641A402434518500785CE1 /* PactTests.swift in Sources */ = {isa = PBXBuildFile; fileRef = AD641A3F2434518500785CE1 /* PactTests.swift */; };
		AD641A422434588200785CE1 /* Interaction.swift in Sources */ = {isa = PBXBuildFile; fileRef = AD641A412434588200785CE1 /* Interaction.swift */; };
		AD7891B724414D500014BCC8 /* PactBuilderTests.swift in Sources */ = {isa = PBXBuildFile; fileRef = AD7891B624414D500014BCC8 /* PactBuilderTests.swift */; };
		AD7891BA2441512E0014BCC8 /* SomethingLikeTests.swift in Sources */ = {isa = PBXBuildFile; fileRef = AD7891B92441512E0014BCC8 /* SomethingLikeTests.swift */; };
		AD7891BC244156FC0014BCC8 /* EachLikeTests.swift in Sources */ = {isa = PBXBuildFile; fileRef = AD7891BB244156FC0014BCC8 /* EachLikeTests.swift */; };
		AD7891BE24415C100014BCC8 /* IntegerLike.swift in Sources */ = {isa = PBXBuildFile; fileRef = AD7891BD24415C100014BCC8 /* IntegerLike.swift */; };
		AD7891C024415C710014BCC8 /* IntegerLikeTests.swift in Sources */ = {isa = PBXBuildFile; fileRef = AD7891BF24415C710014BCC8 /* IntegerLikeTests.swift */; };
		AD7891C224415E3E0014BCC8 /* DecimalLike.swift in Sources */ = {isa = PBXBuildFile; fileRef = AD7891C124415E3E0014BCC8 /* DecimalLike.swift */; };
		AD7891C424415E9F0014BCC8 /* DecimalLikeTests.swift in Sources */ = {isa = PBXBuildFile; fileRef = AD7891C324415E9F0014BCC8 /* DecimalLikeTests.swift */; };
		AD78FB48264FD21900765BD3 /* PactContractTests.swift in Sources */ = {isa = PBXBuildFile; fileRef = AD78FB47264FD21900765BD3 /* PactContractTests.swift */; };
		AD78FB49264FD21900765BD3 /* PactContractTests.swift in Sources */ = {isa = PBXBuildFile; fileRef = AD78FB47264FD21900765BD3 /* PactContractTests.swift */; };
		AD8546F42513601800211E28 /* RandomDateTests.swift in Sources */ = {isa = PBXBuildFile; fileRef = AD8546F32513601800211E28 /* RandomDateTests.swift */; };
		AD8546F52513601800211E28 /* RandomDateTests.swift in Sources */ = {isa = PBXBuildFile; fileRef = AD8546F32513601800211E28 /* RandomDateTests.swift */; };
		AD879B9D258242AC00F85B0B /* PactSwiftVersion.swift in Sources */ = {isa = PBXBuildFile; fileRef = AD879B9C258242AC00F85B0B /* PactSwiftVersion.swift */; };
		AD879B9E258242AC00F85B0B /* PactSwiftVersion.swift in Sources */ = {isa = PBXBuildFile; fileRef = AD879B9C258242AC00F85B0B /* PactSwiftVersion.swift */; };
		AD881808242C715B00BF510D /* PactSwift.framework in Frameworks */ = {isa = PBXBuildFile; fileRef = AD8817FE242C715A00BF510D /* PactSwift.framework */; };
		AD88180F242C715B00BF510D /* PactSwift.h in Headers */ = {isa = PBXBuildFile; fileRef = AD881801242C715A00BF510D /* PactSwift.h */; settings = {ATTRIBUTES = (Public, ); }; };
		AD8DF42C243BF9430062CB1A /* AnyEncodable.swift in Sources */ = {isa = PBXBuildFile; fileRef = AD8DF42B243BF9430062CB1A /* AnyEncodable.swift */; };
		AD8DF433243C437F0062CB1A /* AnyEncodableTests.swift in Sources */ = {isa = PBXBuildFile; fileRef = AD8DF432243C437F0062CB1A /* AnyEncodableTests.swift */; };
		AD8DF435243C53750062CB1A /* PactBuilder.swift in Sources */ = {isa = PBXBuildFile; fileRef = AD8DF434243C53750062CB1A /* PactBuilder.swift */; };
		AD8DF437243EA4580062CB1A /* PactInteractionElement.swift in Sources */ = {isa = PBXBuildFile; fileRef = AD8DF436243EA4580062CB1A /* PactInteractionElement.swift */; };
		AD8DF439243EEBDB0062CB1A /* SomethingLike.swift in Sources */ = {isa = PBXBuildFile; fileRef = AD8DF438243EEBDB0062CB1A /* SomethingLike.swift */; };
		AD8DF43B243EEF390062CB1A /* MatchingRuleExpressible.swift in Sources */ = {isa = PBXBuildFile; fileRef = AD8DF43A243EEF390062CB1A /* MatchingRuleExpressible.swift */; };
		AD8DF43F244055980062CB1A /* EachLike.swift in Sources */ = {isa = PBXBuildFile; fileRef = AD8DF43E244055980062CB1A /* EachLike.swift */; };
		AD8FC7C02463A06F00361854 /* PactSwift.framework in Frameworks */ = {isa = PBXBuildFile; fileRef = AD8FC7B72463A06F00361854 /* PactSwift.framework */; };
		AD8FC7E12463BB9F00361854 /* AnyEncodable.swift in Sources */ = {isa = PBXBuildFile; fileRef = AD8DF42B243BF9430062CB1A /* AnyEncodable.swift */; };
		AD8FC7E22463BB9F00361854 /* ErrorReportable.swift in Sources */ = {isa = PBXBuildFile; fileRef = ADDE4703244D101700E4F7EE /* ErrorReportable.swift */; };
		AD8FC7E32463BB9F00361854 /* ErrorReporter.swift in Sources */ = {isa = PBXBuildFile; fileRef = ADDE4705244D11DE00E4F7EE /* ErrorReporter.swift */; };
		AD8FC7E42463BB9F00361854 /* Interaction.swift in Sources */ = {isa = PBXBuildFile; fileRef = AD641A412434588200785CE1 /* Interaction.swift */; };
		AD8FC7E52463BB9F00361854 /* Metadata.swift in Sources */ = {isa = PBXBuildFile; fileRef = AD641A342434345500785CE1 /* Metadata.swift */; };
		AD8FC7E62463BB9F00361854 /* Pact.swift in Sources */ = {isa = PBXBuildFile; fileRef = AD641A3924344D9500785CE1 /* Pact.swift */; };
		AD8FC7E72463BB9F00361854 /* PactBuilder.swift in Sources */ = {isa = PBXBuildFile; fileRef = AD8DF434243C53750062CB1A /* PactBuilder.swift */; };
		AD8FC7E82463BB9F00361854 /* PactHTTPMethod.swift in Sources */ = {isa = PBXBuildFile; fileRef = ADB7C1682433280100A16CDE /* PactHTTPMethod.swift */; };
		AD8FC7E92463BB9F00361854 /* Pacticipant.swift in Sources */ = {isa = PBXBuildFile; fileRef = AD641A3B24344ED400785CE1 /* Pacticipant.swift */; };
		AD8FC7EA2463BB9F00361854 /* PactInteractionElement.swift in Sources */ = {isa = PBXBuildFile; fileRef = AD8DF436243EA4580062CB1A /* PactInteractionElement.swift */; };
		AD8FC7EB2463BB9F00361854 /* ProviderState.swift in Sources */ = {isa = PBXBuildFile; fileRef = ADE2937E2435DB14008AFBC9 /* ProviderState.swift */; };
		AD8FC7EC2463BB9F00361854 /* Request.swift in Sources */ = {isa = PBXBuildFile; fileRef = ADB7C1602433269B00A16CDE /* Request.swift */; };
		AD8FC7ED2463BB9F00361854 /* Response.swift in Sources */ = {isa = PBXBuildFile; fileRef = ADB7C16A2433283400A16CDE /* Response.swift */; };
		AD8FC7EE2463BBA400361854 /* Bundle+PactSwift.swift in Sources */ = {isa = PBXBuildFile; fileRef = AD641A322434331300785CE1 /* Bundle+PactSwift.swift */; };
		AD8FC7EF2463BBA400361854 /* Dictionary+PactSwift.swift in Sources */ = {isa = PBXBuildFile; fileRef = ADB7C11C2432D41E00A16CDE /* Dictionary+PactSwift.swift */; };
		AD8FC7F02463BBA900361854 /* PactSwift.h in Headers */ = {isa = PBXBuildFile; fileRef = AD881801242C715A00BF510D /* PactSwift.h */; settings = {ATTRIBUTES = (Public, ); }; };
		AD8FC7F22463BBB800361854 /* DecimalLike.swift in Sources */ = {isa = PBXBuildFile; fileRef = AD7891C124415E3E0014BCC8 /* DecimalLike.swift */; };
		AD8FC7F32463BBB800361854 /* EachLike.swift in Sources */ = {isa = PBXBuildFile; fileRef = AD8DF43E244055980062CB1A /* EachLike.swift */; };
		AD8FC7F42463BBB800361854 /* EqualTo.swift in Sources */ = {isa = PBXBuildFile; fileRef = ADD3C27324416CDF002E73B9 /* EqualTo.swift */; };
		AD8FC7F52463BBB800361854 /* IncludesLike.swift in Sources */ = {isa = PBXBuildFile; fileRef = ADD3C27524416DAE002E73B9 /* IncludesLike.swift */; };
		AD8FC7F62463BBB800361854 /* IntegerLike.swift in Sources */ = {isa = PBXBuildFile; fileRef = AD7891BD24415C100014BCC8 /* IntegerLike.swift */; };
		AD8FC7F72463BBB800361854 /* MatchingRuleExpressible.swift in Sources */ = {isa = PBXBuildFile; fileRef = AD8DF43A243EEF390062CB1A /* MatchingRuleExpressible.swift */; };
		AD8FC7F82463BBB800361854 /* RegexLike.swift in Sources */ = {isa = PBXBuildFile; fileRef = ADD3C26F24416891002E73B9 /* RegexLike.swift */; };
		AD8FC7F92463BBB800361854 /* SomethingLike.swift in Sources */ = {isa = PBXBuildFile; fileRef = AD8DF438243EEBDB0062CB1A /* SomethingLike.swift */; };
		AD8FC7FA2463BBB800361854 /* MockService.swift in Sources */ = {isa = PBXBuildFile; fileRef = AD10361324468AB3002C97CA /* MockService.swift */; };
		AD8FC7FE2463BBD000361854 /* AnyEncodableTests.swift in Sources */ = {isa = PBXBuildFile; fileRef = AD8DF432243C437F0062CB1A /* AnyEncodableTests.swift */; };
		AD8FC7FF2463BBD000361854 /* MetadataTests.swift in Sources */ = {isa = PBXBuildFile; fileRef = AD641A372434355C00785CE1 /* MetadataTests.swift */; };
		AD8FC8002463BBD000361854 /* PactBuilderTests.swift in Sources */ = {isa = PBXBuildFile; fileRef = AD7891B624414D500014BCC8 /* PactBuilderTests.swift */; };
		AD8FC8012463BBD000361854 /* PacticipantTests.swift in Sources */ = {isa = PBXBuildFile; fileRef = AD641A3D24344FA100785CE1 /* PacticipantTests.swift */; };
		AD8FC8022463BBD000361854 /* PactTests.swift in Sources */ = {isa = PBXBuildFile; fileRef = AD641A3F2434518500785CE1 /* PactTests.swift */; };
		AD8FC8032463BBD000361854 /* DecimalLikeTests.swift in Sources */ = {isa = PBXBuildFile; fileRef = AD7891C324415E9F0014BCC8 /* DecimalLikeTests.swift */; };
		AD8FC8042463BBD000361854 /* EachLikeTests.swift in Sources */ = {isa = PBXBuildFile; fileRef = AD7891BB244156FC0014BCC8 /* EachLikeTests.swift */; };
		AD8FC8052463BBD000361854 /* IntegerLikeTests.swift in Sources */ = {isa = PBXBuildFile; fileRef = AD7891BF24415C710014BCC8 /* IntegerLikeTests.swift */; };
		AD8FC8062463BBD000361854 /* RegexLikeTests.swift in Sources */ = {isa = PBXBuildFile; fileRef = ADD3C27124416A3E002E73B9 /* RegexLikeTests.swift */; };
		AD8FC8072463BBD000361854 /* SomethingLikeTests.swift in Sources */ = {isa = PBXBuildFile; fileRef = AD7891B92441512E0014BCC8 /* SomethingLikeTests.swift */; };
		AD8FC8082463BBD100361854 /* MockServiceTests.swift in Sources */ = {isa = PBXBuildFile; fileRef = AD103617244693A6002C97CA /* MockServiceTests.swift */; };
		AD8FC80A2463BBD100361854 /* ErrorCapture.swift in Sources */ = {isa = PBXBuildFile; fileRef = ADDE4700244D0FD600E4F7EE /* ErrorCapture.swift */; };
		ADA17E3B25137716004F1A82 /* RandomDateTime.swift in Sources */ = {isa = PBXBuildFile; fileRef = ADA17E3A25137716004F1A82 /* RandomDateTime.swift */; };
		ADA17E3C25137716004F1A82 /* RandomDateTime.swift in Sources */ = {isa = PBXBuildFile; fileRef = ADA17E3A25137716004F1A82 /* RandomDateTime.swift */; };
		ADA17E3E2513772B004F1A82 /* RandomDateTimeTests.swift in Sources */ = {isa = PBXBuildFile; fileRef = ADA17E3D2513772B004F1A82 /* RandomDateTimeTests.swift */; };
		ADA17E3F2513772B004F1A82 /* RandomDateTimeTests.swift in Sources */ = {isa = PBXBuildFile; fileRef = ADA17E3D2513772B004F1A82 /* RandomDateTimeTests.swift */; };
		ADA17E41251377A4004F1A82 /* Date+PactSwift.swift in Sources */ = {isa = PBXBuildFile; fileRef = ADA17E40251377A4004F1A82 /* Date+PactSwift.swift */; };
		ADA17E42251377A4004F1A82 /* Date+PactSwift.swift in Sources */ = {isa = PBXBuildFile; fileRef = ADA17E40251377A4004F1A82 /* Date+PactSwift.swift */; };
		ADA17E492513808B004F1A82 /* DateHelper.swift in Sources */ = {isa = PBXBuildFile; fileRef = ADA17E482513808B004F1A82 /* DateHelper.swift */; };
		ADA17E4A2513808B004F1A82 /* DateHelper.swift in Sources */ = {isa = PBXBuildFile; fileRef = ADA17E482513808B004F1A82 /* DateHelper.swift */; };
		ADA17E4C251383EB004F1A82 /* RandomTime.swift in Sources */ = {isa = PBXBuildFile; fileRef = ADA17E4B251383EB004F1A82 /* RandomTime.swift */; };
		ADA17E4D251383EB004F1A82 /* RandomTime.swift in Sources */ = {isa = PBXBuildFile; fileRef = ADA17E4B251383EB004F1A82 /* RandomTime.swift */; };
		ADA17E4F2513848A004F1A82 /* RandomTimeTests.swift in Sources */ = {isa = PBXBuildFile; fileRef = ADA17E4E2513848A004F1A82 /* RandomTimeTests.swift */; };
		ADA17E502513848A004F1A82 /* RandomTimeTests.swift in Sources */ = {isa = PBXBuildFile; fileRef = ADA17E4E2513848A004F1A82 /* RandomTimeTests.swift */; };
		ADA17E5225138908004F1A82 /* RandomDecimal.swift in Sources */ = {isa = PBXBuildFile; fileRef = ADA17E5125138908004F1A82 /* RandomDecimal.swift */; };
		ADA17E5325138908004F1A82 /* RandomDecimal.swift in Sources */ = {isa = PBXBuildFile; fileRef = ADA17E5125138908004F1A82 /* RandomDecimal.swift */; };
		ADA40177253028A100265DF3 /* MatchNull.swift in Sources */ = {isa = PBXBuildFile; fileRef = ADA40176253028A100265DF3 /* MatchNull.swift */; };
		ADA40178253028A100265DF3 /* MatchNull.swift in Sources */ = {isa = PBXBuildFile; fileRef = ADA40176253028A100265DF3 /* MatchNull.swift */; };
		ADA40182253033C400265DF3 /* MatchNullTests.swift in Sources */ = {isa = PBXBuildFile; fileRef = ADA40181253033C400265DF3 /* MatchNullTests.swift */; };
		ADA40183253033C400265DF3 /* MatchNullTests.swift in Sources */ = {isa = PBXBuildFile; fileRef = ADA40181253033C400265DF3 /* MatchNullTests.swift */; };
		ADB7C11D2432D41F00A16CDE /* Dictionary+PactSwift.swift in Sources */ = {isa = PBXBuildFile; fileRef = ADB7C11C2432D41E00A16CDE /* Dictionary+PactSwift.swift */; };
		ADB7C1612433269B00A16CDE /* Request.swift in Sources */ = {isa = PBXBuildFile; fileRef = ADB7C1602433269B00A16CDE /* Request.swift */; };
		ADB7C1692433280100A16CDE /* PactHTTPMethod.swift in Sources */ = {isa = PBXBuildFile; fileRef = ADB7C1682433280100A16CDE /* PactHTTPMethod.swift */; };
		ADB7C16B2433283400A16CDE /* Response.swift in Sources */ = {isa = PBXBuildFile; fileRef = ADB7C16A2433283400A16CDE /* Response.swift */; };
		ADBC60DC2513639700BBE666 /* RandomDate.swift in Sources */ = {isa = PBXBuildFile; fileRef = AD8546F025135F4200211E28 /* RandomDate.swift */; };
		ADBC60DD2513639800BBE666 /* RandomDate.swift in Sources */ = {isa = PBXBuildFile; fileRef = AD8546F025135F4200211E28 /* RandomDate.swift */; };
		ADC37269269825AA000DA90B /* OneOf.swift in Sources */ = {isa = PBXBuildFile; fileRef = ADC37268269825AA000DA90B /* OneOf.swift */; };
		ADC3726A269825AA000DA90B /* OneOf.swift in Sources */ = {isa = PBXBuildFile; fileRef = ADC37268269825AA000DA90B /* OneOf.swift */; };
		ADC3728226982E1E000DA90B /* OneOfTests.swift in Sources */ = {isa = PBXBuildFile; fileRef = ADC3727326982D88000DA90B /* OneOfTests.swift */; };
		ADC3728726982E1F000DA90B /* OneOfTests.swift in Sources */ = {isa = PBXBuildFile; fileRef = ADC3727326982D88000DA90B /* OneOfTests.swift */; };
		ADC372B4269877AF000DA90B /* Sequence+PactSwift.swift in Sources */ = {isa = PBXBuildFile; fileRef = ADC372B3269877AF000DA90B /* Sequence+PactSwift.swift */; };
		ADC372B5269877AF000DA90B /* Sequence+PactSwift.swift in Sources */ = {isa = PBXBuildFile; fileRef = ADC372B3269877AF000DA90B /* Sequence+PactSwift.swift */; };
		ADC3AA37247C8C4B0034446E /* InteractionTests.swift in Sources */ = {isa = PBXBuildFile; fileRef = ADC3AA36247C8C4B0034446E /* InteractionTests.swift */; };
		ADC3AA38247C8C4B0034446E /* InteractionTests.swift in Sources */ = {isa = PBXBuildFile; fileRef = ADC3AA36247C8C4B0034446E /* InteractionTests.swift */; };
		ADC3AA3D247CBB550034446E /* IncludesLikeTests.swift in Sources */ = {isa = PBXBuildFile; fileRef = ADC3AA3C247CBB550034446E /* IncludesLikeTests.swift */; };
		ADC3AA3E247CBB550034446E /* IncludesLikeTests.swift in Sources */ = {isa = PBXBuildFile; fileRef = ADC3AA3C247CBB550034446E /* IncludesLikeTests.swift */; };
		ADD0315F2512193500C6099B /* ExampleGeneratorExpressible.swift in Sources */ = {isa = PBXBuildFile; fileRef = ADD0315E2512193500C6099B /* ExampleGeneratorExpressible.swift */; };
		ADD031602512193500C6099B /* ExampleGeneratorExpressible.swift in Sources */ = {isa = PBXBuildFile; fileRef = ADD0315E2512193500C6099B /* ExampleGeneratorExpressible.swift */; };
		ADD03164251219B700C6099B /* ExampleGenerator.swift in Sources */ = {isa = PBXBuildFile; fileRef = ADD03163251219B700C6099B /* ExampleGenerator.swift */; };
		ADD03165251219B700C6099B /* ExampleGenerator.swift in Sources */ = {isa = PBXBuildFile; fileRef = ADD03163251219B700C6099B /* ExampleGenerator.swift */; };
		ADD03167251220FD00C6099B /* RandomBool.swift in Sources */ = {isa = PBXBuildFile; fileRef = ADD03166251220FD00C6099B /* RandomBool.swift */; };
		ADD03168251220FD00C6099B /* RandomBool.swift in Sources */ = {isa = PBXBuildFile; fileRef = ADD03166251220FD00C6099B /* RandomBool.swift */; };
		ADD0316C251221A300C6099B /* RandomBooleanTests.swift in Sources */ = {isa = PBXBuildFile; fileRef = ADD0316B251221A300C6099B /* RandomBooleanTests.swift */; };
		ADD0316D251221A300C6099B /* RandomBooleanTests.swift in Sources */ = {isa = PBXBuildFile; fileRef = ADD0316B251221A300C6099B /* RandomBooleanTests.swift */; };
		ADD0316F25122E4B00C6099B /* RandomUUID.swift in Sources */ = {isa = PBXBuildFile; fileRef = ADD0316E25122E4B00C6099B /* RandomUUID.swift */; };
		ADD0317025122E4B00C6099B /* RandomUUID.swift in Sources */ = {isa = PBXBuildFile; fileRef = ADD0316E25122E4B00C6099B /* RandomUUID.swift */; };
		ADD0317225122EA400C6099B /* RandomUUIDTests.swift in Sources */ = {isa = PBXBuildFile; fileRef = ADD0317125122EA400C6099B /* RandomUUIDTests.swift */; };
		ADD0317325122EA400C6099B /* RandomUUIDTests.swift in Sources */ = {isa = PBXBuildFile; fileRef = ADD0317125122EA400C6099B /* RandomUUIDTests.swift */; };
		ADD03175251235A800C6099B /* UUID+PactSwift.swift in Sources */ = {isa = PBXBuildFile; fileRef = ADD03174251235A800C6099B /* UUID+PactSwift.swift */; };
		ADD03176251235A800C6099B /* UUID+PactSwift.swift in Sources */ = {isa = PBXBuildFile; fileRef = ADD03174251235A800C6099B /* UUID+PactSwift.swift */; };
		ADD031782512425800C6099B /* RandomInt.swift in Sources */ = {isa = PBXBuildFile; fileRef = ADD031772512425800C6099B /* RandomInt.swift */; };
		ADD031792512425800C6099B /* RandomInt.swift in Sources */ = {isa = PBXBuildFile; fileRef = ADD031772512425800C6099B /* RandomInt.swift */; };
		ADD0317B2512439500C6099B /* RandomIntTests.swift in Sources */ = {isa = PBXBuildFile; fileRef = ADD0317A2512439500C6099B /* RandomIntTests.swift */; };
		ADD0317C2512439500C6099B /* RandomIntTests.swift in Sources */ = {isa = PBXBuildFile; fileRef = ADD0317A2512439500C6099B /* RandomIntTests.swift */; };
		ADD3C27024416891002E73B9 /* RegexLike.swift in Sources */ = {isa = PBXBuildFile; fileRef = ADD3C26F24416891002E73B9 /* RegexLike.swift */; };
		ADD3C27224416A3E002E73B9 /* RegexLikeTests.swift in Sources */ = {isa = PBXBuildFile; fileRef = ADD3C27124416A3E002E73B9 /* RegexLikeTests.swift */; };
		ADD3C27424416CDF002E73B9 /* EqualTo.swift in Sources */ = {isa = PBXBuildFile; fileRef = ADD3C27324416CDF002E73B9 /* EqualTo.swift */; };
		ADD3C27624416DAE002E73B9 /* IncludesLike.swift in Sources */ = {isa = PBXBuildFile; fileRef = ADD3C27524416DAE002E73B9 /* IncludesLike.swift */; };
		ADDE4702244D0FDE00E4F7EE /* ErrorCapture.swift in Sources */ = {isa = PBXBuildFile; fileRef = ADDE4700244D0FD600E4F7EE /* ErrorCapture.swift */; };
		ADDE4704244D101700E4F7EE /* ErrorReportable.swift in Sources */ = {isa = PBXBuildFile; fileRef = ADDE4703244D101700E4F7EE /* ErrorReportable.swift */; };
		ADDE4706244D11DE00E4F7EE /* ErrorReporter.swift in Sources */ = {isa = PBXBuildFile; fileRef = ADDE4705244D11DE00E4F7EE /* ErrorReporter.swift */; };
		ADE2937F2435DB14008AFBC9 /* ProviderState.swift in Sources */ = {isa = PBXBuildFile; fileRef = ADE2937E2435DB14008AFBC9 /* ProviderState.swift */; };
		ADE9B3C7250A3C4700274672 /* Matcher.swift in Sources */ = {isa = PBXBuildFile; fileRef = ADE9B3C6250A3C4700274672 /* Matcher.swift */; };
		ADE9B3C8250A3C4700274672 /* Matcher.swift in Sources */ = {isa = PBXBuildFile; fileRef = ADE9B3C6250A3C4700274672 /* Matcher.swift */; };
		ADE9B3CA250A435B00274672 /* EqualToTests.swift in Sources */ = {isa = PBXBuildFile; fileRef = ADE9B3C9250A435B00274672 /* EqualToTests.swift */; };
		ADE9B3CB250A435B00274672 /* EqualToTests.swift in Sources */ = {isa = PBXBuildFile; fileRef = ADE9B3C9250A435B00274672 /* EqualToTests.swift */; };
		ADEDDEF72547B6B700A45AD2 /* PactPathParameter.swift in Sources */ = {isa = PBXBuildFile; fileRef = ADEDDEF62547B6B700A45AD2 /* PactPathParameter.swift */; };
		ADEDDEF82547B6B700A45AD2 /* PactPathParameter.swift in Sources */ = {isa = PBXBuildFile; fileRef = ADEDDEF62547B6B700A45AD2 /* PactPathParameter.swift */; };
		ADEDDEFD2547B6FA00A45AD2 /* String+PactSwift.swift in Sources */ = {isa = PBXBuildFile; fileRef = ADEDDEFC2547B6FA00A45AD2 /* String+PactSwift.swift */; };
		ADEDDEFE2547B6FA00A45AD2 /* String+PactSwift.swift in Sources */ = {isa = PBXBuildFile; fileRef = ADEDDEFC2547B6FA00A45AD2 /* String+PactSwift.swift */; };
		ADEDDF092547CFC200A45AD2 /* ObjCMatcherTests.swift in Sources */ = {isa = PBXBuildFile; fileRef = ADEDDF082547CFC200A45AD2 /* ObjCMatcherTests.swift */; };
		ADEDDF0A2547CFC200A45AD2 /* ObjCMatcherTests.swift in Sources */ = {isa = PBXBuildFile; fileRef = ADEDDF082547CFC200A45AD2 /* ObjCMatcherTests.swift */; };
		ADEDDF122547D95700A45AD2 /* ObjCExampleGeneratorTests.swift in Sources */ = {isa = PBXBuildFile; fileRef = ADEDDF112547D95700A45AD2 /* ObjCExampleGeneratorTests.swift */; };
		ADEDDF132547D95700A45AD2 /* ObjCExampleGeneratorTests.swift in Sources */ = {isa = PBXBuildFile; fileRef = ADEDDF112547D95700A45AD2 /* ObjCExampleGeneratorTests.swift */; };
		ADEDDF1B2547DF3200A45AD2 /* ToolboxTests.swift in Sources */ = {isa = PBXBuildFile; fileRef = ADEDDF1A2547DF3200A45AD2 /* ToolboxTests.swift */; };
		ADEDDF1C2547DF3200A45AD2 /* ToolboxTests.swift in Sources */ = {isa = PBXBuildFile; fileRef = ADEDDF1A2547DF3200A45AD2 /* ToolboxTests.swift */; };
		ADEDDF252547E81300A45AD2 /* EncodingError.swift in Sources */ = {isa = PBXBuildFile; fileRef = ADEDDF242547E81300A45AD2 /* EncodingError.swift */; };
		ADEDDF262547E81300A45AD2 /* EncodingError.swift in Sources */ = {isa = PBXBuildFile; fileRef = ADEDDF242547E81300A45AD2 /* EncodingError.swift */; };
		ADEFD134253EEF230081A1B1 /* Toolbox.swift in Sources */ = {isa = PBXBuildFile; fileRef = ADEFD133253EEF230081A1B1 /* Toolbox.swift */; };
		ADEFD135253EEF230081A1B1 /* Toolbox.swift in Sources */ = {isa = PBXBuildFile; fileRef = ADEFD133253EEF230081A1B1 /* Toolbox.swift */; };
		ADF17CBA26B5019B008E7ECD /* PFMockService.swift in Sources */ = {isa = PBXBuildFile; fileRef = ADF17CB926B5019B008E7ECD /* PFMockService.swift */; };
		ADF17CBB26B5019B008E7ECD /* PFMockService.swift in Sources */ = {isa = PBXBuildFile; fileRef = ADF17CB926B5019B008E7ECD /* PFMockService.swift */; };
		ADF17CBD26B50796008E7ECD /* TransferProtocol.swift in Sources */ = {isa = PBXBuildFile; fileRef = ADF17CBC26B50796008E7ECD /* TransferProtocol.swift */; };
		ADF17CBE26B50796008E7ECD /* TransferProtocol.swift in Sources */ = {isa = PBXBuildFile; fileRef = ADF17CBC26B50796008E7ECD /* TransferProtocol.swift */; };
		ADF17CC026B50B66008E7ECD /* Constants.swift in Sources */ = {isa = PBXBuildFile; fileRef = ADF17CBF26B50B66008E7ECD /* Constants.swift */; };
		ADF17CC126B50B66008E7ECD /* Constants.swift in Sources */ = {isa = PBXBuildFile; fileRef = ADF17CBF26B50B66008E7ECD /* Constants.swift */; };
/* End PBXBuildFile section */

/* Begin PBXContainerItemProxy section */
		AD881809242C715B00BF510D /* PBXContainerItemProxy */ = {
			isa = PBXContainerItemProxy;
			containerPortal = AD8817F5242C715A00BF510D /* Project object */;
			proxyType = 1;
			remoteGlobalIDString = AD8817FD242C715A00BF510D;
			remoteInfo = PACTSwift;
		};
		AD8FC7C12463A06F00361854 /* PBXContainerItemProxy */ = {
			isa = PBXContainerItemProxy;
			containerPortal = AD8817F5242C715A00BF510D /* Project object */;
			proxyType = 1;
			remoteGlobalIDString = AD8FC7B62463A06F00361854;
			remoteInfo = PactSwift_macOS;
		};
/* End PBXContainerItemProxy section */

/* Begin PBXFileReference section */
		AD10361324468AB3002C97CA /* MockService.swift */ = {isa = PBXFileReference; lastKnownFileType = sourcecode.swift; path = MockService.swift; sourceTree = "<group>"; };
		AD103617244693A6002C97CA /* MockServiceTests.swift */ = {isa = PBXFileReference; lastKnownFileType = sourcecode.swift; path = MockServiceTests.swift; sourceTree = "<group>"; };
		AD2CB262242CC0A000D991F0 /* Project-Debug.xcconfig */ = {isa = PBXFileReference; lastKnownFileType = text.xcconfig; path = "Project-Debug.xcconfig"; sourceTree = "<group>"; };
		AD2CB263242CC0B900D991F0 /* Project-Release.xcconfig */ = {isa = PBXFileReference; lastKnownFileType = text.xcconfig; path = "Project-Release.xcconfig"; sourceTree = "<group>"; };
		AD2CB264242CC10600D991F0 /* Target-iOS-Debug.xcconfig */ = {isa = PBXFileReference; lastKnownFileType = text.xcconfig; path = "Target-iOS-Debug.xcconfig"; sourceTree = "<group>"; };
		AD2CB265242CC10E00D991F0 /* Target-iOS-Release.xcconfig */ = {isa = PBXFileReference; lastKnownFileType = text.xcconfig; path = "Target-iOS-Release.xcconfig"; sourceTree = "<group>"; };
		AD2CB266242CC11700D991F0 /* Target-iOS-Tests-Debug.xcconfig */ = {isa = PBXFileReference; lastKnownFileType = text.xcconfig; path = "Target-iOS-Tests-Debug.xcconfig"; sourceTree = "<group>"; };
		AD2CB267242CC12300D991F0 /* Target-iOS-Tests-Release.xcconfig */ = {isa = PBXFileReference; lastKnownFileType = text.xcconfig; path = "Target-iOS-Tests-Release.xcconfig"; sourceTree = "<group>"; };
		AD4B970425138F7600C37560 /* RandomDecimalTests.swift */ = {isa = PBXFileReference; lastKnownFileType = sourcecode.swift; path = RandomDecimalTests.swift; sourceTree = "<group>"; };
		AD4B97092513A04800C37560 /* RandomHexadecimal.swift */ = {isa = PBXFileReference; lastKnownFileType = sourcecode.swift; path = RandomHexadecimal.swift; sourceTree = "<group>"; };
		AD4B970C2513A0C300C37560 /* RandomHexadecimalTests.swift */ = {isa = PBXFileReference; lastKnownFileType = sourcecode.swift; path = RandomHexadecimalTests.swift; sourceTree = "<group>"; };
		AD4B970F2513A3DB00C37560 /* RandomString.swift */ = {isa = PBXFileReference; lastKnownFileType = sourcecode.swift; path = RandomString.swift; sourceTree = "<group>"; };
		AD4B97122513A64700C37560 /* RandomStringTests.swift */ = {isa = PBXFileReference; lastKnownFileType = sourcecode.swift; path = RandomStringTests.swift; sourceTree = "<group>"; };
		AD4FC5DD242CC2B20039342D /* Project-Shared.xcconfig */ = {isa = PBXFileReference; lastKnownFileType = text.xcconfig; path = "Project-Shared.xcconfig"; sourceTree = "<group>"; };
		AD4FC5DE242CC2C30039342D /* Target-iOS-Shared.xcconfig */ = {isa = PBXFileReference; lastKnownFileType = text.xcconfig; path = "Target-iOS-Shared.xcconfig"; sourceTree = "<group>"; };
		AD4FC5DF242CC2CB0039342D /* Target-iOS-Tests-Shared.xcconfig */ = {isa = PBXFileReference; lastKnownFileType = text.xcconfig; path = "Target-iOS-Tests-Shared.xcconfig"; sourceTree = "<group>"; };
		AD641A322434331300785CE1 /* Bundle+PactSwift.swift */ = {isa = PBXFileReference; lastKnownFileType = sourcecode.swift; path = "Bundle+PactSwift.swift"; sourceTree = "<group>"; };
		AD641A342434345500785CE1 /* Metadata.swift */ = {isa = PBXFileReference; lastKnownFileType = sourcecode.swift; path = Metadata.swift; sourceTree = "<group>"; };
		AD641A372434355C00785CE1 /* MetadataTests.swift */ = {isa = PBXFileReference; lastKnownFileType = sourcecode.swift; path = MetadataTests.swift; sourceTree = "<group>"; };
		AD641A3924344D9500785CE1 /* Pact.swift */ = {isa = PBXFileReference; lastKnownFileType = sourcecode.swift; path = Pact.swift; sourceTree = "<group>"; };
		AD641A3B24344ED400785CE1 /* Pacticipant.swift */ = {isa = PBXFileReference; lastKnownFileType = sourcecode.swift; path = Pacticipant.swift; sourceTree = "<group>"; };
		AD641A3D24344FA100785CE1 /* PacticipantTests.swift */ = {isa = PBXFileReference; lastKnownFileType = sourcecode.swift; path = PacticipantTests.swift; sourceTree = "<group>"; };
		AD641A3F2434518500785CE1 /* PactTests.swift */ = {isa = PBXFileReference; lastKnownFileType = sourcecode.swift; path = PactTests.swift; sourceTree = "<group>"; };
		AD641A412434588200785CE1 /* Interaction.swift */ = {isa = PBXFileReference; lastKnownFileType = sourcecode.swift; path = Interaction.swift; sourceTree = "<group>"; };
		AD7891B624414D500014BCC8 /* PactBuilderTests.swift */ = {isa = PBXFileReference; lastKnownFileType = sourcecode.swift; path = PactBuilderTests.swift; sourceTree = "<group>"; };
		AD7891B92441512E0014BCC8 /* SomethingLikeTests.swift */ = {isa = PBXFileReference; lastKnownFileType = sourcecode.swift; path = SomethingLikeTests.swift; sourceTree = "<group>"; };
		AD7891BB244156FC0014BCC8 /* EachLikeTests.swift */ = {isa = PBXFileReference; lastKnownFileType = sourcecode.swift; path = EachLikeTests.swift; sourceTree = "<group>"; };
		AD7891BD24415C100014BCC8 /* IntegerLike.swift */ = {isa = PBXFileReference; lastKnownFileType = sourcecode.swift; path = IntegerLike.swift; sourceTree = "<group>"; };
		AD7891BF24415C710014BCC8 /* IntegerLikeTests.swift */ = {isa = PBXFileReference; lastKnownFileType = sourcecode.swift; path = IntegerLikeTests.swift; sourceTree = "<group>"; };
		AD7891C124415E3E0014BCC8 /* DecimalLike.swift */ = {isa = PBXFileReference; lastKnownFileType = sourcecode.swift; path = DecimalLike.swift; sourceTree = "<group>"; };
		AD7891C324415E9F0014BCC8 /* DecimalLikeTests.swift */ = {isa = PBXFileReference; lastKnownFileType = sourcecode.swift; path = DecimalLikeTests.swift; sourceTree = "<group>"; };
		AD78FB47264FD21900765BD3 /* PactContractTests.swift */ = {isa = PBXFileReference; lastKnownFileType = sourcecode.swift; path = PactContractTests.swift; sourceTree = "<group>"; };
		AD8546F025135F4200211E28 /* RandomDate.swift */ = {isa = PBXFileReference; lastKnownFileType = sourcecode.swift; path = RandomDate.swift; sourceTree = "<group>"; };
		AD8546F32513601800211E28 /* RandomDateTests.swift */ = {isa = PBXFileReference; lastKnownFileType = sourcecode.swift; path = RandomDateTests.swift; sourceTree = "<group>"; };
		AD879B9C258242AC00F85B0B /* PactSwiftVersion.swift */ = {isa = PBXFileReference; lastKnownFileType = sourcecode.swift; path = PactSwiftVersion.swift; sourceTree = "<group>"; };
		AD8817FE242C715A00BF510D /* PactSwift.framework */ = {isa = PBXFileReference; explicitFileType = wrapper.framework; includeInIndex = 0; path = PactSwift.framework; sourceTree = BUILT_PRODUCTS_DIR; };
		AD881801242C715A00BF510D /* PactSwift.h */ = {isa = PBXFileReference; lastKnownFileType = sourcecode.c.h; path = PactSwift.h; sourceTree = "<group>"; };
		AD881802242C715A00BF510D /* Info-iOS.plist */ = {isa = PBXFileReference; lastKnownFileType = text.plist.xml; path = "Info-iOS.plist"; sourceTree = "<group>"; };
		AD881807242C715B00BF510D /* PactSwiftTests_iOS.xctest */ = {isa = PBXFileReference; explicitFileType = wrapper.cfbundle; includeInIndex = 0; path = PactSwiftTests_iOS.xctest; sourceTree = BUILT_PRODUCTS_DIR; };
		AD88180E242C715B00BF510D /* Info-iOS-Tests.plist */ = {isa = PBXFileReference; lastKnownFileType = text.plist.xml; path = "Info-iOS-Tests.plist"; sourceTree = "<group>"; };
		AD8A32D6242CCF5600283080 /* Scripts */ = {isa = PBXFileReference; lastKnownFileType = folder; path = Scripts; sourceTree = "<group>"; };
		AD8DF42B243BF9430062CB1A /* AnyEncodable.swift */ = {isa = PBXFileReference; lastKnownFileType = sourcecode.swift; path = AnyEncodable.swift; sourceTree = "<group>"; };
		AD8DF432243C437F0062CB1A /* AnyEncodableTests.swift */ = {isa = PBXFileReference; lastKnownFileType = sourcecode.swift; path = AnyEncodableTests.swift; sourceTree = "<group>"; };
		AD8DF434243C53750062CB1A /* PactBuilder.swift */ = {isa = PBXFileReference; lastKnownFileType = sourcecode.swift; path = PactBuilder.swift; sourceTree = "<group>"; };
		AD8DF436243EA4580062CB1A /* PactInteractionElement.swift */ = {isa = PBXFileReference; lastKnownFileType = sourcecode.swift; path = PactInteractionElement.swift; sourceTree = "<group>"; };
		AD8DF438243EEBDB0062CB1A /* SomethingLike.swift */ = {isa = PBXFileReference; lastKnownFileType = sourcecode.swift; path = SomethingLike.swift; sourceTree = "<group>"; };
		AD8DF43A243EEF390062CB1A /* MatchingRuleExpressible.swift */ = {isa = PBXFileReference; lastKnownFileType = sourcecode.swift; path = MatchingRuleExpressible.swift; sourceTree = "<group>"; };
		AD8DF43E244055980062CB1A /* EachLike.swift */ = {isa = PBXFileReference; lastKnownFileType = sourcecode.swift; path = EachLike.swift; sourceTree = "<group>"; };
		AD8FC7B72463A06F00361854 /* PactSwift.framework */ = {isa = PBXFileReference; explicitFileType = wrapper.framework; includeInIndex = 0; path = PactSwift.framework; sourceTree = BUILT_PRODUCTS_DIR; };
		AD8FC7BA2463A06F00361854 /* Info-macOS.plist */ = {isa = PBXFileReference; lastKnownFileType = text.plist.xml; path = "Info-macOS.plist"; sourceTree = "<group>"; };
		AD8FC7BF2463A06F00361854 /* PactSwiftTests_macOS.xctest */ = {isa = PBXFileReference; explicitFileType = wrapper.cfbundle; includeInIndex = 0; path = PactSwiftTests_macOS.xctest; sourceTree = BUILT_PRODUCTS_DIR; };
		AD8FC7C62463A06F00361854 /* Info-macOS-Tests.plist */ = {isa = PBXFileReference; lastKnownFileType = text.plist.xml; path = "Info-macOS-Tests.plist"; sourceTree = "<group>"; };
		AD8FC7D22463AD9800361854 /* Target-macOS-Shared.xcconfig */ = {isa = PBXFileReference; lastKnownFileType = text.xcconfig; path = "Target-macOS-Shared.xcconfig"; sourceTree = "<group>"; };
		AD8FC7D32463ADA700361854 /* Target-macOS-Debug.xcconfig */ = {isa = PBXFileReference; lastKnownFileType = text.xcconfig; path = "Target-macOS-Debug.xcconfig"; sourceTree = "<group>"; };
		AD8FC7D42463ADB000361854 /* Target-macOS-Release.xcconfig */ = {isa = PBXFileReference; lastKnownFileType = text.xcconfig; path = "Target-macOS-Release.xcconfig"; sourceTree = "<group>"; };
		AD8FC7D52463ADC300361854 /* Target-macOS-Tests-Shared.xcconfig */ = {isa = PBXFileReference; lastKnownFileType = text.xcconfig; path = "Target-macOS-Tests-Shared.xcconfig"; sourceTree = "<group>"; };
		AD8FC7D62463ADCF00361854 /* Target-macOS-Tests-Debug.xcconfig */ = {isa = PBXFileReference; lastKnownFileType = text.xcconfig; path = "Target-macOS-Tests-Debug.xcconfig"; sourceTree = "<group>"; };
		AD8FC7D72463ADDB00361854 /* Target-macOS-Tests-Release.xcconfig */ = {isa = PBXFileReference; lastKnownFileType = text.xcconfig; path = "Target-macOS-Tests-Release.xcconfig"; sourceTree = "<group>"; };
		ADA17E3A25137716004F1A82 /* RandomDateTime.swift */ = {isa = PBXFileReference; lastKnownFileType = sourcecode.swift; path = RandomDateTime.swift; sourceTree = "<group>"; };
		ADA17E3D2513772B004F1A82 /* RandomDateTimeTests.swift */ = {isa = PBXFileReference; lastKnownFileType = sourcecode.swift; path = RandomDateTimeTests.swift; sourceTree = "<group>"; };
		ADA17E40251377A4004F1A82 /* Date+PactSwift.swift */ = {isa = PBXFileReference; lastKnownFileType = sourcecode.swift; path = "Date+PactSwift.swift"; sourceTree = "<group>"; };
		ADA17E482513808B004F1A82 /* DateHelper.swift */ = {isa = PBXFileReference; lastKnownFileType = sourcecode.swift; path = DateHelper.swift; sourceTree = "<group>"; };
		ADA17E4B251383EB004F1A82 /* RandomTime.swift */ = {isa = PBXFileReference; lastKnownFileType = sourcecode.swift; path = RandomTime.swift; sourceTree = "<group>"; };
		ADA17E4E2513848A004F1A82 /* RandomTimeTests.swift */ = {isa = PBXFileReference; lastKnownFileType = sourcecode.swift; path = RandomTimeTests.swift; sourceTree = "<group>"; };
		ADA17E5125138908004F1A82 /* RandomDecimal.swift */ = {isa = PBXFileReference; lastKnownFileType = sourcecode.swift; path = RandomDecimal.swift; sourceTree = "<group>"; };
		ADA40176253028A100265DF3 /* MatchNull.swift */ = {isa = PBXFileReference; fileEncoding = 4; lastKnownFileType = sourcecode.swift; path = MatchNull.swift; sourceTree = "<group>"; };
		ADA40181253033C400265DF3 /* MatchNullTests.swift */ = {isa = PBXFileReference; lastKnownFileType = sourcecode.swift; path = MatchNullTests.swift; sourceTree = "<group>"; };
		ADB7C11C2432D41E00A16CDE /* Dictionary+PactSwift.swift */ = {isa = PBXFileReference; lastKnownFileType = sourcecode.swift; path = "Dictionary+PactSwift.swift"; sourceTree = "<group>"; };
		ADB7C1602433269B00A16CDE /* Request.swift */ = {isa = PBXFileReference; lastKnownFileType = sourcecode.swift; path = Request.swift; sourceTree = "<group>"; };
		ADB7C1682433280100A16CDE /* PactHTTPMethod.swift */ = {isa = PBXFileReference; lastKnownFileType = sourcecode.swift; path = PactHTTPMethod.swift; sourceTree = "<group>"; };
		ADB7C16A2433283400A16CDE /* Response.swift */ = {isa = PBXFileReference; lastKnownFileType = sourcecode.swift; path = Response.swift; sourceTree = "<group>"; };
		ADC37268269825AA000DA90B /* OneOf.swift */ = {isa = PBXFileReference; lastKnownFileType = sourcecode.swift; path = OneOf.swift; sourceTree = "<group>"; };
		ADC3727326982D88000DA90B /* OneOfTests.swift */ = {isa = PBXFileReference; lastKnownFileType = sourcecode.swift; path = OneOfTests.swift; sourceTree = "<group>"; };
		ADC372B3269877AF000DA90B /* Sequence+PactSwift.swift */ = {isa = PBXFileReference; lastKnownFileType = sourcecode.swift; path = "Sequence+PactSwift.swift"; sourceTree = "<group>"; };
		ADC3AA36247C8C4B0034446E /* InteractionTests.swift */ = {isa = PBXFileReference; lastKnownFileType = sourcecode.swift; path = InteractionTests.swift; sourceTree = "<group>"; };
		ADC3AA3C247CBB550034446E /* IncludesLikeTests.swift */ = {isa = PBXFileReference; lastKnownFileType = sourcecode.swift; path = IncludesLikeTests.swift; sourceTree = "<group>"; };
		ADC6FAE024302BA800026714 /* Documentation */ = {isa = PBXFileReference; lastKnownFileType = folder; path = Documentation; sourceTree = "<group>"; };
		ADD0315E2512193500C6099B /* ExampleGeneratorExpressible.swift */ = {isa = PBXFileReference; lastKnownFileType = sourcecode.swift; path = ExampleGeneratorExpressible.swift; sourceTree = "<group>"; };
		ADD03163251219B700C6099B /* ExampleGenerator.swift */ = {isa = PBXFileReference; lastKnownFileType = sourcecode.swift; path = ExampleGenerator.swift; sourceTree = "<group>"; };
		ADD03166251220FD00C6099B /* RandomBool.swift */ = {isa = PBXFileReference; lastKnownFileType = sourcecode.swift; path = RandomBool.swift; sourceTree = "<group>"; };
		ADD0316B251221A300C6099B /* RandomBooleanTests.swift */ = {isa = PBXFileReference; lastKnownFileType = sourcecode.swift; path = RandomBooleanTests.swift; sourceTree = "<group>"; };
		ADD0316E25122E4B00C6099B /* RandomUUID.swift */ = {isa = PBXFileReference; lastKnownFileType = sourcecode.swift; path = RandomUUID.swift; sourceTree = "<group>"; };
		ADD0317125122EA400C6099B /* RandomUUIDTests.swift */ = {isa = PBXFileReference; lastKnownFileType = sourcecode.swift; path = RandomUUIDTests.swift; sourceTree = "<group>"; };
		ADD03174251235A800C6099B /* UUID+PactSwift.swift */ = {isa = PBXFileReference; lastKnownFileType = sourcecode.swift; path = "UUID+PactSwift.swift"; sourceTree = "<group>"; };
		ADD031772512425800C6099B /* RandomInt.swift */ = {isa = PBXFileReference; lastKnownFileType = sourcecode.swift; path = RandomInt.swift; sourceTree = "<group>"; };
		ADD0317A2512439500C6099B /* RandomIntTests.swift */ = {isa = PBXFileReference; lastKnownFileType = sourcecode.swift; path = RandomIntTests.swift; sourceTree = "<group>"; };
		ADD3C26F24416891002E73B9 /* RegexLike.swift */ = {isa = PBXFileReference; lastKnownFileType = sourcecode.swift; path = RegexLike.swift; sourceTree = "<group>"; };
		ADD3C27124416A3E002E73B9 /* RegexLikeTests.swift */ = {isa = PBXFileReference; lastKnownFileType = sourcecode.swift; path = RegexLikeTests.swift; sourceTree = "<group>"; };
		ADD3C27324416CDF002E73B9 /* EqualTo.swift */ = {isa = PBXFileReference; lastKnownFileType = sourcecode.swift; path = EqualTo.swift; sourceTree = "<group>"; };
		ADD3C27524416DAE002E73B9 /* IncludesLike.swift */ = {isa = PBXFileReference; lastKnownFileType = sourcecode.swift; path = IncludesLike.swift; sourceTree = "<group>"; };
		ADD6993D242C861600C5C2C2 /* .swiftlint.yml */ = {isa = PBXFileReference; lastKnownFileType = text.yaml; path = .swiftlint.yml; sourceTree = "<group>"; };
		ADDE4700244D0FD600E4F7EE /* ErrorCapture.swift */ = {isa = PBXFileReference; lastKnownFileType = sourcecode.swift; path = ErrorCapture.swift; sourceTree = "<group>"; };
		ADDE4703244D101700E4F7EE /* ErrorReportable.swift */ = {isa = PBXFileReference; lastKnownFileType = sourcecode.swift; path = ErrorReportable.swift; sourceTree = "<group>"; };
		ADDE4705244D11DE00E4F7EE /* ErrorReporter.swift */ = {isa = PBXFileReference; lastKnownFileType = sourcecode.swift; path = ErrorReporter.swift; sourceTree = "<group>"; };
		ADE2937E2435DB14008AFBC9 /* ProviderState.swift */ = {isa = PBXFileReference; lastKnownFileType = sourcecode.swift; path = ProviderState.swift; sourceTree = "<group>"; };
		ADE9B3C6250A3C4700274672 /* Matcher.swift */ = {isa = PBXFileReference; lastKnownFileType = sourcecode.swift; path = Matcher.swift; sourceTree = "<group>"; };
		ADE9B3C9250A435B00274672 /* EqualToTests.swift */ = {isa = PBXFileReference; lastKnownFileType = sourcecode.swift; path = EqualToTests.swift; sourceTree = "<group>"; };
		ADEDDEF62547B6B700A45AD2 /* PactPathParameter.swift */ = {isa = PBXFileReference; lastKnownFileType = sourcecode.swift; path = PactPathParameter.swift; sourceTree = "<group>"; };
		ADEDDEFC2547B6FA00A45AD2 /* String+PactSwift.swift */ = {isa = PBXFileReference; lastKnownFileType = sourcecode.swift; path = "String+PactSwift.swift"; sourceTree = "<group>"; };
		ADEDDF082547CFC200A45AD2 /* ObjCMatcherTests.swift */ = {isa = PBXFileReference; lastKnownFileType = sourcecode.swift; path = ObjCMatcherTests.swift; sourceTree = "<group>"; };
		ADEDDF112547D95700A45AD2 /* ObjCExampleGeneratorTests.swift */ = {isa = PBXFileReference; lastKnownFileType = sourcecode.swift; path = ObjCExampleGeneratorTests.swift; sourceTree = "<group>"; };
		ADEDDF1A2547DF3200A45AD2 /* ToolboxTests.swift */ = {isa = PBXFileReference; lastKnownFileType = sourcecode.swift; path = ToolboxTests.swift; sourceTree = "<group>"; };
		ADEDDF242547E81300A45AD2 /* EncodingError.swift */ = {isa = PBXFileReference; lastKnownFileType = sourcecode.swift; path = EncodingError.swift; sourceTree = "<group>"; };
		ADEFD133253EEF230081A1B1 /* Toolbox.swift */ = {isa = PBXFileReference; lastKnownFileType = sourcecode.swift; path = Toolbox.swift; sourceTree = "<group>"; };
		ADF17CB926B5019B008E7ECD /* PFMockService.swift */ = {isa = PBXFileReference; lastKnownFileType = sourcecode.swift; path = PFMockService.swift; sourceTree = "<group>"; };
		ADF17CBC26B50796008E7ECD /* TransferProtocol.swift */ = {isa = PBXFileReference; lastKnownFileType = sourcecode.swift; path = TransferProtocol.swift; sourceTree = "<group>"; };
		ADF17CBF26B50B66008E7ECD /* Constants.swift */ = {isa = PBXFileReference; lastKnownFileType = sourcecode.swift; path = Constants.swift; sourceTree = "<group>"; };
		ADF2E582267462090029507D /* Package.swift */ = {isa = PBXFileReference; lastKnownFileType = sourcecode.swift; path = Package.swift; sourceTree = "<group>"; };
/* End PBXFileReference section */

/* Begin PBXFrameworksBuildPhase section */
		AD8817FB242C715A00BF510D /* Frameworks */ = {
			isa = PBXFrameworksBuildPhase;
			buildActionMask = 2147483647;
			files = (
				AD1AE4BC26BBC956001E09E2 /* PactSwiftToolbox in Frameworks */,
				AD1571D0264D21FA00E1F72A /* PactSwiftMockServer in Frameworks */,
			);
			runOnlyForDeploymentPostprocessing = 0;
		};
		AD881804242C715B00BF510D /* Frameworks */ = {
			isa = PBXFrameworksBuildPhase;
			buildActionMask = 2147483647;
			files = (
				AD881808242C715B00BF510D /* PactSwift.framework in Frameworks */,
			);
			runOnlyForDeploymentPostprocessing = 0;
		};
		AD8FC7B42463A06F00361854 /* Frameworks */ = {
			isa = PBXFrameworksBuildPhase;
			buildActionMask = 2147483647;
			files = (
				AD1597A02648D79A007CFAA5 /* PactSwiftToolbox in Frameworks */,
				AD1571D2264D220100E1F72A /* PactSwiftMockServer in Frameworks */,
			);
			runOnlyForDeploymentPostprocessing = 0;
		};
		AD8FC7BC2463A06F00361854 /* Frameworks */ = {
			isa = PBXFrameworksBuildPhase;
			buildActionMask = 2147483647;
			files = (
				AD8FC7C02463A06F00361854 /* PactSwift.framework in Frameworks */,
			);
			runOnlyForDeploymentPostprocessing = 0;
		};
/* End PBXFrameworksBuildPhase section */

/* Begin PBXGroup section */
		AD01C9392432A31F00B75C9D /* Matchers */ = {
			isa = PBXGroup;
			children = (
				AD7891C124415E3E0014BCC8 /* DecimalLike.swift */,
				AD8DF43E244055980062CB1A /* EachLike.swift */,
				ADD3C27324416CDF002E73B9 /* EqualTo.swift */,
				ADD3C27524416DAE002E73B9 /* IncludesLike.swift */,
				AD7891BD24415C100014BCC8 /* IntegerLike.swift */,
				ADE9B3C6250A3C4700274672 /* Matcher.swift */,
				ADA40176253028A100265DF3 /* MatchNull.swift */,
				ADC37268269825AA000DA90B /* OneOf.swift */,
				ADD3C26F24416891002E73B9 /* RegexLike.swift */,
				AD8DF438243EEBDB0062CB1A /* SomethingLike.swift */,
			);
			path = Matchers;
			sourceTree = "<group>";
		};
		AD1AE4BA26BBC956001E09E2 /* Frameworks */ = {
			isa = PBXGroup;
			children = (
			);
			name = Frameworks;
			sourceTree = "<group>";
		};
		AD641A362434354C00785CE1 /* Model */ = {
			isa = PBXGroup;
			children = (
				AD8DF432243C437F0062CB1A /* AnyEncodableTests.swift */,
				ADC3AA36247C8C4B0034446E /* InteractionTests.swift */,
				AD641A372434355C00785CE1 /* MetadataTests.swift */,
				AD7891B624414D500014BCC8 /* PactBuilderTests.swift */,
				AD641A3D24344FA100785CE1 /* PacticipantTests.swift */,
				AD641A3F2434518500785CE1 /* PactTests.swift */,
				ADEDDF1A2547DF3200A45AD2 /* ToolboxTests.swift */,
			);
			path = Model;
			sourceTree = "<group>";
		};
		AD646FAB2460F75B00979AFC /* Pact */ = {
			isa = PBXGroup;
			children = (
				ADEDDF242547E81300A45AD2 /* EncodingError.swift */,
				ADD0315E2512193500C6099B /* ExampleGeneratorExpressible.swift */,
				AD641A412434588200785CE1 /* Interaction.swift */,
				AD8DF43A243EEF390062CB1A /* MatchingRuleExpressible.swift */,
				AD641A342434345500785CE1 /* Metadata.swift */,
				AD641A3924344D9500785CE1 /* Pact.swift */,
				ADB7C1682433280100A16CDE /* PactHTTPMethod.swift */,
				AD641A3B24344ED400785CE1 /* Pacticipant.swift */,
				AD8DF436243EA4580062CB1A /* PactInteractionElement.swift */,
				ADEDDEF62547B6B700A45AD2 /* PactPathParameter.swift */,
				ADE2937E2435DB14008AFBC9 /* ProviderState.swift */,
				ADB7C1602433269B00A16CDE /* Request.swift */,
				ADB7C16A2433283400A16CDE /* Response.swift */,
			);
			name = Pact;
			sourceTree = "<group>";
		};
		AD646FC72460F7ED00979AFC /* Services */ = {
			isa = PBXGroup;
			children = (
				AD103617244693A6002C97CA /* MockServiceTests.swift */,
				AD78FB47264FD21900765BD3 /* PactContractTests.swift */,
			);
			path = Services;
			sourceTree = "<group>";
		};
		AD7891B8244150FF0014BCC8 /* Matchers */ = {
			isa = PBXGroup;
			children = (
				AD7891C324415E9F0014BCC8 /* DecimalLikeTests.swift */,
				AD7891BB244156FC0014BCC8 /* EachLikeTests.swift */,
				ADE9B3C9250A435B00274672 /* EqualToTests.swift */,
				ADC3AA3C247CBB550034446E /* IncludesLikeTests.swift */,
				AD7891BF24415C710014BCC8 /* IntegerLikeTests.swift */,
				ADA40181253033C400265DF3 /* MatchNullTests.swift */,
				ADEDDF082547CFC200A45AD2 /* ObjCMatcherTests.swift */,
				ADC3727326982D88000DA90B /* OneOfTests.swift */,
				ADD3C27124416A3E002E73B9 /* RegexLikeTests.swift */,
				AD7891B92441512E0014BCC8 /* SomethingLikeTests.swift */,
			);
			path = Matchers;
			sourceTree = "<group>";
		};
		AD8817F4242C715A00BF510D = {
			isa = PBXGroup;
			children = (
				ADF2E582267462090029507D /* Package.swift */,
				ADD6993D242C861600C5C2C2 /* .swiftlint.yml */,
				ADCB2562242C83E20048BD18 /* Configurations */,
				ADC6FAE024302BA800026714 /* Documentation */,
				AD8817FF242C715A00BF510D /* Products */,
				AD8A32D6242CCF5600283080 /* Scripts */,
				ADCB2560242C83670048BD18 /* Sources */,
				ADCB2561242C83710048BD18 /* Tests */,
				AD1AE4BA26BBC956001E09E2 /* Frameworks */,
			);
			sourceTree = "<group>";
		};
		AD8817FF242C715A00BF510D /* Products */ = {
			isa = PBXGroup;
			children = (
				AD8817FE242C715A00BF510D /* PactSwift.framework */,
				AD881807242C715B00BF510D /* PactSwiftTests_iOS.xctest */,
				AD8FC7B72463A06F00361854 /* PactSwift.framework */,
				AD8FC7BF2463A06F00361854 /* PactSwiftTests_macOS.xctest */,
			);
			name = Products;
			sourceTree = "<group>";
		};
		ADB7C11B2432D41100A16CDE /* Extensions */ = {
			isa = PBXGroup;
			children = (
				AD641A322434331300785CE1 /* Bundle+PactSwift.swift */,
				ADA17E40251377A4004F1A82 /* Date+PactSwift.swift */,
				ADB7C11C2432D41E00A16CDE /* Dictionary+PactSwift.swift */,
				ADC372B3269877AF000DA90B /* Sequence+PactSwift.swift */,
				ADEDDEFC2547B6FA00A45AD2 /* String+PactSwift.swift */,
				ADD03174251235A800C6099B /* UUID+PactSwift.swift */,
			);
			path = Extensions;
			sourceTree = "<group>";
		};
		ADB7C167243327E300A16CDE /* Model */ = {
			isa = PBXGroup;
			children = (
				AD8DF42B243BF9430062CB1A /* AnyEncodable.swift */,
				ADEDDF232547E7B500A45AD2 /* Errors */,
				AD646FAB2460F75B00979AFC /* Pact */,
				AD879B9C258242AC00F85B0B /* PactSwiftVersion.swift */,
				ADEFD133253EEF230081A1B1 /* Toolbox.swift */,
				ADF17CBC26B50796008E7ECD /* TransferProtocol.swift */,
				ADF17CBF26B50B66008E7ECD /* Constants.swift */,
			);
			path = Model;
			sourceTree = "<group>";
		};
		ADCB2560242C83670048BD18 /* Sources */ = {
			isa = PBXGroup;
			children = (
				ADD031622512199500C6099B /* ExampleGenerators */,
				ADB7C11B2432D41100A16CDE /* Extensions */,
				ADCB2563242C844B0048BD18 /* Headers */,
				AD01C9392432A31F00B75C9D /* Matchers */,
				AD10361324468AB3002C97CA /* MockService.swift */,
				ADB7C167243327E300A16CDE /* Model */,
				AD8DF434243C53750062CB1A /* PactBuilder.swift */,
				ADF17CB926B5019B008E7ECD /* PFMockService.swift */,
			);
			path = Sources;
			sourceTree = "<group>";
			usesTabs = 1;
		};
		ADCB2561242C83710048BD18 /* Tests */ = {
			isa = PBXGroup;
			children = (
				ADD031692512218500C6099B /* ExampleGenerators */,
				AD7891B8244150FF0014BCC8 /* Matchers */,
				AD641A362434354C00785CE1 /* Model */,
				AD646FC72460F7ED00979AFC /* Services */,
				ADDE46FD244D0FBA00E4F7EE /* TestHelpers */,
			);
			path = Tests;
			sourceTree = "<group>";
			usesTabs = 1;
		};
		ADCB2562242C83E20048BD18 /* Configurations */ = {
			isa = PBXGroup;
			children = (
				AD88180E242C715B00BF510D /* Info-iOS-Tests.plist */,
				AD881802242C715A00BF510D /* Info-iOS.plist */,
				AD8FC7C62463A06F00361854 /* Info-macOS-Tests.plist */,
				AD8FC7BA2463A06F00361854 /* Info-macOS.plist */,
				AD2CB262242CC0A000D991F0 /* Project-Debug.xcconfig */,
				AD2CB263242CC0B900D991F0 /* Project-Release.xcconfig */,
				AD4FC5DD242CC2B20039342D /* Project-Shared.xcconfig */,
				AD2CB264242CC10600D991F0 /* Target-iOS-Debug.xcconfig */,
				AD2CB265242CC10E00D991F0 /* Target-iOS-Release.xcconfig */,
				AD4FC5DE242CC2C30039342D /* Target-iOS-Shared.xcconfig */,
				AD2CB266242CC11700D991F0 /* Target-iOS-Tests-Debug.xcconfig */,
				AD2CB267242CC12300D991F0 /* Target-iOS-Tests-Release.xcconfig */,
				AD4FC5DF242CC2CB0039342D /* Target-iOS-Tests-Shared.xcconfig */,
				AD8FC7D32463ADA700361854 /* Target-macOS-Debug.xcconfig */,
				AD8FC7D42463ADB000361854 /* Target-macOS-Release.xcconfig */,
				AD8FC7D22463AD9800361854 /* Target-macOS-Shared.xcconfig */,
				AD8FC7D62463ADCF00361854 /* Target-macOS-Tests-Debug.xcconfig */,
				AD8FC7D72463ADDB00361854 /* Target-macOS-Tests-Release.xcconfig */,
				AD8FC7D52463ADC300361854 /* Target-macOS-Tests-Shared.xcconfig */,
			);
			path = Configurations;
			sourceTree = "<group>";
		};
		ADCB2563242C844B0048BD18 /* Headers */ = {
			isa = PBXGroup;
			children = (
				AD881801242C715A00BF510D /* PactSwift.h */,
			);
			path = Headers;
			sourceTree = "<group>";
		};
		ADD031622512199500C6099B /* ExampleGenerators */ = {
			isa = PBXGroup;
			children = (
				ADD03163251219B700C6099B /* ExampleGenerator.swift */,
				ADD03166251220FD00C6099B /* RandomBool.swift */,
				AD8546F025135F4200211E28 /* RandomDate.swift */,
				ADA17E3A25137716004F1A82 /* RandomDateTime.swift */,
				ADA17E5125138908004F1A82 /* RandomDecimal.swift */,
				AD4B97092513A04800C37560 /* RandomHexadecimal.swift */,
				ADD031772512425800C6099B /* RandomInt.swift */,
				AD4B970F2513A3DB00C37560 /* RandomString.swift */,
				ADA17E4B251383EB004F1A82 /* RandomTime.swift */,
				ADD0316E25122E4B00C6099B /* RandomUUID.swift */,
			);
			path = ExampleGenerators;
			sourceTree = "<group>";
		};
		ADD031692512218500C6099B /* ExampleGenerators */ = {
			isa = PBXGroup;
			children = (
				ADEDDF112547D95700A45AD2 /* ObjCExampleGeneratorTests.swift */,
				ADD0316B251221A300C6099B /* RandomBooleanTests.swift */,
				AD8546F32513601800211E28 /* RandomDateTests.swift */,
				ADA17E3D2513772B004F1A82 /* RandomDateTimeTests.swift */,
				AD4B970425138F7600C37560 /* RandomDecimalTests.swift */,
				AD4B970C2513A0C300C37560 /* RandomHexadecimalTests.swift */,
				ADD0317A2512439500C6099B /* RandomIntTests.swift */,
				AD4B97122513A64700C37560 /* RandomStringTests.swift */,
				ADA17E4E2513848A004F1A82 /* RandomTimeTests.swift */,
				ADD0317125122EA400C6099B /* RandomUUIDTests.swift */,
			);
			path = ExampleGenerators;
			sourceTree = "<group>";
		};
		ADDE46FD244D0FBA00E4F7EE /* TestHelpers */ = {
			isa = PBXGroup;
			children = (
				ADA17E482513808B004F1A82 /* DateHelper.swift */,
				ADDE4700244D0FD600E4F7EE /* ErrorCapture.swift */,
			);
			path = TestHelpers;
			sourceTree = "<group>";
		};
		ADEDDF232547E7B500A45AD2 /* Errors */ = {
			isa = PBXGroup;
			children = (
				ADDE4703244D101700E4F7EE /* ErrorReportable.swift */,
				ADDE4705244D11DE00E4F7EE /* ErrorReporter.swift */,
			);
			name = Errors;
			sourceTree = "<group>";
		};
/* End PBXGroup section */

/* Begin PBXHeadersBuildPhase section */
		AD8817F9242C715A00BF510D /* Headers */ = {
			isa = PBXHeadersBuildPhase;
			buildActionMask = 2147483647;
			files = (
				AD88180F242C715B00BF510D /* PactSwift.h in Headers */,
			);
			runOnlyForDeploymentPostprocessing = 0;
		};
		AD8FC7B22463A06F00361854 /* Headers */ = {
			isa = PBXHeadersBuildPhase;
			buildActionMask = 2147483647;
			files = (
				AD8FC7F02463BBA900361854 /* PactSwift.h in Headers */,
			);
			runOnlyForDeploymentPostprocessing = 0;
		};
/* End PBXHeadersBuildPhase section */

/* Begin PBXNativeTarget section */
		AD8817FD242C715A00BF510D /* PactSwift_iOS */ = {
			isa = PBXNativeTarget;
			buildConfigurationList = AD881812242C715B00BF510D /* Build configuration list for PBXNativeTarget "PactSwift_iOS" */;
			buildPhases = (
				AD8817F9242C715A00BF510D /* Headers */,
				ADC3C4CC242CCCEB00D3FDCE /* Lint Project */,
				ADC3C4CD242CCCF300D3FDCE /* Lint Target */,
				ADD69940242C87E900C5C2C2 /* SwiftLint */,
				AD8817FA242C715A00BF510D /* Sources */,
				AD8817FB242C715A00BF510D /* Frameworks */,
				AD8817FC242C715A00BF510D /* Resources */,
			);
			buildRules = (
			);
			dependencies = (
			);
			name = PactSwift_iOS;
			packageProductDependencies = (
				AD1571CF264D21FA00E1F72A /* PactSwiftMockServer */,
				AD1AE4BB26BBC956001E09E2 /* PactSwiftToolbox */,
			);
			productName = PACTSwift;
			productReference = AD8817FE242C715A00BF510D /* PactSwift.framework */;
			productType = "com.apple.product-type.framework";
		};
		AD881806242C715B00BF510D /* PactSwiftTests_iOS */ = {
			isa = PBXNativeTarget;
			buildConfigurationList = AD881815242C715B00BF510D /* Build configuration list for PBXNativeTarget "PactSwiftTests_iOS" */;
			buildPhases = (
				ADC3C4CE242CCD0100D3FDCE /* Lint Target */,
				AD881803242C715B00BF510D /* Sources */,
				AD881804242C715B00BF510D /* Frameworks */,
				AD881805242C715B00BF510D /* Resources */,
			);
			buildRules = (
			);
			dependencies = (
				AD88180A242C715B00BF510D /* PBXTargetDependency */,
			);
			name = PactSwiftTests_iOS;
			productName = PACTSwiftTests;
			productReference = AD881807242C715B00BF510D /* PactSwiftTests_iOS.xctest */;
			productType = "com.apple.product-type.bundle.unit-test";
		};
		AD8FC7B62463A06F00361854 /* PactSwift_macOS */ = {
			isa = PBXNativeTarget;
			buildConfigurationList = AD8FC7CC2463A06F00361854 /* Build configuration list for PBXNativeTarget "PactSwift_macOS" */;
			buildPhases = (
				AD8FC7B22463A06F00361854 /* Headers */,
				AD8FC7D02463A09900361854 /* Lint Project */,
				AD8FC7CF2463A08900361854 /* Lint Target */,
				AD8FC7D12463A0A100361854 /* SwiftLint */,
				AD8FC7B32463A06F00361854 /* Sources */,
				AD8FC7B42463A06F00361854 /* Frameworks */,
				AD8FC7B52463A06F00361854 /* Resources */,
			);
			buildRules = (
			);
			dependencies = (
			);
			name = PactSwift_macOS;
			packageProductDependencies = (
				AD15979F2648D79A007CFAA5 /* PactSwiftToolbox */,
				AD1571D1264D220100E1F72A /* PactSwiftMockServer */,
			);
			productName = PactSwift_macOS;
			productReference = AD8FC7B72463A06F00361854 /* PactSwift.framework */;
			productType = "com.apple.product-type.framework";
		};
		AD8FC7BE2463A06F00361854 /* PactSwiftTests_macOS */ = {
			isa = PBXNativeTarget;
			buildConfigurationList = AD8FC7CD2463A06F00361854 /* Build configuration list for PBXNativeTarget "PactSwiftTests_macOS" */;
			buildPhases = (
				AD8FC7BB2463A06F00361854 /* Sources */,
				AD8FC7BC2463A06F00361854 /* Frameworks */,
				AD8FC7BD2463A06F00361854 /* Resources */,
			);
			buildRules = (
			);
			dependencies = (
				AD8FC7C22463A06F00361854 /* PBXTargetDependency */,
			);
			name = PactSwiftTests_macOS;
			productName = PactSwift_macOSTests;
			productReference = AD8FC7BF2463A06F00361854 /* PactSwiftTests_macOS.xctest */;
			productType = "com.apple.product-type.bundle.unit-test";
		};
/* End PBXNativeTarget section */

/* Begin PBXProject section */
		AD8817F5242C715A00BF510D /* Project object */ = {
			isa = PBXProject;
			attributes = {
				LastSwiftUpdateCheck = 1240;
				LastUpgradeCheck = 1200;
				ORGANIZATIONNAME = "PACT Foundation";
				TargetAttributes = {
					AD8817FD242C715A00BF510D = {
						CreatedOnToolsVersion = 11.4;
						LastSwiftMigration = 1130;
					};
					AD881806242C715B00BF510D = {
						CreatedOnToolsVersion = 11.4;
					};
					AD8FC7B62463A06F00361854 = {
						CreatedOnToolsVersion = 11.5;
					};
					AD8FC7BE2463A06F00361854 = {
						CreatedOnToolsVersion = 11.5;
					};
				};
			};
			buildConfigurationList = AD8817F8242C715A00BF510D /* Build configuration list for PBXProject "PactSwift" */;
			compatibilityVersion = "Xcode 9.3";
			developmentRegion = en;
			hasScannedForEncodings = 0;
			knownRegions = (
				en,
				Base,
			);
			mainGroup = AD8817F4242C715A00BF510D;
			packageReferences = (
				AD15979C2648D792007CFAA5 /* XCRemoteSwiftPackageReference "PactSwiftToolbox" */,
				AD1571CE264D21FA00E1F72A /* XCRemoteSwiftPackageReference "PactSwiftMockServer" */,
			);
			productRefGroup = AD8817FF242C715A00BF510D /* Products */;
			projectDirPath = "";
			projectRoot = "";
			targets = (
				AD8817FD242C715A00BF510D /* PactSwift_iOS */,
				AD881806242C715B00BF510D /* PactSwiftTests_iOS */,
				AD8FC7B62463A06F00361854 /* PactSwift_macOS */,
				AD8FC7BE2463A06F00361854 /* PactSwiftTests_macOS */,
			);
		};
/* End PBXProject section */

/* Begin PBXResourcesBuildPhase section */
		AD8817FC242C715A00BF510D /* Resources */ = {
			isa = PBXResourcesBuildPhase;
			buildActionMask = 2147483647;
			files = (
			);
			runOnlyForDeploymentPostprocessing = 0;
		};
		AD881805242C715B00BF510D /* Resources */ = {
			isa = PBXResourcesBuildPhase;
			buildActionMask = 2147483647;
			files = (
			);
			runOnlyForDeploymentPostprocessing = 0;
		};
		AD8FC7B52463A06F00361854 /* Resources */ = {
			isa = PBXResourcesBuildPhase;
			buildActionMask = 2147483647;
			files = (
			);
			runOnlyForDeploymentPostprocessing = 0;
		};
		AD8FC7BD2463A06F00361854 /* Resources */ = {
			isa = PBXResourcesBuildPhase;
			buildActionMask = 2147483647;
			files = (
			);
			runOnlyForDeploymentPostprocessing = 0;
		};
/* End PBXResourcesBuildPhase section */

/* Begin PBXShellScriptBuildPhase section */
		AD8FC7CF2463A08900361854 /* Lint Target */ = {
			isa = PBXShellScriptBuildPhase;
			buildActionMask = 2147483647;
			files = (
			);
			inputFileListPaths = (
			);
			inputPaths = (
			);
			name = "Lint Target";
			outputFileListPaths = (
			);
			outputPaths = (
			);
			runOnlyForDeploymentPostprocessing = 0;
			shellPath = /bin/sh;
			shellScript = "\"${PROJECT_DIR}\"/Scripts/BuildPhases/lint-target\n";
		};
		AD8FC7D02463A09900361854 /* Lint Project */ = {
			isa = PBXShellScriptBuildPhase;
			buildActionMask = 2147483647;
			files = (
			);
			inputFileListPaths = (
			);
			inputPaths = (
			);
			name = "Lint Project";
			outputFileListPaths = (
			);
			outputPaths = (
			);
			runOnlyForDeploymentPostprocessing = 0;
			shellPath = /bin/sh;
			shellScript = "\"${PROJECT_DIR}\"/Scripts/BuildPhases/lint-project\n";
		};
		AD8FC7D12463A0A100361854 /* SwiftLint */ = {
			isa = PBXShellScriptBuildPhase;
			buildActionMask = 2147483647;
			files = (
			);
			inputFileListPaths = (
				"$(SRCROOT)/PactSwift.xcfilelist",
			);
			inputPaths = (
			);
			name = SwiftLint;
			outputFileListPaths = (
			);
			outputPaths = (
				"$(DERIVED_FILE_DIR)/swiftlint.txt",
			);
			runOnlyForDeploymentPostprocessing = 0;
			shellPath = /bin/sh;
			shellScript = "# Run SwiftLint before even attempting to compile\n\"${PROJECT_DIR}\"/Scripts/build_file_list_and_swiftlint PactSwift ./.swiftlint.yml\n";
		};
		ADC3C4CC242CCCEB00D3FDCE /* Lint Project */ = {
			isa = PBXShellScriptBuildPhase;
			buildActionMask = 2147483647;
			files = (
			);
			inputFileListPaths = (
			);
			inputPaths = (
			);
			name = "Lint Project";
			outputFileListPaths = (
			);
			outputPaths = (
			);
			runOnlyForDeploymentPostprocessing = 0;
			shellPath = /bin/sh;
			shellScript = "\"${PROJECT_DIR}\"/Scripts/BuildPhases/lint-project\n";
		};
		ADC3C4CD242CCCF300D3FDCE /* Lint Target */ = {
			isa = PBXShellScriptBuildPhase;
			buildActionMask = 2147483647;
			files = (
			);
			inputFileListPaths = (
			);
			inputPaths = (
			);
			name = "Lint Target";
			outputFileListPaths = (
			);
			outputPaths = (
			);
			runOnlyForDeploymentPostprocessing = 0;
			shellPath = /bin/sh;
			shellScript = "\"${PROJECT_DIR}\"/Scripts/BuildPhases/lint-target\n";
		};
		ADC3C4CE242CCD0100D3FDCE /* Lint Target */ = {
			isa = PBXShellScriptBuildPhase;
			buildActionMask = 2147483647;
			files = (
			);
			inputFileListPaths = (
			);
			inputPaths = (
			);
			name = "Lint Target";
			outputFileListPaths = (
			);
			outputPaths = (
			);
			runOnlyForDeploymentPostprocessing = 0;
			shellPath = /bin/sh;
			shellScript = "\"${PROJECT_DIR}\"/Scripts/BuildPhases/lint-target\n";
		};
		ADD69940242C87E900C5C2C2 /* SwiftLint */ = {
			isa = PBXShellScriptBuildPhase;
			buildActionMask = 2147483647;
			files = (
			);
			inputFileListPaths = (
				"$(SRCROOT)/PactSwift.xcfilelist",
			);
			inputPaths = (
			);
			name = SwiftLint;
			outputFileListPaths = (
			);
			outputPaths = (
				"$(DERIVED_FILE_DIR)/swiftlint.txt",
			);
			runOnlyForDeploymentPostprocessing = 0;
			shellPath = /bin/sh;
			shellScript = "# Run SwiftLint before even attempting to compile\n\"${PROJECT_DIR}\"/Scripts/build_file_list_and_swiftlint PactSwift ./.swiftlint.yml\n";
		};
/* End PBXShellScriptBuildPhase section */

/* Begin PBXSourcesBuildPhase section */
		AD8817FA242C715A00BF510D /* Sources */ = {
			isa = PBXSourcesBuildPhase;
			buildActionMask = 2147483647;
			files = (
				AD641A3C24344ED400785CE1 /* Pacticipant.swift in Sources */,
				ADA17E41251377A4004F1A82 /* Date+PactSwift.swift in Sources */,
				AD879B9D258242AC00F85B0B /* PactSwiftVersion.swift in Sources */,
				AD8DF43B243EEF390062CB1A /* MatchingRuleExpressible.swift in Sources */,
				ADB7C16B2433283400A16CDE /* Response.swift in Sources */,
				ADF17CBA26B5019B008E7ECD /* PFMockService.swift in Sources */,
				AD8DF42C243BF9430062CB1A /* AnyEncodable.swift in Sources */,
				AD641A352434345500785CE1 /* Metadata.swift in Sources */,
				ADEDDEFD2547B6FA00A45AD2 /* String+PactSwift.swift in Sources */,
				ADEDDF252547E81300A45AD2 /* EncodingError.swift in Sources */,
				ADD3C27024416891002E73B9 /* RegexLike.swift in Sources */,
				ADC372B4269877AF000DA90B /* Sequence+PactSwift.swift in Sources */,
				AD7891BE24415C100014BCC8 /* IntegerLike.swift in Sources */,
				ADD03164251219B700C6099B /* ExampleGenerator.swift in Sources */,
				ADE2937F2435DB14008AFBC9 /* ProviderState.swift in Sources */,
				AD641A332434331300785CE1 /* Bundle+PactSwift.swift in Sources */,
				ADB7C1612433269B00A16CDE /* Request.swift in Sources */,
				AD8DF43F244055980062CB1A /* EachLike.swift in Sources */,
				ADDE4706244D11DE00E4F7EE /* ErrorReporter.swift in Sources */,
				ADA17E3B25137716004F1A82 /* RandomDateTime.swift in Sources */,
				ADE9B3C7250A3C4700274672 /* Matcher.swift in Sources */,
				ADD031782512425800C6099B /* RandomInt.swift in Sources */,
				ADD3C27624416DAE002E73B9 /* IncludesLike.swift in Sources */,
				ADD0316F25122E4B00C6099B /* RandomUUID.swift in Sources */,
				AD4B970A2513A04800C37560 /* RandomHexadecimal.swift in Sources */,
				AD7891C224415E3E0014BCC8 /* DecimalLike.swift in Sources */,
				AD641A422434588200785CE1 /* Interaction.swift in Sources */,
				ADEFD134253EEF230081A1B1 /* Toolbox.swift in Sources */,
				AD641A3A24344D9500785CE1 /* Pact.swift in Sources */,
				ADA40177253028A100265DF3 /* MatchNull.swift in Sources */,
				AD10361424468AB3002C97CA /* MockService.swift in Sources */,
				ADA17E5225138908004F1A82 /* RandomDecimal.swift in Sources */,
				ADD03167251220FD00C6099B /* RandomBool.swift in Sources */,
				ADD0315F2512193500C6099B /* ExampleGeneratorExpressible.swift in Sources */,
				AD4B97102513A3DB00C37560 /* RandomString.swift in Sources */,
				AD8DF439243EEBDB0062CB1A /* SomethingLike.swift in Sources */,
				ADD3C27424416CDF002E73B9 /* EqualTo.swift in Sources */,
				ADDE4704244D101700E4F7EE /* ErrorReportable.swift in Sources */,
				ADB7C1692433280100A16CDE /* PactHTTPMethod.swift in Sources */,
				ADB7C11D2432D41F00A16CDE /* Dictionary+PactSwift.swift in Sources */,
				ADF17CBD26B50796008E7ECD /* TransferProtocol.swift in Sources */,
				ADEDDEF72547B6B700A45AD2 /* PactPathParameter.swift in Sources */,
				AD8DF437243EA4580062CB1A /* PactInteractionElement.swift in Sources */,
				ADBC60DC2513639700BBE666 /* RandomDate.swift in Sources */,
				ADC37269269825AA000DA90B /* OneOf.swift in Sources */,
				AD8DF435243C53750062CB1A /* PactBuilder.swift in Sources */,
				ADF17CC026B50B66008E7ECD /* Constants.swift in Sources */,
				ADD03175251235A800C6099B /* UUID+PactSwift.swift in Sources */,
				ADA17E4C251383EB004F1A82 /* RandomTime.swift in Sources */,
			);
			runOnlyForDeploymentPostprocessing = 0;
		};
		AD881803242C715B00BF510D /* Sources */ = {
			isa = PBXSourcesBuildPhase;
			buildActionMask = 2147483647;
			files = (
				AD103618244693A6002C97CA /* MockServiceTests.swift in Sources */,
				AD7891C024415C710014BCC8 /* IntegerLikeTests.swift in Sources */,
				AD7891B724414D500014BCC8 /* PactBuilderTests.swift in Sources */,
				ADC3AA37247C8C4B0034446E /* InteractionTests.swift in Sources */,
				ADD3C27224416A3E002E73B9 /* RegexLikeTests.swift in Sources */,
				ADD0317B2512439500C6099B /* RandomIntTests.swift in Sources */,
				ADEDDF092547CFC200A45AD2 /* ObjCMatcherTests.swift in Sources */,
				ADEDDF1B2547DF3200A45AD2 /* ToolboxTests.swift in Sources */,
				AD7891BA2441512E0014BCC8 /* SomethingLikeTests.swift in Sources */,
				ADA17E4F2513848A004F1A82 /* RandomTimeTests.swift in Sources */,
				AD4B970825138FCF00C37560 /* RandomDecimalTests.swift in Sources */,
				ADC3AA3D247CBB550034446E /* IncludesLikeTests.swift in Sources */,
				ADEDDF122547D95700A45AD2 /* ObjCExampleGeneratorTests.swift in Sources */,
				AD7891BC244156FC0014BCC8 /* EachLikeTests.swift in Sources */,
				ADA17E492513808B004F1A82 /* DateHelper.swift in Sources */,
				AD8546F42513601800211E28 /* RandomDateTests.swift in Sources */,
				AD641A3E24344FA100785CE1 /* PacticipantTests.swift in Sources */,
				AD78FB48264FD21900765BD3 /* PactContractTests.swift in Sources */,
				ADDE4702244D0FDE00E4F7EE /* ErrorCapture.swift in Sources */,
				AD4B970D2513A0C300C37560 /* RandomHexadecimalTests.swift in Sources */,
				ADD0316C251221A300C6099B /* RandomBooleanTests.swift in Sources */,
				AD641A402434518500785CE1 /* PactTests.swift in Sources */,
				ADA40182253033C400265DF3 /* MatchNullTests.swift in Sources */,
				AD641A382434355C00785CE1 /* MetadataTests.swift in Sources */,
				ADD0317225122EA400C6099B /* RandomUUIDTests.swift in Sources */,
				ADA17E3E2513772B004F1A82 /* RandomDateTimeTests.swift in Sources */,
				ADC3728226982E1E000DA90B /* OneOfTests.swift in Sources */,
				AD7891C424415E9F0014BCC8 /* DecimalLikeTests.swift in Sources */,
				AD4B97132513A64700C37560 /* RandomStringTests.swift in Sources */,
				AD8DF433243C437F0062CB1A /* AnyEncodableTests.swift in Sources */,
				ADE9B3CA250A435B00274672 /* EqualToTests.swift in Sources */,
			);
			runOnlyForDeploymentPostprocessing = 0;
		};
		AD8FC7B32463A06F00361854 /* Sources */ = {
			isa = PBXSourcesBuildPhase;
			buildActionMask = 2147483647;
			files = (
				AD8FC7E42463BB9F00361854 /* Interaction.swift in Sources */,
				ADA17E42251377A4004F1A82 /* Date+PactSwift.swift in Sources */,
				AD879B9E258242AC00F85B0B /* PactSwiftVersion.swift in Sources */,
				AD8FC7E32463BB9F00361854 /* ErrorReporter.swift in Sources */,
				AD8FC7E92463BB9F00361854 /* Pacticipant.swift in Sources */,
				ADF17CBB26B5019B008E7ECD /* PFMockService.swift in Sources */,
				AD8FC7E12463BB9F00361854 /* AnyEncodable.swift in Sources */,
				AD8FC7F52463BBB800361854 /* IncludesLike.swift in Sources */,
				ADEDDEFE2547B6FA00A45AD2 /* String+PactSwift.swift in Sources */,
				ADEDDF262547E81300A45AD2 /* EncodingError.swift in Sources */,
				AD8FC7E22463BB9F00361854 /* ErrorReportable.swift in Sources */,
				ADC372B5269877AF000DA90B /* Sequence+PactSwift.swift in Sources */,
				AD8FC7FA2463BBB800361854 /* MockService.swift in Sources */,
				AD8FC7F62463BBB800361854 /* IntegerLike.swift in Sources */,
				ADD03165251219B700C6099B /* ExampleGenerator.swift in Sources */,
				AD8FC7E62463BB9F00361854 /* Pact.swift in Sources */,
				AD8FC7F42463BBB800361854 /* EqualTo.swift in Sources */,
				AD8FC7EF2463BBA400361854 /* Dictionary+PactSwift.swift in Sources */,
				AD8FC7EA2463BB9F00361854 /* PactInteractionElement.swift in Sources */,
				ADA17E3C25137716004F1A82 /* RandomDateTime.swift in Sources */,
				ADE9B3C8250A3C4700274672 /* Matcher.swift in Sources */,
				ADD031792512425800C6099B /* RandomInt.swift in Sources */,
				AD8FC7E82463BB9F00361854 /* PactHTTPMethod.swift in Sources */,
				AD8FC7F72463BBB800361854 /* MatchingRuleExpressible.swift in Sources */,
				ADD0317025122E4B00C6099B /* RandomUUID.swift in Sources */,
				AD4B970B2513A04800C37560 /* RandomHexadecimal.swift in Sources */,
				AD8FC7E52463BB9F00361854 /* Metadata.swift in Sources */,
				ADEFD135253EEF230081A1B1 /* Toolbox.swift in Sources */,
				ADA40178253028A100265DF3 /* MatchNull.swift in Sources */,
				AD8FC7F82463BBB800361854 /* RegexLike.swift in Sources */,
				AD8FC7F32463BBB800361854 /* EachLike.swift in Sources */,
				ADA17E5325138908004F1A82 /* RandomDecimal.swift in Sources */,
				ADD03168251220FD00C6099B /* RandomBool.swift in Sources */,
				ADD031602512193500C6099B /* ExampleGeneratorExpressible.swift in Sources */,
				AD4B97112513A3DB00C37560 /* RandomString.swift in Sources */,
				AD8FC7ED2463BB9F00361854 /* Response.swift in Sources */,
				AD8FC7F22463BBB800361854 /* DecimalLike.swift in Sources */,
				AD8FC7EB2463BB9F00361854 /* ProviderState.swift in Sources */,
				AD8FC7EC2463BB9F00361854 /* Request.swift in Sources */,
				AD8FC7EE2463BBA400361854 /* Bundle+PactSwift.swift in Sources */,
				ADF17CBE26B50796008E7ECD /* TransferProtocol.swift in Sources */,
				ADEDDEF82547B6B700A45AD2 /* PactPathParameter.swift in Sources */,
				AD8FC7E72463BB9F00361854 /* PactBuilder.swift in Sources */,
				AD8FC7F92463BBB800361854 /* SomethingLike.swift in Sources */,
				ADC3726A269825AA000DA90B /* OneOf.swift in Sources */,
				ADBC60DD2513639800BBE666 /* RandomDate.swift in Sources */,
				ADF17CC126B50B66008E7ECD /* Constants.swift in Sources */,
				ADD03176251235A800C6099B /* UUID+PactSwift.swift in Sources */,
				ADA17E4D251383EB004F1A82 /* RandomTime.swift in Sources */,
			);
			runOnlyForDeploymentPostprocessing = 0;
		};
		AD8FC7BB2463A06F00361854 /* Sources */ = {
			isa = PBXSourcesBuildPhase;
			buildActionMask = 2147483647;
			files = (
				AD8FC8032463BBD000361854 /* DecimalLikeTests.swift in Sources */,
				AD8FC7FE2463BBD000361854 /* AnyEncodableTests.swift in Sources */,
				AD8FC8062463BBD000361854 /* RegexLikeTests.swift in Sources */,
				ADC3AA38247C8C4B0034446E /* InteractionTests.swift in Sources */,
				AD8FC8052463BBD000361854 /* IntegerLikeTests.swift in Sources */,
				ADD0317C2512439500C6099B /* RandomIntTests.swift in Sources */,
				ADEDDF0A2547CFC200A45AD2 /* ObjCMatcherTests.swift in Sources */,
				ADEDDF1C2547DF3200A45AD2 /* ToolboxTests.swift in Sources */,
				AD8FC80A2463BBD100361854 /* ErrorCapture.swift in Sources */,
				ADA17E502513848A004F1A82 /* RandomTimeTests.swift in Sources */,
				AD4B970725138FCE00C37560 /* RandomDecimalTests.swift in Sources */,
				ADC3AA3E247CBB550034446E /* IncludesLikeTests.swift in Sources */,
				ADEDDF132547D95700A45AD2 /* ObjCExampleGeneratorTests.swift in Sources */,
				AD8FC7FF2463BBD000361854 /* MetadataTests.swift in Sources */,
				ADA17E4A2513808B004F1A82 /* DateHelper.swift in Sources */,
				AD8546F52513601800211E28 /* RandomDateTests.swift in Sources */,
				AD8FC8022463BBD000361854 /* PactTests.swift in Sources */,
				AD78FB49264FD21900765BD3 /* PactContractTests.swift in Sources */,
				AD8FC8082463BBD100361854 /* MockServiceTests.swift in Sources */,
				AD4B970E2513A0C300C37560 /* RandomHexadecimalTests.swift in Sources */,
				ADD0316D251221A300C6099B /* RandomBooleanTests.swift in Sources */,
				AD8FC8072463BBD000361854 /* SomethingLikeTests.swift in Sources */,
				ADA40183253033C400265DF3 /* MatchNullTests.swift in Sources */,
				AD8FC8002463BBD000361854 /* PactBuilderTests.swift in Sources */,
				ADD0317325122EA400C6099B /* RandomUUIDTests.swift in Sources */,
				ADA17E3F2513772B004F1A82 /* RandomDateTimeTests.swift in Sources */,
				ADC3728726982E1F000DA90B /* OneOfTests.swift in Sources */,
				AD8FC8012463BBD000361854 /* PacticipantTests.swift in Sources */,
				AD4B97142513A64700C37560 /* RandomStringTests.swift in Sources */,
				AD8FC8042463BBD000361854 /* EachLikeTests.swift in Sources */,
				ADE9B3CB250A435B00274672 /* EqualToTests.swift in Sources */,
			);
			runOnlyForDeploymentPostprocessing = 0;
		};
/* End PBXSourcesBuildPhase section */

/* Begin PBXTargetDependency section */
		AD88180A242C715B00BF510D /* PBXTargetDependency */ = {
			isa = PBXTargetDependency;
			target = AD8817FD242C715A00BF510D /* PactSwift_iOS */;
			targetProxy = AD881809242C715B00BF510D /* PBXContainerItemProxy */;
		};
		AD8FC7C22463A06F00361854 /* PBXTargetDependency */ = {
			isa = PBXTargetDependency;
			target = AD8FC7B62463A06F00361854 /* PactSwift_macOS */;
			targetProxy = AD8FC7C12463A06F00361854 /* PBXContainerItemProxy */;
		};
/* End PBXTargetDependency section */

/* Begin XCBuildConfiguration section */
		AD881810242C715B00BF510D /* Debug */ = {
			isa = XCBuildConfiguration;
			baseConfigurationReference = AD2CB262242CC0A000D991F0 /* Project-Debug.xcconfig */;
			buildSettings = {
			};
			name = Debug;
		};
		AD881811242C715B00BF510D /* Release */ = {
			isa = XCBuildConfiguration;
			baseConfigurationReference = AD2CB263242CC0B900D991F0 /* Project-Release.xcconfig */;
			buildSettings = {
			};
			name = Release;
		};
		AD881813242C715B00BF510D /* Debug */ = {
			isa = XCBuildConfiguration;
			baseConfigurationReference = AD2CB264242CC10600D991F0 /* Target-iOS-Debug.xcconfig */;
			buildSettings = {
			};
			name = Debug;
		};
		AD881814242C715B00BF510D /* Release */ = {
			isa = XCBuildConfiguration;
			baseConfigurationReference = AD2CB265242CC10E00D991F0 /* Target-iOS-Release.xcconfig */;
			buildSettings = {
			};
			name = Release;
		};
		AD881816242C715B00BF510D /* Debug */ = {
			isa = XCBuildConfiguration;
			baseConfigurationReference = AD2CB266242CC11700D991F0 /* Target-iOS-Tests-Debug.xcconfig */;
			buildSettings = {
			};
			name = Debug;
		};
		AD881817242C715B00BF510D /* Release */ = {
			isa = XCBuildConfiguration;
			baseConfigurationReference = AD2CB267242CC12300D991F0 /* Target-iOS-Tests-Release.xcconfig */;
			buildSettings = {
			};
			name = Release;
		};
		AD8FC7C82463A06F00361854 /* Debug */ = {
			isa = XCBuildConfiguration;
			baseConfigurationReference = AD8FC7D32463ADA700361854 /* Target-macOS-Debug.xcconfig */;
			buildSettings = {
			};
			name = Debug;
		};
		AD8FC7C92463A06F00361854 /* Release */ = {
			isa = XCBuildConfiguration;
			baseConfigurationReference = AD8FC7D42463ADB000361854 /* Target-macOS-Release.xcconfig */;
			buildSettings = {
			};
			name = Release;
		};
		AD8FC7CA2463A06F00361854 /* Debug */ = {
			isa = XCBuildConfiguration;
			baseConfigurationReference = AD8FC7D62463ADCF00361854 /* Target-macOS-Tests-Debug.xcconfig */;
			buildSettings = {
			};
			name = Debug;
		};
		AD8FC7CB2463A06F00361854 /* Release */ = {
			isa = XCBuildConfiguration;
			baseConfigurationReference = AD8FC7D72463ADDB00361854 /* Target-macOS-Tests-Release.xcconfig */;
			buildSettings = {
			};
			name = Release;
		};
/* End XCBuildConfiguration section */

/* Begin XCConfigurationList section */
		AD8817F8242C715A00BF510D /* Build configuration list for PBXProject "PactSwift" */ = {
			isa = XCConfigurationList;
			buildConfigurations = (
				AD881810242C715B00BF510D /* Debug */,
				AD881811242C715B00BF510D /* Release */,
			);
			defaultConfigurationIsVisible = 0;
			defaultConfigurationName = Release;
		};
		AD881812242C715B00BF510D /* Build configuration list for PBXNativeTarget "PactSwift_iOS" */ = {
			isa = XCConfigurationList;
			buildConfigurations = (
				AD881813242C715B00BF510D /* Debug */,
				AD881814242C715B00BF510D /* Release */,
			);
			defaultConfigurationIsVisible = 0;
			defaultConfigurationName = Release;
		};
		AD881815242C715B00BF510D /* Build configuration list for PBXNativeTarget "PactSwiftTests_iOS" */ = {
			isa = XCConfigurationList;
			buildConfigurations = (
				AD881816242C715B00BF510D /* Debug */,
				AD881817242C715B00BF510D /* Release */,
			);
			defaultConfigurationIsVisible = 0;
			defaultConfigurationName = Release;
		};
		AD8FC7CC2463A06F00361854 /* Build configuration list for PBXNativeTarget "PactSwift_macOS" */ = {
			isa = XCConfigurationList;
			buildConfigurations = (
				AD8FC7C82463A06F00361854 /* Debug */,
				AD8FC7C92463A06F00361854 /* Release */,
			);
			defaultConfigurationIsVisible = 0;
			defaultConfigurationName = Release;
		};
		AD8FC7CD2463A06F00361854 /* Build configuration list for PBXNativeTarget "PactSwiftTests_macOS" */ = {
			isa = XCConfigurationList;
			buildConfigurations = (
				AD8FC7CA2463A06F00361854 /* Debug */,
				AD8FC7CB2463A06F00361854 /* Release */,
			);
			defaultConfigurationIsVisible = 0;
			defaultConfigurationName = Release;
		};
/* End XCConfigurationList section */

/* Begin XCRemoteSwiftPackageReference section */
		AD1571CE264D21FA00E1F72A /* XCRemoteSwiftPackageReference "PactSwiftMockServer" */ = {
			isa = XCRemoteSwiftPackageReference;
			repositoryURL = "https://github.com/surpher/PactSwiftMockServer";
			requirement = {
				branch = "fix/random-ports";
				kind = branch;
			};
		};
		AD15979C2648D792007CFAA5 /* XCRemoteSwiftPackageReference "PactSwiftToolbox" */ = {
			isa = XCRemoteSwiftPackageReference;
			repositoryURL = "https://github.com/surpher/PactSwiftToolbox";
			requirement = {
				kind = upToNextMajorVersion;
				minimumVersion = 0.2.0;
			};
		};
/* End XCRemoteSwiftPackageReference section */

/* Begin XCSwiftPackageProductDependency section */
		AD1571CF264D21FA00E1F72A /* PactSwiftMockServer */ = {
			isa = XCSwiftPackageProductDependency;
			package = AD1571CE264D21FA00E1F72A /* XCRemoteSwiftPackageReference "PactSwiftMockServer" */;
			productName = PactSwiftMockServer;
		};
		AD1571D1264D220100E1F72A /* PactSwiftMockServer */ = {
			isa = XCSwiftPackageProductDependency;
			package = AD1571CE264D21FA00E1F72A /* XCRemoteSwiftPackageReference "PactSwiftMockServer" */;
			productName = PactSwiftMockServer;
		};
		AD15979F2648D79A007CFAA5 /* PactSwiftToolbox */ = {
			isa = XCSwiftPackageProductDependency;
			package = AD15979C2648D792007CFAA5 /* XCRemoteSwiftPackageReference "PactSwiftToolbox" */;
			productName = PactSwiftToolbox;
		};
		AD1AE4BB26BBC956001E09E2 /* PactSwiftToolbox */ = {
			isa = XCSwiftPackageProductDependency;
			package = AD15979C2648D792007CFAA5 /* XCRemoteSwiftPackageReference "PactSwiftToolbox" */;
			productName = PactSwiftToolbox;
		};
/* End XCSwiftPackageProductDependency section */
	};
	rootObject = AD8817F5242C715A00BF510D /* Project object */;
}
